{
  "version": 4,
  "terraform_version": "1.16.0",
  "serial": 141,
  "lineage": "f174b43d-bccb-ba69-906e-12704104f755",
  "outputs": {
    "artifact_registry_repository": {
      "value": "cdc-demo-docker",
      "type": "string"
    },
    "artifact_registry_url": {
      "value": "europe-west1-docker.pkg.dev/kafka-2-bq-streaming-demo/cdc-demo-docker",
      "type": "string"
    },
    "bigquery_datasets": {
      "value": {
        "bronze": "bronze",
        "gold": "gold",
        "silver": "silver"
      },
      "type": [
        "object",
        {
          "bronze": "string",
          "gold": "string",
          "silver": "string"
        }
      ]
    },
    "cloudrun_sink_service_name": {
      "value": "cdc-demo-connect-sink",
      "type": "string"
    },
    "cloudrun_sink_service_url": {
      "value": "",
      "type": "string"
    },
    "cloudrun_source_service_name": {
      "value": "cdc-demo-connect-source",
      "type": "string"
    },
    "cloudrun_source_service_url": {
      "value": "",
      "type": "string"
    },
    "cloudsql_admin_password": {
      "value": "F8DQWoN2FKYhIeJBBTpaumAc",
      "type": "string",
      "sensitive": true
    },
    "cloudsql_admin_user": {
      "value": "admin",
      "type": "string"
    },
    "cloudsql_connection_name": {
      "value": "kafka-2-bq-streaming-demo:europe-west1:cdc-demo-pg-5767f555",
      "type": "string"
    },
    "cloudsql_database_name": {
      "value": "chinook",
      "type": "string"
    },
    "cloudsql_instance_name": {
      "value": "cdc-demo-pg-5767f555",
      "type": "string"
    },
    "cloudsql_private_ip": {
      "value": "10.232.128.3",
      "type": "string"
    },
    "cloudsql_repl_password": {
      "value": "YMRytsgz8i1NZurKpw75HJaD",
      "type": "string",
      "sensitive": true
    },
    "iceberg_bucket": {
      "value": "kafka-2-bq-streaming-demo-iceberg-gold",
      "type": "string"
    },
    "iceberg_connection": {
      "value": "projects/853941188720/locations/europe-west1/connections/iceberg-gold-connection",
      "type": "string"
    },
    "kafka_bootstrap_server": {
      "value": "bootstrap.cdc-demo-kafka.europe-west1.managedkafka.kafka-2-bq-streaming-demo.cloud.goog:9092",
      "type": "string"
    },
    "kafka_cluster_id": {
      "value": "cdc-demo-kafka",
      "type": "string"
    },
    "kafka_connect_sa_email": {
      "value": "cdc-demo-kafka-connect@kafka-2-bq-streaming-demo.iam.gserviceaccount.com",
      "type": "string"
    },
    "kafka_connect_sa_member": {
      "value": "serviceAccount:cdc-demo-kafka-connect@kafka-2-bq-streaming-demo.iam.gserviceaccount.com",
      "type": "string"
    },
    "kafka_topic_names": {
      "value": [
        "chinook.public.album",
        "chinook.public.artist",
        "chinook.public.customer",
        "chinook.public.employee",
        "chinook.public.genre",
        "chinook.public.invoice",
        "chinook.public.invoice_line",
        "chinook.public.media_type",
        "chinook.public.playlist",
        "chinook.public.playlist_track",
        "chinook.public.track"
      ],
      "type": [
        "tuple",
        [
          "string",
          "string",
          "string",
          "string",
          "string",
          "string",
          "string",
          "string",
          "string",
          "string",
          "string"
        ]
      ]
    },
    "subnet_name": {
      "value": "cdc-demo-subnet-europe-west1",
      "type": "string"
    },
    "subnet_self_link": {
      "value": "https://www.googleapis.com/compute/v1/projects/kafka-2-bq-streaming-demo/regions/europe-west1/subnetworks/cdc-demo-subnet-europe-west1",
      "type": "string"
    },
    "vpc_connector_id": {
      "value": "projects/kafka-2-bq-streaming-demo/locations/europe-west1/connectors/cdc-demo-vpc-connector",
      "type": "string"
    },
    "vpc_connector_name": {
      "value": "cdc-demo-vpc-connector",
      "type": "string"
    },
    "vpc_id": {
      "value": "projects/kafka-2-bq-streaming-demo/global/networks/cdc-demo-vpc",
      "type": "string"
    },
    "vpc_name": {
      "value": "cdc-demo-vpc",
      "type": "string"
    }
  },
  "resources": [
    {
      "mode": "managed",
      "type": "google_artifact_registry_repository",
      "name": "docker",
      "provider": "provider[\"registry.terraform.io/hashicorp/google\"]",
      "instances": [
        {
          "schema_version": 0,
          "attributes": {
            "cleanup_policies": [],
            "cleanup_policy_dry_run": false,
            "create_time": "2026-08-27T11:36:06.835493Z",
            "deletion_policy": "DELETE",
            "description": "Docker repository for CDC pipeline container images",
            "docker_config": [],
            "effective_labels": {
              "env": "demo",
              "goog-terraform-provisioned": "true",
              "managed_by": "terraform",
              "project": "cdc-pipeline-demo"
            },
            "format": "DOCKER",
            "id": "projects/kafka-2-bq-streaming-demo/locations/europe-west1/repositories/cdc-demo-docker",
            "kms_key_name": "",
            "labels": {
              "env": "demo",
              "managed_by": "terraform",
              "project": "cdc-pipeline-demo"
            },
            "location": "europe-west1",
            "maven_config": [],
            "mode": "STANDARD_REPOSITORY",
            "name": "cdc-demo-docker",
            "project": "kafka-2-bq-streaming-demo",
            "registry_uri": "europe-west1-docker.pkg.dev/kafka-2-bq-streaming-demo/cdc-demo-docker",
            "remote_repository_config": [],
            "repository_id": "cdc-demo-docker",
            "terraform_labels": {
              "env": "demo",
              "goog-terraform-provisioned": "true",
              "managed_by": "terraform",
              "project": "cdc-pipeline-demo"
            },
            "timeouts": null,
            "update_time": "2026-08-27T11:36:06.835493Z",
            "virtual_repository_config": [],
            "vulnerability_scanning_config": [
              {
                "enablement_config": "",
                "enablement_state": "SCANNING_DISABLED",
                "enablement_state_reason": "API containerscanning.googleapis.com is not enabled."
              }
            ]
          },
          "sensitive_attributes": [],
          "identity_schema_version": 1,
          "identity": {
            "location": "europe-west1",
            "project": "kafka-2-bq-streaming-demo",
            "repository_id": "cdc-demo-docker"
          },
          "private": "eyJlMmJmYjczMC1lY2FhLTExZTYtOGY4OC0zNDM2M2JjN2M0YzAiOnsiY3JlYXRlIjoxMjAwMDAwMDAwMDAwLCJkZWxldGUiOjEyMDAwMDAwMDAwMDAsInVwZGF0ZSI6MTIwMDAwMDAwMDAwMH19",
          "dependencies": [
            "google_project_service.apis"
          ]
        }
      ]
    },
    {
      "mode": "managed",
      "type": "google_bigquery_connection",
      "name": "iceberg",
      "provider": "provider[\"registry.terraform.io/hashicorp/google\"]",
      "instances": [
        {
          "schema_version": 0,
          "attributes": {
            "aws": [],
            "azure": [],
            "cloud_resource": [
              {
                "service_account_id": "bqcx-853941188720-y0cp@gcp-sa-bigquery-condel.iam.gserviceaccount.com"
              }
            ],
            "cloud_spanner": [],
            "cloud_sql": [],
            "configuration": [],
            "connection_id": "iceberg-gold-connection",
            "deletion_policy": "DELETE",
            "description": "Connection for Gold layer Managed Iceberg tables",
            "friendly_name": "",
            "has_credential": false,
            "id": "projects/kafka-2-bq-streaming-demo/locations/europe-west1/connections/iceberg-gold-connection",
            "kms_key_name": "",
            "location": "europe-west1",
            "name": "projects/853941188720/locations/europe-west1/connections/iceberg-gold-connection",
            "project": "kafka-2-bq-streaming-demo",
            "spark": [],
            "timeouts": null
          },
          "sensitive_attributes": [],
          "identity_schema_version": 1,
          "identity": {
            "connection_id": "iceberg-gold-connection",
            "location": "europe-west1",
            "project": "kafka-2-bq-streaming-demo"
          },
          "private": "eyJlMmJmYjczMC1lY2FhLTExZTYtOGY4OC0zNDM2M2JjN2M0YzAiOnsiY3JlYXRlIjoxMjAwMDAwMDAwMDAwLCJkZWxldGUiOjEyMDAwMDAwMDAwMDAsInVwZGF0ZSI6MTIwMDAwMDAwMDAwMH19",
          "dependencies": [
            "google_project_service.apis"
          ]
        }
      ]
    },
    {
      "mode": "managed",
      "type": "google_bigquery_dataset",
      "name": "bronze",
      "provider": "provider[\"registry.terraform.io/hashicorp/google\"]",
      "instances": [
        {
          "schema_version": 0,
          "attributes": {
            "access": [
              {
                "condition": [],
                "dataset": [],
                "domain": "",
                "group_by_email": "",
                "iam_member": "",
                "role": "OWNER",
                "routine": [],
                "special_group": "",
                "user_by_email": "admin@saschadittmann.altostrat.com",
                "view": []
              },
              {
                "condition": [],
                "dataset": [],
                "domain": "",
                "group_by_email": "",
                "iam_member": "",
                "role": "OWNER",
                "routine": [],
                "special_group": "projectOwners",
                "user_by_email": "",
                "view": []
              },
              {
                "condition": [],
                "dataset": [],
                "domain": "",
                "group_by_email": "",
                "iam_member": "",
                "role": "READER",
                "routine": [],
                "special_group": "projectReaders",
                "user_by_email": "",
                "view": []
              },
              {
                "condition": [],
                "dataset": [],
                "domain": "",
                "group_by_email": "",
                "iam_member": "",
                "role": "WRITER",
                "routine": [],
                "special_group": "projectWriters",
                "user_by_email": "",
                "view": []
              }
            ],
            "creation_time": 1124156795,
            "dataset_id": "bronze",
            "default_collation": "",
            "default_encryption_configuration": [],
            "default_partition_expiration_ms": 0,
            "default_table_expiration_ms": 0,
            "delete_contents_on_destroy": true,
            "deletion_policy": "DELETE",
            "description": "Raw CDC events from Kafka (Debezium envelope format)",
            "effective_labels": {
              "env": "demo",
              "goog-terraform-provisioned": "true",
              "managed_by": "terraform",
              "project": "cdc-pipeline-demo"
            },
            "etag": "vkX3OJdII3HB0zV9qvN4aw==",
            "external_catalog_dataset_options": [],
            "external_dataset_reference": [],
            "friendly_name": "",
            "id": "projects/kafka-2-bq-streaming-demo/datasets/bronze",
            "is_case_insensitive": false,
            "labels": {
              "env": "demo",
              "managed_by": "terraform",
              "project": "cdc-pipeline-demo"
            },
            "last_modified_time": 1124156795,
            "location": "europe-west1",
            "max_time_travel_hours": "168",
            "project": "kafka-2-bq-streaming-demo",
            "resource_tags": {},
            "self_link": "https://bigquery.googleapis.com/bigquery/v2/projects/kafka-2-bq-streaming-demo/datasets/bronze",
            "storage_billing_model": "",
            "terraform_labels": {
              "env": "demo",
              "goog-terraform-provisioned": "true",
              "managed_by": "terraform",
              "project": "cdc-pipeline-demo"
            },
            "timeouts": null
          },
          "sensitive_attributes": [],
          "identity_schema_version": 1,
          "identity": {
            "dataset_id": "bronze",
            "project": "kafka-2-bq-streaming-demo"
          },
          "private": "eyJlMmJmYjczMC1lY2FhLTExZTYtOGY4OC0zNDM2M2JjN2M0YzAiOnsiY3JlYXRlIjoxMjAwMDAwMDAwMDAwLCJkZWxldGUiOjEyMDAwMDAwMDAwMDAsInVwZGF0ZSI6MTIwMDAwMDAwMDAwMH19",
          "dependencies": [
            "google_project_service.apis"
          ]
        }
      ]
    },
    {
      "mode": "managed",
      "type": "google_bigquery_dataset",
      "name": "gold",
      "provider": "provider[\"registry.terraform.io/hashicorp/google\"]",
      "instances": [
        {
          "schema_version": 0,
          "attributes": {
            "access": [
              {
                "condition": [],
                "dataset": [],
                "domain": "",
                "group_by_email": "",
                "iam_member": "",
                "role": "OWNER",
                "routine": [],
                "special_group": "",
                "user_by_email": "admin@saschadittmann.altostrat.com",
                "view": []
              },
              {
                "condition": [],
                "dataset": [],
                "domain": "",
                "group_by_email": "",
                "iam_member": "",
                "role": "OWNER",
                "routine": [],
                "special_group": "projectOwners",
                "user_by_email": "",
                "view": []
              },
              {
                "condition": [],
                "dataset": [],
                "domain": "",
                "group_by_email": "",
                "iam_member": "",
                "role": "READER",
                "routine": [],
                "special_group": "projectReaders",
                "user_by_email": "",
                "view": []
              },
              {
                "condition": [],
                "dataset": [],
                "domain": "",
                "group_by_email": "",
                "iam_member": "",
                "role": "WRITER",
                "routine": [],
                "special_group": "projectWriters",
                "user_by_email": "",
                "view": []
              }
            ],
            "creation_time": 1124156792,
            "dataset_id": "gold",
            "default_collation": "",
            "default_encryption_configuration": [],
            "default_partition_expiration_ms": 0,
            "default_table_expiration_ms": 0,
            "delete_contents_on_destroy": true,
            "deletion_policy": "DELETE",
            "description": "Star schema: SCD Type 2 dimensions and fact tables",
            "effective_labels": {
              "env": "demo",
              "goog-terraform-provisioned": "true",
              "managed_by": "terraform",
              "project": "cdc-pipeline-demo"
            },
            "etag": "pEfNJVKOhLTMFhT/M6rWuQ==",
            "external_catalog_dataset_options": [],
            "external_dataset_reference": [],
            "friendly_name": "",
            "id": "projects/kafka-2-bq-streaming-demo/datasets/gold",
            "is_case_insensitive": false,
            "labels": {
              "env": "demo",
              "managed_by": "terraform",
              "project": "cdc-pipeline-demo"
            },
            "last_modified_time": 1124156792,
            "location": "europe-west1",
            "max_time_travel_hours": "168",
            "project": "kafka-2-bq-streaming-demo",
            "resource_tags": {},
            "self_link": "https://bigquery.googleapis.com/bigquery/v2/projects/kafka-2-bq-streaming-demo/datasets/gold",
            "storage_billing_model": "",
            "terraform_labels": {
              "env": "demo",
              "goog-terraform-provisioned": "true",
              "managed_by": "terraform",
              "project": "cdc-pipeline-demo"
            },
            "timeouts": null
          },
          "sensitive_attributes": [],
          "identity_schema_version": 1,
          "identity": {
            "dataset_id": "gold",
            "project": "kafka-2-bq-streaming-demo"
          },
          "private": "eyJlMmJmYjczMC1lY2FhLTExZTYtOGY4OC0zNDM2M2JjN2M0YzAiOnsiY3JlYXRlIjoxMjAwMDAwMDAwMDAwLCJkZWxldGUiOjEyMDAwMDAwMDAwMDAsInVwZGF0ZSI6MTIwMDAwMDAwMDAwMH19",
          "dependencies": [
            "google_project_service.apis"
          ]
        }
      ]
    },
    {
      "mode": "managed",
      "type": "google_bigquery_dataset",
      "name": "silver",
      "provider": "provider[\"registry.terraform.io/hashicorp/google\"]",
      "instances": [
        {
          "schema_version": 0,
          "attributes": {
            "access": [
              {
                "condition": [],
                "dataset": [],
                "domain": "",
                "group_by_email": "",
                "iam_member": "",
                "role": "OWNER",
                "routine": [],
                "special_group": "",
                "user_by_email": "admin@saschadittmann.altostrat.com",
                "view": []
              },
              {
                "condition": [],
                "dataset": [],
                "domain": "",
                "group_by_email": "",
                "iam_member": "",
                "role": "OWNER",
                "routine": [],
                "special_group": "projectOwners",
                "user_by_email": "",
                "view": []
              },
              {
                "condition": [],
                "dataset": [],
                "domain": "",
                "group_by_email": "",
                "iam_member": "",
                "role": "READER",
                "routine": [],
                "special_group": "projectReaders",
                "user_by_email": "",
                "view": []
              },
              {
                "condition": [],
                "dataset": [],
                "domain": "",
                "group_by_email": "",
                "iam_member": "",
                "role": "WRITER",
                "routine": [],
                "special_group": "projectWriters",
                "user_by_email": "",
                "view": []
              }
            ],
            "creation_time": 1124156790,
            "dataset_id": "silver",
            "default_collation": "",
            "default_encryption_configuration": [],
            "default_partition_expiration_ms": 0,
            "default_table_expiration_ms": 0,
            "delete_contents_on_destroy": true,
            "deletion_policy": "DELETE",
            "description": "Current-state entity tables with soft-delete handling",
            "effective_labels": {
              "env": "demo",
              "goog-terraform-provisioned": "true",
              "managed_by": "terraform",
              "project": "cdc-pipeline-demo"
            },
            "etag": "ict8bkUqZFzAyM948ruIuw==",
            "external_catalog_dataset_options": [],
            "external_dataset_reference": [],
            "friendly_name": "",
            "id": "projects/kafka-2-bq-streaming-demo/datasets/silver",
            "is_case_insensitive": false,
            "labels": {
              "env": "demo",
              "managed_by": "terraform",
              "project": "cdc-pipeline-demo"
            },
            "last_modified_time": 1124156790,
            "location": "europe-west1",
            "max_time_travel_hours": "168",
            "project": "kafka-2-bq-streaming-demo",
            "resource_tags": {},
            "self_link": "https://bigquery.googleapis.com/bigquery/v2/projects/kafka-2-bq-streaming-demo/datasets/silver",
            "storage_billing_model": "",
            "terraform_labels": {
              "env": "demo",
              "goog-terraform-provisioned": "true",
              "managed_by": "terraform",
              "project": "cdc-pipeline-demo"
            },
            "timeouts": null
          },
          "sensitive_attributes": [],
          "identity_schema_version": 1,
          "identity": {
            "dataset_id": "silver",
            "project": "kafka-2-bq-streaming-demo"
          },
          "private": "eyJlMmJmYjczMC1lY2FhLTExZTYtOGY4OC0zNDM2M2JjN2M0YzAiOnsiY3JlYXRlIjoxMjAwMDAwMDAwMDAwLCJkZWxldGUiOjEyMDAwMDAwMDAwMDAsInVwZGF0ZSI6MTIwMDAwMDAwMDAwMH19",
          "dependencies": [
            "google_project_service.apis"
          ]
        }
      ]
    },
    {
      "mode": "managed",
      "type": "google_bigquery_table",
      "name": "bronze",
      "provider": "provider[\"registry.terraform.io/hashicorp/google\"]",
      "instances": [
        {
          "index_key": "album",
          "schema_version": 0,
          "attributes": {
            "biglake_configuration": [],
            "clustering": null,
            "creation_time": 1124159549,
            "dataset_id": "bronze",
            "deletion_policy": "DELETE",
            "deletion_protection": false,
            "description": "Raw CDC events for album table",
            "effective_labels": {
              "env": "demo",
              "goog-terraform-provisioned": "true",
              "managed_by": "terraform",
              "project": "cdc-pipeline-demo"
            },
            "encryption_configuration": [],
            "etag": "4AealxRA1aS8SXDx7+mDsg==",
            "expiration_time": null,
            "external_catalog_table_options": [],
            "external_data_configuration": [],
            "friendly_name": "",
            "generated_schema_columns": "",
            "id": "projects/kafka-2-bq-streaming-demo/datasets/bronze/tables/album_raw",
            "ignore_auto_generated_schema": false,
            "ignore_schema_changes": null,
            "labels": {
              "env": "demo",
              "managed_by": "terraform",
              "project": "cdc-pipeline-demo"
            },
            "last_modified_time": 1124159670,
            "location": "europe-west1",
            "materialized_view": [],
            "max_staleness": "",
            "num_bytes": null,
            "num_long_term_bytes": null,
            "num_rows": null,
            "project": "kafka-2-bq-streaming-demo",
            "range_partitioning": [],
            "require_partition_filter": null,
            "resource_tags": {},
            "schema": "[{\"description\":\"Row state before the change (JSON)\",\"mode\":\"NULLABLE\",\"name\":\"before\",\"type\":\"STRING\"},{\"description\":\"Row state after the change (JSON)\",\"mode\":\"NULLABLE\",\"name\":\"after\",\"type\":\"STRING\"},{\"description\":\"Operation: c=create, u=update, d=delete, r=read(snapshot)\",\"mode\":\"NULLABLE\",\"name\":\"op\",\"type\":\"STRING\"},{\"description\":\"Debezium event timestamp in milliseconds\",\"mode\":\"NULLABLE\",\"name\":\"ts_ms\",\"type\":\"INTEGER\"},{\"description\":\"Source metadata (JSON): database, schema, table, LSN\",\"mode\":\"NULLABLE\",\"name\":\"source\",\"type\":\"STRING\"},{\"description\":\"Timestamp when the record was loaded into BigQuery\",\"mode\":\"NULLABLE\",\"name\":\"_loaded_at\",\"type\":\"TIMESTAMP\"}]",
            "schema_foreign_type_info": [],
            "self_link": "https://bigquery.googleapis.com/bigquery/v2/projects/kafka-2-bq-streaming-demo/datasets/bronze/tables/album_raw",
            "table_constraints": [],
            "table_id": "album_raw",
            "table_metadata_view": null,
            "table_replication_info": [],
            "terraform_labels": {
              "env": "demo",
              "goog-terraform-provisioned": "true",
              "managed_by": "terraform",
              "project": "cdc-pipeline-demo"
            },
            "time_partitioning": [],
            "type": "TABLE",
            "view": []
          },
          "sensitive_attributes": [],
          "identity_schema_version": 1,
          "identity": {
            "dataset_id": "bronze",
            "project": "kafka-2-bq-streaming-demo",
            "table_id": "album_raw"
          },
          "private": "bnVsbA==",
          "dependencies": [
            "google_bigquery_dataset.bronze",
            "google_project_service.apis"
          ]
        },
        {
          "index_key": "artist",
          "schema_version": 0,
          "attributes": {
            "biglake_configuration": [],
            "clustering": null,
            "creation_time": 1124159556,
            "dataset_id": "bronze",
            "deletion_policy": "DELETE",
            "deletion_protection": false,
            "description": "Raw CDC events for artist table",
            "effective_labels": {
              "env": "demo",
              "goog-terraform-provisioned": "true",
              "managed_by": "terraform",
              "project": "cdc-pipeline-demo"
            },
            "encryption_configuration": [],
            "etag": "qmRC4mBf2Prc9e69fyx5Gw==",
            "expiration_time": null,
            "external_catalog_table_options": [],
            "external_data_configuration": [],
            "friendly_name": "",
            "generated_schema_columns": "",
            "id": "projects/kafka-2-bq-streaming-demo/datasets/bronze/tables/artist_raw",
            "ignore_auto_generated_schema": false,
            "ignore_schema_changes": null,
            "labels": {
              "env": "demo",
              "managed_by": "terraform",
              "project": "cdc-pipeline-demo"
            },
            "last_modified_time": 1124159700,
            "location": "europe-west1",
            "materialized_view": [],
            "max_staleness": "",
            "num_bytes": null,
            "num_long_term_bytes": null,
            "num_rows": null,
            "project": "kafka-2-bq-streaming-demo",
            "range_partitioning": [],
            "require_partition_filter": null,
            "resource_tags": {},
            "schema": "[{\"description\":\"Row state before the change (JSON)\",\"mode\":\"NULLABLE\",\"name\":\"before\",\"type\":\"STRING\"},{\"description\":\"Row state after the change (JSON)\",\"mode\":\"NULLABLE\",\"name\":\"after\",\"type\":\"STRING\"},{\"description\":\"Operation: c=create, u=update, d=delete, r=read(snapshot)\",\"mode\":\"NULLABLE\",\"name\":\"op\",\"type\":\"STRING\"},{\"description\":\"Debezium event timestamp in milliseconds\",\"mode\":\"NULLABLE\",\"name\":\"ts_ms\",\"type\":\"INTEGER\"},{\"description\":\"Source metadata (JSON): database, schema, table, LSN\",\"mode\":\"NULLABLE\",\"name\":\"source\",\"type\":\"STRING\"},{\"description\":\"Timestamp when the record was loaded into BigQuery\",\"mode\":\"NULLABLE\",\"name\":\"_loaded_at\",\"type\":\"TIMESTAMP\"}]",
            "schema_foreign_type_info": [],
            "self_link": "https://bigquery.googleapis.com/bigquery/v2/projects/kafka-2-bq-streaming-demo/datasets/bronze/tables/artist_raw",
            "table_constraints": [],
            "table_id": "artist_raw",
            "table_metadata_view": null,
            "table_replication_info": [],
            "terraform_labels": {
              "env": "demo",
              "goog-terraform-provisioned": "true",
              "managed_by": "terraform",
              "project": "cdc-pipeline-demo"
            },
            "time_partitioning": [],
            "type": "TABLE",
            "view": []
          },
          "sensitive_attributes": [],
          "identity_schema_version": 1,
          "identity": {
            "dataset_id": "bronze",
            "project": "kafka-2-bq-streaming-demo",
            "table_id": "artist_raw"
          },
          "private": "bnVsbA==",
          "dependencies": [
            "google_bigquery_dataset.bronze",
            "google_project_service.apis"
          ]
        },
        {
          "index_key": "customer",
          "schema_version": 0,
          "attributes": {
            "biglake_configuration": [],
            "clustering": null,
            "creation_time": 1124159458,
            "dataset_id": "bronze",
            "deletion_policy": "DELETE",
            "deletion_protection": false,
            "description": "Raw CDC events for customer table",
            "effective_labels": {
              "env": "demo",
              "goog-terraform-provisioned": "true",
              "managed_by": "terraform",
              "project": "cdc-pipeline-demo"
            },
            "encryption_configuration": [],
            "etag": "OnYzgumXSBCVObJeMvXyjw==",
            "expiration_time": null,
            "external_catalog_table_options": [],
            "external_data_configuration": [],
            "friendly_name": "",
            "generated_schema_columns": "",
            "id": "projects/kafka-2-bq-streaming-demo/datasets/bronze/tables/customer_raw",
            "ignore_auto_generated_schema": false,
            "ignore_schema_changes": null,
            "labels": {
              "env": "demo",
              "managed_by": "terraform",
              "project": "cdc-pipeline-demo"
            },
            "last_modified_time": 1124159668,
            "location": "europe-west1",
            "materialized_view": [],
            "max_staleness": "",
            "num_bytes": null,
            "num_long_term_bytes": null,
            "num_rows": null,
            "project": "kafka-2-bq-streaming-demo",
            "range_partitioning": [],
            "require_partition_filter": null,
            "resource_tags": {},
            "schema": "[{\"description\":\"Row state before the change (JSON)\",\"mode\":\"NULLABLE\",\"name\":\"before\",\"type\":\"STRING\"},{\"description\":\"Row state after the change (JSON)\",\"mode\":\"NULLABLE\",\"name\":\"after\",\"type\":\"STRING\"},{\"description\":\"Operation: c=create, u=update, d=delete, r=read(snapshot)\",\"mode\":\"NULLABLE\",\"name\":\"op\",\"type\":\"STRING\"},{\"description\":\"Debezium event timestamp in milliseconds\",\"mode\":\"NULLABLE\",\"name\":\"ts_ms\",\"type\":\"INTEGER\"},{\"description\":\"Source metadata (JSON): database, schema, table, LSN\",\"mode\":\"NULLABLE\",\"name\":\"source\",\"type\":\"STRING\"},{\"description\":\"Timestamp when the record was loaded into BigQuery\",\"mode\":\"NULLABLE\",\"name\":\"_loaded_at\",\"type\":\"TIMESTAMP\"}]",
            "schema_foreign_type_info": [],
            "self_link": "https://bigquery.googleapis.com/bigquery/v2/projects/kafka-2-bq-streaming-demo/datasets/bronze/tables/customer_raw",
            "table_constraints": [],
            "table_id": "customer_raw",
            "table_metadata_view": null,
            "table_replication_info": [],
            "terraform_labels": {
              "env": "demo",
              "goog-terraform-provisioned": "true",
              "managed_by": "terraform",
              "project": "cdc-pipeline-demo"
            },
            "time_partitioning": [],
            "type": "TABLE",
            "view": []
          },
          "sensitive_attributes": [],
          "identity_schema_version": 1,
          "identity": {
            "dataset_id": "bronze",
            "project": "kafka-2-bq-streaming-demo",
            "table_id": "customer_raw"
          },
          "private": "bnVsbA==",
          "dependencies": [
            "google_bigquery_dataset.bronze",
            "google_project_service.apis"
          ]
        },
        {
          "index_key": "employee",
          "schema_version": 0,
          "attributes": {
            "biglake_configuration": [],
            "clustering": null,
            "creation_time": 1124158937,
            "dataset_id": "bronze",
            "deletion_policy": "DELETE",
            "deletion_protection": false,
            "description": "Raw CDC events for employee table",
            "effective_labels": {
              "env": "demo",
              "goog-terraform-provisioned": "true",
              "managed_by": "terraform",
              "project": "cdc-pipeline-demo"
            },
            "encryption_configuration": [],
            "etag": "bRi/Mu5zZKojjcqr83GVAw==",
            "expiration_time": null,
            "external_catalog_table_options": [],
            "external_data_configuration": [],
            "friendly_name": "",
            "generated_schema_columns": "",
            "id": "projects/kafka-2-bq-streaming-demo/datasets/bronze/tables/employee_raw",
            "ignore_auto_generated_schema": false,
            "ignore_schema_changes": null,
            "labels": {
              "env": "demo",
              "managed_by": "terraform",
              "project": "cdc-pipeline-demo"
            },
            "last_modified_time": 1124158984,
            "location": "europe-west1",
            "materialized_view": [],
            "max_staleness": "",
            "num_bytes": null,
            "num_long_term_bytes": null,
            "num_rows": null,
            "project": "kafka-2-bq-streaming-demo",
            "range_partitioning": [],
            "require_partition_filter": null,
            "resource_tags": {},
            "schema": "[{\"description\":\"Row state before the change (JSON)\",\"mode\":\"NULLABLE\",\"name\":\"before\",\"type\":\"STRING\"},{\"description\":\"Row state after the change (JSON)\",\"mode\":\"NULLABLE\",\"name\":\"after\",\"type\":\"STRING\"},{\"description\":\"Operation: c=create, u=update, d=delete, r=read(snapshot)\",\"mode\":\"NULLABLE\",\"name\":\"op\",\"type\":\"STRING\"},{\"description\":\"Debezium event timestamp in milliseconds\",\"mode\":\"NULLABLE\",\"name\":\"ts_ms\",\"type\":\"INTEGER\"},{\"description\":\"Source metadata (JSON): database, schema, table, LSN\",\"mode\":\"NULLABLE\",\"name\":\"source\",\"type\":\"STRING\"},{\"description\":\"Timestamp when the record was loaded into BigQuery\",\"mode\":\"NULLABLE\",\"name\":\"_loaded_at\",\"type\":\"TIMESTAMP\"}]",
            "schema_foreign_type_info": [],
            "self_link": "https://bigquery.googleapis.com/bigquery/v2/projects/kafka-2-bq-streaming-demo/datasets/bronze/tables/employee_raw",
            "table_constraints": [],
            "table_id": "employee_raw",
            "table_metadata_view": null,
            "table_replication_info": [],
            "terraform_labels": {
              "env": "demo",
              "goog-terraform-provisioned": "true",
              "managed_by": "terraform",
              "project": "cdc-pipeline-demo"
            },
            "time_partitioning": [],
            "type": "TABLE",
            "view": []
          },
          "sensitive_attributes": [],
          "identity_schema_version": 1,
          "identity": {
            "dataset_id": "bronze",
            "project": "kafka-2-bq-streaming-demo",
            "table_id": "employee_raw"
          },
          "private": "bnVsbA==",
          "dependencies": [
            "google_bigquery_dataset.bronze",
            "google_project_service.apis"
          ]
        },
        {
          "index_key": "genre",
          "schema_version": 0,
          "attributes": {
            "biglake_configuration": [],
            "clustering": null,
            "creation_time": 1124159112,
            "dataset_id": "bronze",
            "deletion_policy": "DELETE",
            "deletion_protection": false,
            "description": "Raw CDC events for genre table",
            "effective_labels": {
              "env": "demo",
              "goog-terraform-provisioned": "true",
              "managed_by": "terraform",
              "project": "cdc-pipeline-demo"
            },
            "encryption_configuration": [],
            "etag": "kIQiLcW/t5lnv3y0hgGPzg==",
            "expiration_time": null,
            "external_catalog_table_options": [],
            "external_data_configuration": [],
            "friendly_name": "",
            "generated_schema_columns": "",
            "id": "projects/kafka-2-bq-streaming-demo/datasets/bronze/tables/genre_raw",
            "ignore_auto_generated_schema": false,
            "ignore_schema_changes": null,
            "labels": {
              "env": "demo",
              "managed_by": "terraform",
              "project": "cdc-pipeline-demo"
            },
            "last_modified_time": 1124159189,
            "location": "europe-west1",
            "materialized_view": [],
            "max_staleness": "",
            "num_bytes": null,
            "num_long_term_bytes": null,
            "num_rows": null,
            "project": "kafka-2-bq-streaming-demo",
            "range_partitioning": [],
            "require_partition_filter": null,
            "resource_tags": {},
            "schema": "[{\"description\":\"Row state before the change (JSON)\",\"mode\":\"NULLABLE\",\"name\":\"before\",\"type\":\"STRING\"},{\"description\":\"Row state after the change (JSON)\",\"mode\":\"NULLABLE\",\"name\":\"after\",\"type\":\"STRING\"},{\"description\":\"Operation: c=create, u=update, d=delete, r=read(snapshot)\",\"mode\":\"NULLABLE\",\"name\":\"op\",\"type\":\"STRING\"},{\"description\":\"Debezium event timestamp in milliseconds\",\"mode\":\"NULLABLE\",\"name\":\"ts_ms\",\"type\":\"INTEGER\"},{\"description\":\"Source metadata (JSON): database, schema, table, LSN\",\"mode\":\"NULLABLE\",\"name\":\"source\",\"type\":\"STRING\"},{\"description\":\"Timestamp when the record was loaded into BigQuery\",\"mode\":\"NULLABLE\",\"name\":\"_loaded_at\",\"type\":\"TIMESTAMP\"}]",
            "schema_foreign_type_info": [],
            "self_link": "https://bigquery.googleapis.com/bigquery/v2/projects/kafka-2-bq-streaming-demo/datasets/bronze/tables/genre_raw",
            "table_constraints": [],
            "table_id": "genre_raw",
            "table_metadata_view": null,
            "table_replication_info": [],
            "terraform_labels": {
              "env": "demo",
              "goog-terraform-provisioned": "true",
              "managed_by": "terraform",
              "project": "cdc-pipeline-demo"
            },
            "time_partitioning": [],
            "type": "TABLE",
            "view": []
          },
          "sensitive_attributes": [],
          "identity_schema_version": 1,
          "identity": {
            "dataset_id": "bronze",
            "project": "kafka-2-bq-streaming-demo",
            "table_id": "genre_raw"
          },
          "private": "bnVsbA==",
          "dependencies": [
            "google_bigquery_dataset.bronze",
            "google_project_service.apis"
          ]
        },
        {
          "index_key": "invoice",
          "schema_version": 0,
          "attributes": {
            "biglake_configuration": [],
            "clustering": null,
            "creation_time": 1124159553,
            "dataset_id": "bronze",
            "deletion_policy": "DELETE",
            "deletion_protection": false,
            "description": "Raw CDC events for invoice table",
            "effective_labels": {
              "env": "demo",
              "goog-terraform-provisioned": "true",
              "managed_by": "terraform",
              "project": "cdc-pipeline-demo"
            },
            "encryption_configuration": [],
            "etag": "L2RntCD+rXRLvF5q9U7k3Q==",
            "expiration_time": null,
            "external_catalog_table_options": [],
            "external_data_configuration": [],
            "friendly_name": "",
            "generated_schema_columns": "",
            "id": "projects/kafka-2-bq-streaming-demo/datasets/bronze/tables/invoice_raw",
            "ignore_auto_generated_schema": false,
            "ignore_schema_changes": null,
            "labels": {
              "env": "demo",
              "managed_by": "terraform",
              "project": "cdc-pipeline-demo"
            },
            "last_modified_time": 1124159567,
            "location": "europe-west1",
            "materialized_view": [],
            "max_staleness": "",
            "num_bytes": null,
            "num_long_term_bytes": null,
            "num_rows": null,
            "project": "kafka-2-bq-streaming-demo",
            "range_partitioning": [],
            "require_partition_filter": null,
            "resource_tags": {},
            "schema": "[{\"description\":\"Row state before the change (JSON)\",\"mode\":\"NULLABLE\",\"name\":\"before\",\"type\":\"STRING\"},{\"description\":\"Row state after the change (JSON)\",\"mode\":\"NULLABLE\",\"name\":\"after\",\"type\":\"STRING\"},{\"description\":\"Operation: c=create, u=update, d=delete, r=read(snapshot)\",\"mode\":\"NULLABLE\",\"name\":\"op\",\"type\":\"STRING\"},{\"description\":\"Debezium event timestamp in milliseconds\",\"mode\":\"NULLABLE\",\"name\":\"ts_ms\",\"type\":\"INTEGER\"},{\"description\":\"Source metadata (JSON): database, schema, table, LSN\",\"mode\":\"NULLABLE\",\"name\":\"source\",\"type\":\"STRING\"},{\"description\":\"Timestamp when the record was loaded into BigQuery\",\"mode\":\"NULLABLE\",\"name\":\"_loaded_at\",\"type\":\"TIMESTAMP\"}]",
            "schema_foreign_type_info": [],
            "self_link": "https://bigquery.googleapis.com/bigquery/v2/projects/kafka-2-bq-streaming-demo/datasets/bronze/tables/invoice_raw",
            "table_constraints": [],
            "table_id": "invoice_raw",
            "table_metadata_view": null,
            "table_replication_info": [],
            "terraform_labels": {
              "env": "demo",
              "goog-terraform-provisioned": "true",
              "managed_by": "terraform",
              "project": "cdc-pipeline-demo"
            },
            "time_partitioning": [],
            "type": "TABLE",
            "view": []
          },
          "sensitive_attributes": [],
          "identity_schema_version": 1,
          "identity": {
            "dataset_id": "bronze",
            "project": "kafka-2-bq-streaming-demo",
            "table_id": "invoice_raw"
          },
          "private": "bnVsbA==",
          "dependencies": [
            "google_bigquery_dataset.bronze",
            "google_project_service.apis"
          ]
        },
        {
          "index_key": "invoice_line",
          "schema_version": 0,
          "attributes": {
            "biglake_configuration": [],
            "clustering": null,
            "creation_time": 1124159232,
            "dataset_id": "bronze",
            "deletion_policy": "DELETE",
            "deletion_protection": false,
            "description": "Raw CDC events for invoice_line table",
            "effective_labels": {
              "env": "demo",
              "goog-terraform-provisioned": "true",
              "managed_by": "terraform",
              "project": "cdc-pipeline-demo"
            },
            "encryption_configuration": [],
            "etag": "kVZmFG2G6GCWdIFtWP9VaA==",
            "expiration_time": null,
            "external_catalog_table_options": [],
            "external_data_configuration": [],
            "friendly_name": "",
            "generated_schema_columns": "",
            "id": "projects/kafka-2-bq-streaming-demo/datasets/bronze/tables/invoice_line_raw",
            "ignore_auto_generated_schema": false,
            "ignore_schema_changes": null,
            "labels": {
              "env": "demo",
              "managed_by": "terraform",
              "project": "cdc-pipeline-demo"
            },
            "last_modified_time": 1124159245,
            "location": "europe-west1",
            "materialized_view": [],
            "max_staleness": "",
            "num_bytes": null,
            "num_long_term_bytes": null,
            "num_rows": null,
            "project": "kafka-2-bq-streaming-demo",
            "range_partitioning": [],
            "require_partition_filter": null,
            "resource_tags": {},
            "schema": "[{\"description\":\"Row state before the change (JSON)\",\"mode\":\"NULLABLE\",\"name\":\"before\",\"type\":\"STRING\"},{\"description\":\"Row state after the change (JSON)\",\"mode\":\"NULLABLE\",\"name\":\"after\",\"type\":\"STRING\"},{\"description\":\"Operation: c=create, u=update, d=delete, r=read(snapshot)\",\"mode\":\"NULLABLE\",\"name\":\"op\",\"type\":\"STRING\"},{\"description\":\"Debezium event timestamp in milliseconds\",\"mode\":\"NULLABLE\",\"name\":\"ts_ms\",\"type\":\"INTEGER\"},{\"description\":\"Source metadata (JSON): database, schema, table, LSN\",\"mode\":\"NULLABLE\",\"name\":\"source\",\"type\":\"STRING\"},{\"description\":\"Timestamp when the record was loaded into BigQuery\",\"mode\":\"NULLABLE\",\"name\":\"_loaded_at\",\"type\":\"TIMESTAMP\"}]",
            "schema_foreign_type_info": [],
            "self_link": "https://bigquery.googleapis.com/bigquery/v2/projects/kafka-2-bq-streaming-demo/datasets/bronze/tables/invoice_line_raw",
            "table_constraints": [],
            "table_id": "invoice_line_raw",
            "table_metadata_view": null,
            "table_replication_info": [],
            "terraform_labels": {
              "env": "demo",
              "goog-terraform-provisioned": "true",
              "managed_by": "terraform",
              "project": "cdc-pipeline-demo"
            },
            "time_partitioning": [],
            "type": "TABLE",
            "view": []
          },
          "sensitive_attributes": [],
          "identity_schema_version": 1,
          "identity": {
            "dataset_id": "bronze",
            "project": "kafka-2-bq-streaming-demo",
            "table_id": "invoice_line_raw"
          },
          "private": "bnVsbA==",
          "dependencies": [
            "google_bigquery_dataset.bronze",
            "google_project_service.apis"
          ]
        },
        {
          "index_key": "media_type",
          "schema_version": 0,
          "attributes": {
            "biglake_configuration": [],
            "clustering": null,
            "creation_time": 1124159555,
            "dataset_id": "bronze",
            "deletion_policy": "DELETE",
            "deletion_protection": false,
            "description": "Raw CDC events for media_type table",
            "effective_labels": {
              "env": "demo",
              "goog-terraform-provisioned": "true",
              "managed_by": "terraform",
              "project": "cdc-pipeline-demo"
            },
            "encryption_configuration": [],
            "etag": "bW3Vcxw71sWQYVIKvZvDRQ==",
            "expiration_time": null,
            "external_catalog_table_options": [],
            "external_data_configuration": [],
            "friendly_name": "",
            "generated_schema_columns": "",
            "id": "projects/kafka-2-bq-streaming-demo/datasets/bronze/tables/media_type_raw",
            "ignore_auto_generated_schema": false,
            "ignore_schema_changes": null,
            "labels": {
              "env": "demo",
              "managed_by": "terraform",
              "project": "cdc-pipeline-demo"
            },
            "last_modified_time": 1124159683,
            "location": "europe-west1",
            "materialized_view": [],
            "max_staleness": "",
            "num_bytes": null,
            "num_long_term_bytes": null,
            "num_rows": null,
            "project": "kafka-2-bq-streaming-demo",
            "range_partitioning": [],
            "require_partition_filter": null,
            "resource_tags": {},
            "schema": "[{\"description\":\"Row state before the change (JSON)\",\"mode\":\"NULLABLE\",\"name\":\"before\",\"type\":\"STRING\"},{\"description\":\"Row state after the change (JSON)\",\"mode\":\"NULLABLE\",\"name\":\"after\",\"type\":\"STRING\"},{\"description\":\"Operation: c=create, u=update, d=delete, r=read(snapshot)\",\"mode\":\"NULLABLE\",\"name\":\"op\",\"type\":\"STRING\"},{\"description\":\"Debezium event timestamp in milliseconds\",\"mode\":\"NULLABLE\",\"name\":\"ts_ms\",\"type\":\"INTEGER\"},{\"description\":\"Source metadata (JSON): database, schema, table, LSN\",\"mode\":\"NULLABLE\",\"name\":\"source\",\"type\":\"STRING\"},{\"description\":\"Timestamp when the record was loaded into BigQuery\",\"mode\":\"NULLABLE\",\"name\":\"_loaded_at\",\"type\":\"TIMESTAMP\"}]",
            "schema_foreign_type_info": [],
            "self_link": "https://bigquery.googleapis.com/bigquery/v2/projects/kafka-2-bq-streaming-demo/datasets/bronze/tables/media_type_raw",
            "table_constraints": [],
            "table_id": "media_type_raw",
            "table_metadata_view": null,
            "table_replication_info": [],
            "terraform_labels": {
              "env": "demo",
              "goog-terraform-provisioned": "true",
              "managed_by": "terraform",
              "project": "cdc-pipeline-demo"
            },
            "time_partitioning": [],
            "type": "TABLE",
            "view": []
          },
          "sensitive_attributes": [],
          "identity_schema_version": 1,
          "identity": {
            "dataset_id": "bronze",
            "project": "kafka-2-bq-streaming-demo",
            "table_id": "media_type_raw"
          },
          "private": "bnVsbA==",
          "dependencies": [
            "google_bigquery_dataset.bronze",
            "google_project_service.apis"
          ]
        },
        {
          "index_key": "playlist",
          "schema_version": 0,
          "attributes": {
            "biglake_configuration": [],
            "clustering": null,
            "creation_time": 1124159450,
            "dataset_id": "bronze",
            "deletion_policy": "DELETE",
            "deletion_protection": false,
            "description": "Raw CDC events for playlist table",
            "effective_labels": {
              "env": "demo",
              "goog-terraform-provisioned": "true",
              "managed_by": "terraform",
              "project": "cdc-pipeline-demo"
            },
            "encryption_configuration": [],
            "etag": "gP+8+8duJ6Fc2FVsZpe5Hw==",
            "expiration_time": null,
            "external_catalog_table_options": [],
            "external_data_configuration": [],
            "friendly_name": "",
            "generated_schema_columns": "",
            "id": "projects/kafka-2-bq-streaming-demo/datasets/bronze/tables/playlist_raw",
            "ignore_auto_generated_schema": false,
            "ignore_schema_changes": null,
            "labels": {
              "env": "demo",
              "managed_by": "terraform",
              "project": "cdc-pipeline-demo"
            },
            "last_modified_time": 1124159465,
            "location": "europe-west1",
            "materialized_view": [],
            "max_staleness": "",
            "num_bytes": null,
            "num_long_term_bytes": null,
            "num_rows": null,
            "project": "kafka-2-bq-streaming-demo",
            "range_partitioning": [],
            "require_partition_filter": null,
            "resource_tags": {},
            "schema": "[{\"description\":\"Row state before the change (JSON)\",\"mode\":\"NULLABLE\",\"name\":\"before\",\"type\":\"STRING\"},{\"description\":\"Row state after the change (JSON)\",\"mode\":\"NULLABLE\",\"name\":\"after\",\"type\":\"STRING\"},{\"description\":\"Operation: c=create, u=update, d=delete, r=read(snapshot)\",\"mode\":\"NULLABLE\",\"name\":\"op\",\"type\":\"STRING\"},{\"description\":\"Debezium event timestamp in milliseconds\",\"mode\":\"NULLABLE\",\"name\":\"ts_ms\",\"type\":\"INTEGER\"},{\"description\":\"Source metadata (JSON): database, schema, table, LSN\",\"mode\":\"NULLABLE\",\"name\":\"source\",\"type\":\"STRING\"},{\"description\":\"Timestamp when the record was loaded into BigQuery\",\"mode\":\"NULLABLE\",\"name\":\"_loaded_at\",\"type\":\"TIMESTAMP\"}]",
            "schema_foreign_type_info": [],
            "self_link": "https://bigquery.googleapis.com/bigquery/v2/projects/kafka-2-bq-streaming-demo/datasets/bronze/tables/playlist_raw",
            "table_constraints": [],
            "table_id": "playlist_raw",
            "table_metadata_view": null,
            "table_replication_info": [],
            "terraform_labels": {
              "env": "demo",
              "goog-terraform-provisioned": "true",
              "managed_by": "terraform",
              "project": "cdc-pipeline-demo"
            },
            "time_partitioning": [],
            "type": "TABLE",
            "view": []
          },
          "sensitive_attributes": [],
          "identity_schema_version": 1,
          "identity": {
            "dataset_id": "bronze",
            "project": "kafka-2-bq-streaming-demo",
            "table_id": "playlist_raw"
          },
          "private": "bnVsbA==",
          "dependencies": [
            "google_bigquery_dataset.bronze",
            "google_project_service.apis"
          ]
        },
        {
          "index_key": "playlist_track",
          "schema_version": 0,
          "attributes": {
            "biglake_configuration": [],
            "clustering": null,
            "creation_time": 1124158805,
            "dataset_id": "bronze",
            "deletion_policy": "DELETE",
            "deletion_protection": false,
            "description": "Raw CDC events for playlist_track table",
            "effective_labels": {
              "env": "demo",
              "goog-terraform-provisioned": "true",
              "managed_by": "terraform",
              "project": "cdc-pipeline-demo"
            },
            "encryption_configuration": [],
            "etag": "OzJ7Ch8NUxgXDv3v0lzPEw==",
            "expiration_time": null,
            "external_catalog_table_options": [],
            "external_data_configuration": [],
            "friendly_name": "",
            "generated_schema_columns": "",
            "id": "projects/kafka-2-bq-streaming-demo/datasets/bronze/tables/playlist_track_raw",
            "ignore_auto_generated_schema": false,
            "ignore_schema_changes": null,
            "labels": {
              "env": "demo",
              "managed_by": "terraform",
              "project": "cdc-pipeline-demo"
            },
            "last_modified_time": 1124158886,
            "location": "europe-west1",
            "materialized_view": [],
            "max_staleness": "",
            "num_bytes": null,
            "num_long_term_bytes": null,
            "num_rows": null,
            "project": "kafka-2-bq-streaming-demo",
            "range_partitioning": [],
            "require_partition_filter": null,
            "resource_tags": {},
            "schema": "[{\"description\":\"Row state before the change (JSON)\",\"mode\":\"NULLABLE\",\"name\":\"before\",\"type\":\"STRING\"},{\"description\":\"Row state after the change (JSON)\",\"mode\":\"NULLABLE\",\"name\":\"after\",\"type\":\"STRING\"},{\"description\":\"Operation: c=create, u=update, d=delete, r=read(snapshot)\",\"mode\":\"NULLABLE\",\"name\":\"op\",\"type\":\"STRING\"},{\"description\":\"Debezium event timestamp in milliseconds\",\"mode\":\"NULLABLE\",\"name\":\"ts_ms\",\"type\":\"INTEGER\"},{\"description\":\"Source metadata (JSON): database, schema, table, LSN\",\"mode\":\"NULLABLE\",\"name\":\"source\",\"type\":\"STRING\"},{\"description\":\"Timestamp when the record was loaded into BigQuery\",\"mode\":\"NULLABLE\",\"name\":\"_loaded_at\",\"type\":\"TIMESTAMP\"}]",
            "schema_foreign_type_info": [],
            "self_link": "https://bigquery.googleapis.com/bigquery/v2/projects/kafka-2-bq-streaming-demo/datasets/bronze/tables/playlist_track_raw",
            "table_constraints": [],
            "table_id": "playlist_track_raw",
            "table_metadata_view": null,
            "table_replication_info": [],
            "terraform_labels": {
              "env": "demo",
              "goog-terraform-provisioned": "true",
              "managed_by": "terraform",
              "project": "cdc-pipeline-demo"
            },
            "time_partitioning": [],
            "type": "TABLE",
            "view": []
          },
          "sensitive_attributes": [],
          "identity_schema_version": 1,
          "identity": {
            "dataset_id": "bronze",
            "project": "kafka-2-bq-streaming-demo",
            "table_id": "playlist_track_raw"
          },
          "private": "bnVsbA==",
          "dependencies": [
            "google_bigquery_dataset.bronze",
            "google_project_service.apis"
          ]
        },
        {
          "index_key": "track",
          "schema_version": 0,
          "attributes": {
            "biglake_configuration": [],
            "clustering": null,
            "creation_time": 1124159356,
            "dataset_id": "bronze",
            "deletion_policy": "DELETE",
            "deletion_protection": false,
            "description": "Raw CDC events for track table",
            "effective_labels": {
              "env": "demo",
              "goog-terraform-provisioned": "true",
              "managed_by": "terraform",
              "project": "cdc-pipeline-demo"
            },
            "encryption_configuration": [],
            "etag": "NaD5Nw475W+aBqcjCrbceg==",
            "expiration_time": null,
            "external_catalog_table_options": [],
            "external_data_configuration": [],
            "friendly_name": "",
            "generated_schema_columns": "",
            "id": "projects/kafka-2-bq-streaming-demo/datasets/bronze/tables/track_raw",
            "ignore_auto_generated_schema": false,
            "ignore_schema_changes": null,
            "labels": {
              "env": "demo",
              "managed_by": "terraform",
              "project": "cdc-pipeline-demo"
            },
            "last_modified_time": 1124159372,
            "location": "europe-west1",
            "materialized_view": [],
            "max_staleness": "",
            "num_bytes": null,
            "num_long_term_bytes": null,
            "num_rows": null,
            "project": "kafka-2-bq-streaming-demo",
            "range_partitioning": [],
            "require_partition_filter": null,
            "resource_tags": {},
            "schema": "[{\"description\":\"Row state before the change (JSON)\",\"mode\":\"NULLABLE\",\"name\":\"before\",\"type\":\"STRING\"},{\"description\":\"Row state after the change (JSON)\",\"mode\":\"NULLABLE\",\"name\":\"after\",\"type\":\"STRING\"},{\"description\":\"Operation: c=create, u=update, d=delete, r=read(snapshot)\",\"mode\":\"NULLABLE\",\"name\":\"op\",\"type\":\"STRING\"},{\"description\":\"Debezium event timestamp in milliseconds\",\"mode\":\"NULLABLE\",\"name\":\"ts_ms\",\"type\":\"INTEGER\"},{\"description\":\"Source metadata (JSON): database, schema, table, LSN\",\"mode\":\"NULLABLE\",\"name\":\"source\",\"type\":\"STRING\"},{\"description\":\"Timestamp when the record was loaded into BigQuery\",\"mode\":\"NULLABLE\",\"name\":\"_loaded_at\",\"type\":\"TIMESTAMP\"}]",
            "schema_foreign_type_info": [],
            "self_link": "https://bigquery.googleapis.com/bigquery/v2/projects/kafka-2-bq-streaming-demo/datasets/bronze/tables/track_raw",
            "table_constraints": [],
            "table_id": "track_raw",
            "table_metadata_view": null,
            "table_replication_info": [],
            "terraform_labels": {
              "env": "demo",
              "goog-terraform-provisioned": "true",
              "managed_by": "terraform",
              "project": "cdc-pipeline-demo"
            },
            "time_partitioning": [],
            "type": "TABLE",
            "view": []
          },
          "sensitive_attributes": [],
          "identity_schema_version": 1,
          "identity": {
            "dataset_id": "bronze",
            "project": "kafka-2-bq-streaming-demo",
            "table_id": "track_raw"
          },
          "private": "bnVsbA==",
          "dependencies": [
            "google_bigquery_dataset.bronze",
            "google_project_service.apis"
          ]
        }
      ]
    },
    {
      "mode": "managed",
      "type": "google_bigquery_table",
      "name": "gold_dim_customer",
      "provider": "provider[\"registry.terraform.io/hashicorp/google\"]",
      "instances": [
        {
          "schema_version": 0,
          "attributes": {
            "biglake_configuration": [
              {
                "connection_id": "853941188720.europe-west1.iceberg-gold-connection",
                "file_format": "PARQUET",
                "storage_uri": "gs://kafka-2-bq-streaming-demo-iceberg-gold/dim_customer/",
                "table_format": "ICEBERG"
              }
            ],
            "clustering": null,
            "creation_time": 1125462027,
            "dataset_id": "gold",
            "deletion_policy": "DELETE",
            "deletion_protection": false,
            "description": "Customer dimension with SCD Type 2 history (Managed Iceberg)",
            "effective_labels": {
              "env": "demo",
              "goog-terraform-provisioned": "true",
              "managed_by": "terraform",
              "project": "cdc-pipeline-demo"
            },
            "encryption_configuration": [],
            "etag": "a3GfFBvEhAMmxz8siQzSlA==",
            "expiration_time": null,
            "external_catalog_table_options": [],
            "external_data_configuration": [],
            "friendly_name": "",
            "generated_schema_columns": "",
            "id": "projects/kafka-2-bq-streaming-demo/datasets/gold/tables/dim_customer",
            "ignore_auto_generated_schema": false,
            "ignore_schema_changes": null,
            "labels": {
              "env": "demo",
              "managed_by": "terraform",
              "project": "cdc-pipeline-demo"
            },
            "last_modified_time": 1125462622,
            "location": "europe-west1",
            "materialized_view": [],
            "max_staleness": "",
            "num_bytes": null,
            "num_long_term_bytes": null,
            "num_rows": null,
            "project": "kafka-2-bq-streaming-demo",
            "range_partitioning": [],
            "require_partition_filter": null,
            "resource_tags": {},
            "schema": "[{\"description\":\"Unique row key (UUID)\",\"mode\":\"REQUIRED\",\"name\":\"surrogate_key\",\"type\":\"STRING\"},{\"description\":\"customer_id from source\",\"mode\":\"REQUIRED\",\"name\":\"natural_key\",\"type\":\"INTEGER\"},{\"mode\":\"NULLABLE\",\"name\":\"first_name\",\"type\":\"STRING\"},{\"mode\":\"NULLABLE\",\"name\":\"last_name\",\"type\":\"STRING\"},{\"mode\":\"NULLABLE\",\"name\":\"company\",\"type\":\"STRING\"},{\"mode\":\"NULLABLE\",\"name\":\"address\",\"type\":\"STRING\"},{\"mode\":\"NULLABLE\",\"name\":\"city\",\"type\":\"STRING\"},{\"mode\":\"NULLABLE\",\"name\":\"state\",\"type\":\"STRING\"},{\"mode\":\"NULLABLE\",\"name\":\"country\",\"type\":\"STRING\"},{\"mode\":\"NULLABLE\",\"name\":\"postal_code\",\"type\":\"STRING\"},{\"mode\":\"NULLABLE\",\"name\":\"email\",\"type\":\"STRING\"},{\"mode\":\"NULLABLE\",\"name\":\"support_rep_id\",\"type\":\"INTEGER\"},{\"mode\":\"REQUIRED\",\"name\":\"valid_from\",\"type\":\"TIMESTAMP\"},{\"mode\":\"NULLABLE\",\"name\":\"valid_to\",\"type\":\"TIMESTAMP\"},{\"mode\":\"REQUIRED\",\"name\":\"is_active\",\"type\":\"BOOLEAN\"},{\"mode\":\"REQUIRED\",\"name\":\"_loaded_at\",\"type\":\"TIMESTAMP\"},{\"mode\":\"NULLABLE\",\"name\":\"_source_ts_ms\",\"type\":\"INTEGER\"}]",
            "schema_foreign_type_info": [],
            "self_link": "https://bigquery.googleapis.com/bigquery/v2/projects/kafka-2-bq-streaming-demo/datasets/gold/tables/dim_customer",
            "table_constraints": [],
            "table_id": "dim_customer",
            "table_metadata_view": null,
            "table_replication_info": [],
            "terraform_labels": {
              "env": "demo",
              "goog-terraform-provisioned": "true",
              "managed_by": "terraform",
              "project": "cdc-pipeline-demo"
            },
            "time_partitioning": [],
            "type": "TABLE",
            "view": []
          },
          "sensitive_attributes": [],
          "identity_schema_version": 1,
          "identity": {
            "dataset_id": "gold",
            "project": "kafka-2-bq-streaming-demo",
            "table_id": "dim_customer"
          },
          "private": "bnVsbA==",
          "dependencies": [
            "google_bigquery_connection.iceberg",
            "google_bigquery_dataset.gold",
            "google_project_service.apis",
            "google_storage_bucket.iceberg_data"
          ]
        }
      ]
    },
    {
      "mode": "managed",
      "type": "google_bigquery_table",
      "name": "gold_dim_employee",
      "provider": "provider[\"registry.terraform.io/hashicorp/google\"]",
      "instances": [
        {
          "schema_version": 0,
          "attributes": {
            "biglake_configuration": [
              {
                "connection_id": "853941188720.europe-west1.iceberg-gold-connection",
                "file_format": "PARQUET",
                "storage_uri": "gs://kafka-2-bq-streaming-demo-iceberg-gold/dim_employee/",
                "table_format": "ICEBERG"
              }
            ],
            "clustering": null,
            "creation_time": 1125462023,
            "dataset_id": "gold",
            "deletion_policy": "DELETE",
            "deletion_protection": false,
            "description": "Employee dimension with SCD Type 2 history (Managed Iceberg)",
            "effective_labels": {
              "env": "demo",
              "goog-terraform-provisioned": "true",
              "managed_by": "terraform",
              "project": "cdc-pipeline-demo"
            },
            "encryption_configuration": [],
            "etag": "b5ZCD5Cj0qsKmnQFe4LduA==",
            "expiration_time": null,
            "external_catalog_table_options": [],
            "external_data_configuration": [],
            "friendly_name": "",
            "generated_schema_columns": "",
            "id": "projects/kafka-2-bq-streaming-demo/datasets/gold/tables/dim_employee",
            "ignore_auto_generated_schema": false,
            "ignore_schema_changes": null,
            "labels": {
              "env": "demo",
              "managed_by": "terraform",
              "project": "cdc-pipeline-demo"
            },
            "last_modified_time": 1125462227,
            "location": "europe-west1",
            "materialized_view": [],
            "max_staleness": "",
            "num_bytes": null,
            "num_long_term_bytes": null,
            "num_rows": null,
            "project": "kafka-2-bq-streaming-demo",
            "range_partitioning": [],
            "require_partition_filter": null,
            "resource_tags": {},
            "schema": "[{\"mode\":\"REQUIRED\",\"name\":\"surrogate_key\",\"type\":\"STRING\"},{\"description\":\"employee_id from source\",\"mode\":\"REQUIRED\",\"name\":\"natural_key\",\"type\":\"INTEGER\"},{\"mode\":\"NULLABLE\",\"name\":\"first_name\",\"type\":\"STRING\"},{\"mode\":\"NULLABLE\",\"name\":\"last_name\",\"type\":\"STRING\"},{\"mode\":\"NULLABLE\",\"name\":\"title\",\"type\":\"STRING\"},{\"mode\":\"NULLABLE\",\"name\":\"reports_to\",\"type\":\"INTEGER\"},{\"mode\":\"NULLABLE\",\"name\":\"birth_date\",\"type\":\"TIMESTAMP\"},{\"mode\":\"NULLABLE\",\"name\":\"hire_date\",\"type\":\"TIMESTAMP\"},{\"mode\":\"NULLABLE\",\"name\":\"address\",\"type\":\"STRING\"},{\"mode\":\"NULLABLE\",\"name\":\"city\",\"type\":\"STRING\"},{\"mode\":\"NULLABLE\",\"name\":\"state\",\"type\":\"STRING\"},{\"mode\":\"NULLABLE\",\"name\":\"country\",\"type\":\"STRING\"},{\"mode\":\"NULLABLE\",\"name\":\"postal_code\",\"type\":\"STRING\"},{\"mode\":\"NULLABLE\",\"name\":\"email\",\"type\":\"STRING\"},{\"mode\":\"REQUIRED\",\"name\":\"valid_from\",\"type\":\"TIMESTAMP\"},{\"mode\":\"NULLABLE\",\"name\":\"valid_to\",\"type\":\"TIMESTAMP\"},{\"mode\":\"REQUIRED\",\"name\":\"is_active\",\"type\":\"BOOLEAN\"},{\"mode\":\"REQUIRED\",\"name\":\"_loaded_at\",\"type\":\"TIMESTAMP\"},{\"mode\":\"NULLABLE\",\"name\":\"_source_ts_ms\",\"type\":\"INTEGER\"}]",
            "schema_foreign_type_info": [],
            "self_link": "https://bigquery.googleapis.com/bigquery/v2/projects/kafka-2-bq-streaming-demo/datasets/gold/tables/dim_employee",
            "table_constraints": [],
            "table_id": "dim_employee",
            "table_metadata_view": null,
            "table_replication_info": [],
            "terraform_labels": {
              "env": "demo",
              "goog-terraform-provisioned": "true",
              "managed_by": "terraform",
              "project": "cdc-pipeline-demo"
            },
            "time_partitioning": [],
            "type": "TABLE",
            "view": []
          },
          "sensitive_attributes": [],
          "identity_schema_version": 1,
          "identity": {
            "dataset_id": "gold",
            "project": "kafka-2-bq-streaming-demo",
            "table_id": "dim_employee"
          },
          "private": "bnVsbA==",
          "dependencies": [
            "google_bigquery_connection.iceberg",
            "google_bigquery_dataset.gold",
            "google_project_service.apis",
            "google_storage_bucket.iceberg_data"
          ]
        }
      ]
    },
    {
      "mode": "managed",
      "type": "google_bigquery_table",
      "name": "gold_dim_track",
      "provider": "provider[\"registry.terraform.io/hashicorp/google\"]",
      "instances": [
        {
          "schema_version": 0,
          "attributes": {
            "biglake_configuration": [
              {
                "connection_id": "853941188720.europe-west1.iceberg-gold-connection",
                "file_format": "PARQUET",
                "storage_uri": "gs://kafka-2-bq-streaming-demo-iceberg-gold/dim_track/",
                "table_format": "ICEBERG"
              }
            ],
            "clustering": null,
            "creation_time": 1125462026,
            "dataset_id": "gold",
            "deletion_policy": "DELETE",
            "deletion_protection": false,
            "description": "Track dimension denormalized with album, artist, genre, media type (SCD2, Iceberg)",
            "effective_labels": {
              "env": "demo",
              "goog-terraform-provisioned": "true",
              "managed_by": "terraform",
              "project": "cdc-pipeline-demo"
            },
            "encryption_configuration": [],
            "etag": "10zyn2RAk+m9pNpmXh54iQ==",
            "expiration_time": null,
            "external_catalog_table_options": [],
            "external_data_configuration": [],
            "friendly_name": "",
            "generated_schema_columns": "",
            "id": "projects/kafka-2-bq-streaming-demo/datasets/gold/tables/dim_track",
            "ignore_auto_generated_schema": false,
            "ignore_schema_changes": null,
            "labels": {
              "env": "demo",
              "managed_by": "terraform",
              "project": "cdc-pipeline-demo"
            },
            "last_modified_time": 1125462256,
            "location": "europe-west1",
            "materialized_view": [],
            "max_staleness": "",
            "num_bytes": null,
            "num_long_term_bytes": null,
            "num_rows": null,
            "project": "kafka-2-bq-streaming-demo",
            "range_partitioning": [],
            "require_partition_filter": null,
            "resource_tags": {},
            "schema": "[{\"mode\":\"REQUIRED\",\"name\":\"surrogate_key\",\"type\":\"STRING\"},{\"description\":\"track_id from source\",\"mode\":\"REQUIRED\",\"name\":\"natural_key\",\"type\":\"INTEGER\"},{\"mode\":\"NULLABLE\",\"name\":\"track_name\",\"type\":\"STRING\"},{\"mode\":\"NULLABLE\",\"name\":\"album_title\",\"type\":\"STRING\"},{\"mode\":\"NULLABLE\",\"name\":\"artist_name\",\"type\":\"STRING\"},{\"mode\":\"NULLABLE\",\"name\":\"genre_name\",\"type\":\"STRING\"},{\"mode\":\"NULLABLE\",\"name\":\"media_type_name\",\"type\":\"STRING\"},{\"mode\":\"NULLABLE\",\"name\":\"composer\",\"type\":\"STRING\"},{\"mode\":\"NULLABLE\",\"name\":\"milliseconds\",\"type\":\"INTEGER\"},{\"mode\":\"NULLABLE\",\"name\":\"bytes\",\"type\":\"INTEGER\"},{\"mode\":\"NULLABLE\",\"name\":\"unit_price\",\"type\":\"FLOAT\"},{\"mode\":\"REQUIRED\",\"name\":\"valid_from\",\"type\":\"TIMESTAMP\"},{\"mode\":\"NULLABLE\",\"name\":\"valid_to\",\"type\":\"TIMESTAMP\"},{\"mode\":\"REQUIRED\",\"name\":\"is_active\",\"type\":\"BOOLEAN\"},{\"mode\":\"REQUIRED\",\"name\":\"_loaded_at\",\"type\":\"TIMESTAMP\"},{\"mode\":\"NULLABLE\",\"name\":\"_source_ts_ms\",\"type\":\"INTEGER\"}]",
            "schema_foreign_type_info": [],
            "self_link": "https://bigquery.googleapis.com/bigquery/v2/projects/kafka-2-bq-streaming-demo/datasets/gold/tables/dim_track",
            "table_constraints": [],
            "table_id": "dim_track",
            "table_metadata_view": null,
            "table_replication_info": [],
            "terraform_labels": {
              "env": "demo",
              "goog-terraform-provisioned": "true",
              "managed_by": "terraform",
              "project": "cdc-pipeline-demo"
            },
            "time_partitioning": [],
            "type": "TABLE",
            "view": []
          },
          "sensitive_attributes": [],
          "identity_schema_version": 1,
          "identity": {
            "dataset_id": "gold",
            "project": "kafka-2-bq-streaming-demo",
            "table_id": "dim_track"
          },
          "private": "bnVsbA==",
          "dependencies": [
            "google_bigquery_connection.iceberg",
            "google_bigquery_dataset.gold",
            "google_project_service.apis",
            "google_storage_bucket.iceberg_data"
          ]
        }
      ]
    },
    {
      "mode": "managed",
      "type": "google_bigquery_table",
      "name": "gold_fct_invoice",
      "provider": "provider[\"registry.terraform.io/hashicorp/google\"]",
      "instances": [
        {
          "schema_version": 0,
          "attributes": {
            "biglake_configuration": [
              {
                "connection_id": "853941188720.europe-west1.iceberg-gold-connection",
                "file_format": "PARQUET",
                "storage_uri": "gs://kafka-2-bq-streaming-demo-iceberg-gold/fct_invoice/",
                "table_format": "ICEBERG"
              }
            ],
            "clustering": null,
            "creation_time": 1125462031,
            "dataset_id": "gold",
            "deletion_policy": "DELETE",
            "deletion_protection": false,
            "description": "Invoice fact table with surrogate key references (Managed Iceberg)",
            "effective_labels": {
              "env": "demo",
              "goog-terraform-provisioned": "true",
              "managed_by": "terraform",
              "project": "cdc-pipeline-demo"
            },
            "encryption_configuration": [],
            "etag": "8uX294lFtkPvTm/+GvqZvw==",
            "expiration_time": null,
            "external_catalog_table_options": [],
            "external_data_configuration": [],
            "friendly_name": "",
            "generated_schema_columns": "",
            "id": "projects/kafka-2-bq-streaming-demo/datasets/gold/tables/fct_invoice",
            "ignore_auto_generated_schema": false,
            "ignore_schema_changes": null,
            "labels": {
              "env": "demo",
              "managed_by": "terraform",
              "project": "cdc-pipeline-demo"
            },
            "last_modified_time": 1125462234,
            "location": "europe-west1",
            "materialized_view": [],
            "max_staleness": "",
            "num_bytes": null,
            "num_long_term_bytes": null,
            "num_rows": null,
            "project": "kafka-2-bq-streaming-demo",
            "range_partitioning": [],
            "require_partition_filter": null,
            "resource_tags": {},
            "schema": "[{\"mode\":\"REQUIRED\",\"name\":\"invoice_id\",\"type\":\"INTEGER\"},{\"description\":\"Surrogate key → dim_customer\",\"mode\":\"NULLABLE\",\"name\":\"customer_key\",\"type\":\"STRING\"},{\"mode\":\"NULLABLE\",\"name\":\"invoice_date\",\"type\":\"TIMESTAMP\"},{\"mode\":\"NULLABLE\",\"name\":\"billing_address\",\"type\":\"STRING\"},{\"mode\":\"NULLABLE\",\"name\":\"billing_city\",\"type\":\"STRING\"},{\"mode\":\"NULLABLE\",\"name\":\"billing_state\",\"type\":\"STRING\"},{\"mode\":\"NULLABLE\",\"name\":\"billing_country\",\"type\":\"STRING\"},{\"mode\":\"NULLABLE\",\"name\":\"billing_postal_code\",\"type\":\"STRING\"},{\"mode\":\"NULLABLE\",\"name\":\"total\",\"type\":\"FLOAT\"},{\"mode\":\"REQUIRED\",\"name\":\"_loaded_at\",\"type\":\"TIMESTAMP\"},{\"mode\":\"NULLABLE\",\"name\":\"_source_ts_ms\",\"type\":\"INTEGER\"}]",
            "schema_foreign_type_info": [],
            "self_link": "https://bigquery.googleapis.com/bigquery/v2/projects/kafka-2-bq-streaming-demo/datasets/gold/tables/fct_invoice",
            "table_constraints": [],
            "table_id": "fct_invoice",
            "table_metadata_view": null,
            "table_replication_info": [],
            "terraform_labels": {
              "env": "demo",
              "goog-terraform-provisioned": "true",
              "managed_by": "terraform",
              "project": "cdc-pipeline-demo"
            },
            "time_partitioning": [],
            "type": "TABLE",
            "view": []
          },
          "sensitive_attributes": [],
          "identity_schema_version": 1,
          "identity": {
            "dataset_id": "gold",
            "project": "kafka-2-bq-streaming-demo",
            "table_id": "fct_invoice"
          },
          "private": "bnVsbA==",
          "dependencies": [
            "google_bigquery_connection.iceberg",
            "google_bigquery_dataset.gold",
            "google_project_service.apis",
            "google_storage_bucket.iceberg_data"
          ]
        }
      ]
    },
    {
      "mode": "managed",
      "type": "google_bigquery_table",
      "name": "gold_fct_invoice_line",
      "provider": "provider[\"registry.terraform.io/hashicorp/google\"]",
      "instances": [
        {
          "schema_version": 0,
          "attributes": {
            "biglake_configuration": [
              {
                "connection_id": "853941188720.europe-west1.iceberg-gold-connection",
                "file_format": "PARQUET",
                "storage_uri": "gs://kafka-2-bq-streaming-demo-iceberg-gold/fct_invoice_line/",
                "table_format": "ICEBERG"
              }
            ],
            "clustering": null,
            "creation_time": 1125461998,
            "dataset_id": "gold",
            "deletion_policy": "DELETE",
            "deletion_protection": false,
            "description": "Invoice line fact table with surrogate key references (Managed Iceberg)",
            "effective_labels": {
              "env": "demo",
              "goog-terraform-provisioned": "true",
              "managed_by": "terraform",
              "project": "cdc-pipeline-demo"
            },
            "encryption_configuration": [],
            "etag": "Q+P8mJRMI0sfya/VFYmtKw==",
            "expiration_time": null,
            "external_catalog_table_options": [],
            "external_data_configuration": [],
            "friendly_name": "",
            "generated_schema_columns": "",
            "id": "projects/kafka-2-bq-streaming-demo/datasets/gold/tables/fct_invoice_line",
            "ignore_auto_generated_schema": false,
            "ignore_schema_changes": null,
            "labels": {
              "env": "demo",
              "managed_by": "terraform",
              "project": "cdc-pipeline-demo"
            },
            "last_modified_time": 1125462575,
            "location": "europe-west1",
            "materialized_view": [],
            "max_staleness": "",
            "num_bytes": null,
            "num_long_term_bytes": null,
            "num_rows": null,
            "project": "kafka-2-bq-streaming-demo",
            "range_partitioning": [],
            "require_partition_filter": null,
            "resource_tags": {},
            "schema": "[{\"mode\":\"REQUIRED\",\"name\":\"invoice_line_id\",\"type\":\"INTEGER\"},{\"mode\":\"NULLABLE\",\"name\":\"invoice_id\",\"type\":\"INTEGER\"},{\"description\":\"Surrogate key → dim_track\",\"mode\":\"NULLABLE\",\"name\":\"track_key\",\"type\":\"STRING\"},{\"description\":\"Surrogate key → dim_customer (via invoice)\",\"mode\":\"NULLABLE\",\"name\":\"customer_key\",\"type\":\"STRING\"},{\"mode\":\"NULLABLE\",\"name\":\"unit_price\",\"type\":\"FLOAT\"},{\"mode\":\"NULLABLE\",\"name\":\"quantity\",\"type\":\"INTEGER\"},{\"description\":\"unit_price * quantity\",\"mode\":\"NULLABLE\",\"name\":\"line_total\",\"type\":\"FLOAT\"},{\"mode\":\"REQUIRED\",\"name\":\"_loaded_at\",\"type\":\"TIMESTAMP\"},{\"mode\":\"NULLABLE\",\"name\":\"_source_ts_ms\",\"type\":\"INTEGER\"}]",
            "schema_foreign_type_info": [],
            "self_link": "https://bigquery.googleapis.com/bigquery/v2/projects/kafka-2-bq-streaming-demo/datasets/gold/tables/fct_invoice_line",
            "table_constraints": [],
            "table_id": "fct_invoice_line",
            "table_metadata_view": null,
            "table_replication_info": [],
            "terraform_labels": {
              "env": "demo",
              "goog-terraform-provisioned": "true",
              "managed_by": "terraform",
              "project": "cdc-pipeline-demo"
            },
            "time_partitioning": [],
            "type": "TABLE",
            "view": []
          },
          "sensitive_attributes": [],
          "identity_schema_version": 1,
          "identity": {
            "dataset_id": "gold",
            "project": "kafka-2-bq-streaming-demo",
            "table_id": "fct_invoice_line"
          },
          "private": "bnVsbA==",
          "dependencies": [
            "google_bigquery_connection.iceberg",
            "google_bigquery_dataset.gold",
            "google_project_service.apis",
            "google_storage_bucket.iceberg_data"
          ]
        }
      ]
    },
    {
      "mode": "managed",
      "type": "google_bigquery_table",
      "name": "silver_album",
      "provider": "provider[\"registry.terraform.io/hashicorp/google\"]",
      "instances": [
        {
          "schema_version": 0,
          "attributes": {
            "biglake_configuration": [],
            "clustering": null,
            "creation_time": 1125345256,
            "dataset_id": "silver",
            "deletion_policy": "DELETE",
            "deletion_protection": false,
            "description": "Current-state album records (view on Bronze)",
            "effective_labels": {
              "env": "demo",
              "goog-terraform-provisioned": "true",
              "managed_by": "terraform",
              "project": "cdc-pipeline-demo"
            },
            "encryption_configuration": [],
            "etag": "tilLIRc+Rgrd3Oaq5N3I9Q==",
            "expiration_time": null,
            "external_catalog_table_options": [],
            "external_data_configuration": [],
            "friendly_name": "",
            "generated_schema_columns": "",
            "id": "projects/kafka-2-bq-streaming-demo/datasets/silver/tables/album",
            "ignore_auto_generated_schema": false,
            "ignore_schema_changes": null,
            "labels": {
              "env": "demo",
              "managed_by": "terraform",
              "project": "cdc-pipeline-demo"
            },
            "last_modified_time": 1125345383,
            "location": "europe-west1",
            "materialized_view": [],
            "max_staleness": "",
            "num_bytes": null,
            "num_long_term_bytes": null,
            "num_rows": null,
            "project": "kafka-2-bq-streaming-demo",
            "range_partitioning": [],
            "require_partition_filter": null,
            "resource_tags": {},
            "schema": "[{\"mode\":\"NULLABLE\",\"name\":\"album_id\",\"type\":\"INTEGER\"},{\"mode\":\"NULLABLE\",\"name\":\"title\",\"type\":\"STRING\"},{\"mode\":\"NULLABLE\",\"name\":\"artist_id\",\"type\":\"INTEGER\"},{\"mode\":\"NULLABLE\",\"name\":\"is_deleted\",\"type\":\"BOOLEAN\"},{\"mode\":\"NULLABLE\",\"name\":\"_loaded_at\",\"type\":\"TIMESTAMP\"},{\"mode\":\"NULLABLE\",\"name\":\"_source_ts_ms\",\"type\":\"INTEGER\"}]",
            "schema_foreign_type_info": [],
            "self_link": "https://bigquery.googleapis.com/bigquery/v2/projects/kafka-2-bq-streaming-demo/datasets/silver/tables/album",
            "table_constraints": [],
            "table_id": "album",
            "table_metadata_view": null,
            "table_replication_info": [],
            "terraform_labels": {
              "env": "demo",
              "goog-terraform-provisioned": "true",
              "managed_by": "terraform",
              "project": "cdc-pipeline-demo"
            },
            "time_partitioning": [],
            "type": "VIEW",
            "view": [
              {
                "query": "SELECT\n  CAST(JSON_VALUE(after, '$.album_id') AS INT64)   AS album_id,\n  JSON_VALUE(after, '$.title')                     AS title,\n  CAST(JSON_VALUE(after, '$.artist_id') AS INT64)  AS artist_id,\n  IF(op = 'd', TRUE, FALSE)                        AS is_deleted,\n  _loaded_at,\n  ts_ms                                            AS _source_ts_ms\nFROM `kafka-2-bq-streaming-demo.bronze.album_raw`\nQUALIFY ROW_NUMBER() OVER (\n  PARTITION BY CAST(JSON_VALUE(after, '$.album_id') AS INT64)\n  ORDER BY _loaded_at DESC, ts_ms DESC\n) = 1\n",
                "use_legacy_sql": false
              }
            ]
          },
          "sensitive_attributes": [],
          "identity_schema_version": 1,
          "identity": {
            "dataset_id": "silver",
            "project": "kafka-2-bq-streaming-demo",
            "table_id": "album"
          },
          "private": "bnVsbA==",
          "dependencies": [
            "google_bigquery_dataset.silver",
            "google_project_service.apis"
          ]
        }
      ]
    },
    {
      "mode": "managed",
      "type": "google_bigquery_table",
      "name": "silver_artist",
      "provider": "provider[\"registry.terraform.io/hashicorp/google\"]",
      "instances": [
        {
          "schema_version": 0,
          "attributes": {
            "biglake_configuration": [],
            "clustering": null,
            "creation_time": 1125345092,
            "dataset_id": "silver",
            "deletion_policy": "DELETE",
            "deletion_protection": false,
            "description": "Current-state artist records (view on Bronze)",
            "effective_labels": {
              "env": "demo",
              "goog-terraform-provisioned": "true",
              "managed_by": "terraform",
              "project": "cdc-pipeline-demo"
            },
            "encryption_configuration": [],
            "etag": "Ox+kNPneSMkNZ8/9IXSJ0A==",
            "expiration_time": null,
            "external_catalog_table_options": [],
            "external_data_configuration": [],
            "friendly_name": "",
            "generated_schema_columns": "",
            "id": "projects/kafka-2-bq-streaming-demo/datasets/silver/tables/artist",
            "ignore_auto_generated_schema": false,
            "ignore_schema_changes": null,
            "labels": {
              "env": "demo",
              "managed_by": "terraform",
              "project": "cdc-pipeline-demo"
            },
            "last_modified_time": 1125345222,
            "location": "europe-west1",
            "materialized_view": [],
            "max_staleness": "",
            "num_bytes": null,
            "num_long_term_bytes": null,
            "num_rows": null,
            "project": "kafka-2-bq-streaming-demo",
            "range_partitioning": [],
            "require_partition_filter": null,
            "resource_tags": {},
            "schema": "[{\"mode\":\"NULLABLE\",\"name\":\"artist_id\",\"type\":\"INTEGER\"},{\"mode\":\"NULLABLE\",\"name\":\"name\",\"type\":\"STRING\"},{\"mode\":\"NULLABLE\",\"name\":\"is_deleted\",\"type\":\"BOOLEAN\"},{\"mode\":\"NULLABLE\",\"name\":\"_loaded_at\",\"type\":\"TIMESTAMP\"},{\"mode\":\"NULLABLE\",\"name\":\"_source_ts_ms\",\"type\":\"INTEGER\"}]",
            "schema_foreign_type_info": [],
            "self_link": "https://bigquery.googleapis.com/bigquery/v2/projects/kafka-2-bq-streaming-demo/datasets/silver/tables/artist",
            "table_constraints": [],
            "table_id": "artist",
            "table_metadata_view": null,
            "table_replication_info": [],
            "terraform_labels": {
              "env": "demo",
              "goog-terraform-provisioned": "true",
              "managed_by": "terraform",
              "project": "cdc-pipeline-demo"
            },
            "time_partitioning": [],
            "type": "VIEW",
            "view": [
              {
                "query": "SELECT\n  CAST(JSON_VALUE(after, '$.artist_id') AS INT64)  AS artist_id,\n  JSON_VALUE(after, '$.name')                      AS name,\n  IF(op = 'd', TRUE, FALSE)                        AS is_deleted,\n  _loaded_at,\n  ts_ms                                            AS _source_ts_ms\nFROM `kafka-2-bq-streaming-demo.bronze.artist_raw`\nQUALIFY ROW_NUMBER() OVER (\n  PARTITION BY CAST(JSON_VALUE(after, '$.artist_id') AS INT64)\n  ORDER BY _loaded_at DESC, ts_ms DESC\n) = 1\n",
                "use_legacy_sql": false
              }
            ]
          },
          "sensitive_attributes": [],
          "identity_schema_version": 1,
          "identity": {
            "dataset_id": "silver",
            "project": "kafka-2-bq-streaming-demo",
            "table_id": "artist"
          },
          "private": "bnVsbA==",
          "dependencies": [
            "google_bigquery_dataset.silver",
            "google_project_service.apis"
          ]
        }
      ]
    },
    {
      "mode": "managed",
      "type": "google_bigquery_table",
      "name": "silver_customer",
      "provider": "provider[\"registry.terraform.io/hashicorp/google\"]",
      "instances": [
        {
          "schema_version": 0,
          "attributes": {
            "biglake_configuration": [],
            "clustering": null,
            "creation_time": 1124158667,
            "dataset_id": "silver",
            "deletion_policy": "DELETE",
            "deletion_protection": false,
            "description": "Current-state customer records",
            "effective_labels": {
              "env": "demo",
              "goog-terraform-provisioned": "true",
              "managed_by": "terraform",
              "project": "cdc-pipeline-demo"
            },
            "encryption_configuration": [],
            "etag": "w5loHwa0XnHHqit8wdXbmg==",
            "expiration_time": null,
            "external_catalog_table_options": [],
            "external_data_configuration": [],
            "friendly_name": "",
            "generated_schema_columns": "",
            "id": "projects/kafka-2-bq-streaming-demo/datasets/silver/tables/customer",
            "ignore_auto_generated_schema": false,
            "ignore_schema_changes": null,
            "labels": {
              "env": "demo",
              "managed_by": "terraform",
              "project": "cdc-pipeline-demo"
            },
            "last_modified_time": 1124158804,
            "location": "europe-west1",
            "materialized_view": [],
            "max_staleness": "",
            "num_bytes": null,
            "num_long_term_bytes": null,
            "num_rows": null,
            "project": "kafka-2-bq-streaming-demo",
            "range_partitioning": [],
            "require_partition_filter": null,
            "resource_tags": {},
            "schema": "[{\"mode\":\"REQUIRED\",\"name\":\"customer_id\",\"type\":\"INTEGER\"},{\"mode\":\"NULLABLE\",\"name\":\"first_name\",\"type\":\"STRING\"},{\"mode\":\"NULLABLE\",\"name\":\"last_name\",\"type\":\"STRING\"},{\"mode\":\"NULLABLE\",\"name\":\"company\",\"type\":\"STRING\"},{\"mode\":\"NULLABLE\",\"name\":\"address\",\"type\":\"STRING\"},{\"mode\":\"NULLABLE\",\"name\":\"city\",\"type\":\"STRING\"},{\"mode\":\"NULLABLE\",\"name\":\"state\",\"type\":\"STRING\"},{\"mode\":\"NULLABLE\",\"name\":\"country\",\"type\":\"STRING\"},{\"mode\":\"NULLABLE\",\"name\":\"postal_code\",\"type\":\"STRING\"},{\"mode\":\"NULLABLE\",\"name\":\"email\",\"type\":\"STRING\"},{\"mode\":\"NULLABLE\",\"name\":\"support_rep_id\",\"type\":\"INTEGER\"},{\"mode\":\"REQUIRED\",\"name\":\"is_deleted\",\"type\":\"BOOLEAN\"},{\"mode\":\"REQUIRED\",\"name\":\"_loaded_at\",\"type\":\"TIMESTAMP\"},{\"mode\":\"NULLABLE\",\"name\":\"_source_ts_ms\",\"type\":\"INTEGER\"}]",
            "schema_foreign_type_info": [],
            "self_link": "https://bigquery.googleapis.com/bigquery/v2/projects/kafka-2-bq-streaming-demo/datasets/silver/tables/customer",
            "table_constraints": [],
            "table_id": "customer",
            "table_metadata_view": null,
            "table_replication_info": [],
            "terraform_labels": {
              "env": "demo",
              "goog-terraform-provisioned": "true",
              "managed_by": "terraform",
              "project": "cdc-pipeline-demo"
            },
            "time_partitioning": [],
            "type": "TABLE",
            "view": []
          },
          "sensitive_attributes": [],
          "identity_schema_version": 1,
          "identity": {
            "dataset_id": "silver",
            "project": "kafka-2-bq-streaming-demo",
            "table_id": "customer"
          },
          "private": "bnVsbA==",
          "dependencies": [
            "google_bigquery_dataset.silver",
            "google_project_service.apis"
          ]
        }
      ]
    },
    {
      "mode": "managed",
      "type": "google_bigquery_table",
      "name": "silver_employee",
      "provider": "provider[\"registry.terraform.io/hashicorp/google\"]",
      "instances": [
        {
          "schema_version": 0,
          "attributes": {
            "biglake_configuration": [],
            "clustering": null,
            "creation_time": 1124158092,
            "dataset_id": "silver",
            "deletion_policy": "DELETE",
            "deletion_protection": false,
            "description": "Current-state employee records",
            "effective_labels": {
              "env": "demo",
              "goog-terraform-provisioned": "true",
              "managed_by": "terraform",
              "project": "cdc-pipeline-demo"
            },
            "encryption_configuration": [],
            "etag": "w3GSzBNjYQdN1dgh0txiTA==",
            "expiration_time": null,
            "external_catalog_table_options": [],
            "external_data_configuration": [],
            "friendly_name": "",
            "generated_schema_columns": "",
            "id": "projects/kafka-2-bq-streaming-demo/datasets/silver/tables/employee",
            "ignore_auto_generated_schema": false,
            "ignore_schema_changes": null,
            "labels": {
              "env": "demo",
              "managed_by": "terraform",
              "project": "cdc-pipeline-demo"
            },
            "last_modified_time": 1124158201,
            "location": "europe-west1",
            "materialized_view": [],
            "max_staleness": "",
            "num_bytes": null,
            "num_long_term_bytes": null,
            "num_rows": null,
            "project": "kafka-2-bq-streaming-demo",
            "range_partitioning": [],
            "require_partition_filter": null,
            "resource_tags": {},
            "schema": "[{\"mode\":\"REQUIRED\",\"name\":\"employee_id\",\"type\":\"INTEGER\"},{\"mode\":\"NULLABLE\",\"name\":\"last_name\",\"type\":\"STRING\"},{\"mode\":\"NULLABLE\",\"name\":\"first_name\",\"type\":\"STRING\"},{\"mode\":\"NULLABLE\",\"name\":\"title\",\"type\":\"STRING\"},{\"mode\":\"NULLABLE\",\"name\":\"reports_to\",\"type\":\"INTEGER\"},{\"mode\":\"NULLABLE\",\"name\":\"birth_date\",\"type\":\"TIMESTAMP\"},{\"mode\":\"NULLABLE\",\"name\":\"hire_date\",\"type\":\"TIMESTAMP\"},{\"mode\":\"NULLABLE\",\"name\":\"address\",\"type\":\"STRING\"},{\"mode\":\"NULLABLE\",\"name\":\"city\",\"type\":\"STRING\"},{\"mode\":\"NULLABLE\",\"name\":\"state\",\"type\":\"STRING\"},{\"mode\":\"NULLABLE\",\"name\":\"country\",\"type\":\"STRING\"},{\"mode\":\"NULLABLE\",\"name\":\"postal_code\",\"type\":\"STRING\"},{\"mode\":\"NULLABLE\",\"name\":\"email\",\"type\":\"STRING\"},{\"mode\":\"REQUIRED\",\"name\":\"is_deleted\",\"type\":\"BOOLEAN\"},{\"mode\":\"REQUIRED\",\"name\":\"_loaded_at\",\"type\":\"TIMESTAMP\"},{\"mode\":\"NULLABLE\",\"name\":\"_source_ts_ms\",\"type\":\"INTEGER\"}]",
            "schema_foreign_type_info": [],
            "self_link": "https://bigquery.googleapis.com/bigquery/v2/projects/kafka-2-bq-streaming-demo/datasets/silver/tables/employee",
            "table_constraints": [],
            "table_id": "employee",
            "table_metadata_view": null,
            "table_replication_info": [],
            "terraform_labels": {
              "env": "demo",
              "goog-terraform-provisioned": "true",
              "managed_by": "terraform",
              "project": "cdc-pipeline-demo"
            },
            "time_partitioning": [],
            "type": "TABLE",
            "view": []
          },
          "sensitive_attributes": [],
          "identity_schema_version": 1,
          "identity": {
            "dataset_id": "silver",
            "project": "kafka-2-bq-streaming-demo",
            "table_id": "employee"
          },
          "private": "bnVsbA==",
          "dependencies": [
            "google_bigquery_dataset.silver",
            "google_project_service.apis"
          ]
        }
      ]
    },
    {
      "mode": "managed",
      "type": "google_bigquery_table",
      "name": "silver_genre",
      "provider": "provider[\"registry.terraform.io/hashicorp/google\"]",
      "instances": [
        {
          "schema_version": 0,
          "attributes": {
            "biglake_configuration": [],
            "clustering": null,
            "creation_time": 1125345075,
            "dataset_id": "silver",
            "deletion_policy": "DELETE",
            "deletion_protection": false,
            "description": "Current-state genre records (view on Bronze)",
            "effective_labels": {
              "env": "demo",
              "goog-terraform-provisioned": "true",
              "managed_by": "terraform",
              "project": "cdc-pipeline-demo"
            },
            "encryption_configuration": [],
            "etag": "9vgmvD305MvE3RjE0Ymx+g==",
            "expiration_time": null,
            "external_catalog_table_options": [],
            "external_data_configuration": [],
            "friendly_name": "",
            "generated_schema_columns": "",
            "id": "projects/kafka-2-bq-streaming-demo/datasets/silver/tables/genre",
            "ignore_auto_generated_schema": false,
            "ignore_schema_changes": null,
            "labels": {
              "env": "demo",
              "managed_by": "terraform",
              "project": "cdc-pipeline-demo"
            },
            "last_modified_time": 1125345227,
            "location": "europe-west1",
            "materialized_view": [],
            "max_staleness": "",
            "num_bytes": null,
            "num_long_term_bytes": null,
            "num_rows": null,
            "project": "kafka-2-bq-streaming-demo",
            "range_partitioning": [],
            "require_partition_filter": null,
            "resource_tags": {},
            "schema": "[{\"mode\":\"NULLABLE\",\"name\":\"genre_id\",\"type\":\"INTEGER\"},{\"mode\":\"NULLABLE\",\"name\":\"name\",\"type\":\"STRING\"},{\"mode\":\"NULLABLE\",\"name\":\"is_deleted\",\"type\":\"BOOLEAN\"},{\"mode\":\"NULLABLE\",\"name\":\"_loaded_at\",\"type\":\"TIMESTAMP\"},{\"mode\":\"NULLABLE\",\"name\":\"_source_ts_ms\",\"type\":\"INTEGER\"}]",
            "schema_foreign_type_info": [],
            "self_link": "https://bigquery.googleapis.com/bigquery/v2/projects/kafka-2-bq-streaming-demo/datasets/silver/tables/genre",
            "table_constraints": [],
            "table_id": "genre",
            "table_metadata_view": null,
            "table_replication_info": [],
            "terraform_labels": {
              "env": "demo",
              "goog-terraform-provisioned": "true",
              "managed_by": "terraform",
              "project": "cdc-pipeline-demo"
            },
            "time_partitioning": [],
            "type": "VIEW",
            "view": [
              {
                "query": "SELECT\n  CAST(JSON_VALUE(after, '$.genre_id') AS INT64)  AS genre_id,\n  JSON_VALUE(after, '$.name')                     AS name,\n  IF(op = 'd', TRUE, FALSE)                       AS is_deleted,\n  _loaded_at,\n  ts_ms                                           AS _source_ts_ms\nFROM `kafka-2-bq-streaming-demo.bronze.genre_raw`\nQUALIFY ROW_NUMBER() OVER (\n  PARTITION BY CAST(JSON_VALUE(after, '$.genre_id') AS INT64)\n  ORDER BY _loaded_at DESC, ts_ms DESC\n) = 1\n",
                "use_legacy_sql": false
              }
            ]
          },
          "sensitive_attributes": [],
          "identity_schema_version": 1,
          "identity": {
            "dataset_id": "silver",
            "project": "kafka-2-bq-streaming-demo",
            "table_id": "genre"
          },
          "private": "bnVsbA==",
          "dependencies": [
            "google_bigquery_dataset.silver",
            "google_project_service.apis"
          ]
        }
      ]
    },
    {
      "mode": "managed",
      "type": "google_bigquery_table",
      "name": "silver_invoice",
      "provider": "provider[\"registry.terraform.io/hashicorp/google\"]",
      "instances": [
        {
          "schema_version": 0,
          "attributes": {
            "biglake_configuration": [],
            "clustering": null,
            "creation_time": 1124158078,
            "dataset_id": "silver",
            "deletion_policy": "DELETE",
            "deletion_protection": false,
            "description": "Current-state invoice records",
            "effective_labels": {
              "env": "demo",
              "goog-terraform-provisioned": "true",
              "managed_by": "terraform",
              "project": "cdc-pipeline-demo"
            },
            "encryption_configuration": [],
            "etag": "c9HmJD7cveldNb+VgEUBuA==",
            "expiration_time": null,
            "external_catalog_table_options": [],
            "external_data_configuration": [],
            "friendly_name": "",
            "generated_schema_columns": "",
            "id": "projects/kafka-2-bq-streaming-demo/datasets/silver/tables/invoice",
            "ignore_auto_generated_schema": false,
            "ignore_schema_changes": null,
            "labels": {
              "env": "demo",
              "managed_by": "terraform",
              "project": "cdc-pipeline-demo"
            },
            "last_modified_time": 1124158211,
            "location": "europe-west1",
            "materialized_view": [],
            "max_staleness": "",
            "num_bytes": null,
            "num_long_term_bytes": null,
            "num_rows": null,
            "project": "kafka-2-bq-streaming-demo",
            "range_partitioning": [],
            "require_partition_filter": null,
            "resource_tags": {},
            "schema": "[{\"mode\":\"REQUIRED\",\"name\":\"invoice_id\",\"type\":\"INTEGER\"},{\"mode\":\"NULLABLE\",\"name\":\"customer_id\",\"type\":\"INTEGER\"},{\"mode\":\"NULLABLE\",\"name\":\"invoice_date\",\"type\":\"TIMESTAMP\"},{\"mode\":\"NULLABLE\",\"name\":\"billing_address\",\"type\":\"STRING\"},{\"mode\":\"NULLABLE\",\"name\":\"billing_city\",\"type\":\"STRING\"},{\"mode\":\"NULLABLE\",\"name\":\"billing_state\",\"type\":\"STRING\"},{\"mode\":\"NULLABLE\",\"name\":\"billing_country\",\"type\":\"STRING\"},{\"mode\":\"NULLABLE\",\"name\":\"billing_postal_code\",\"type\":\"STRING\"},{\"mode\":\"NULLABLE\",\"name\":\"total\",\"type\":\"FLOAT\"},{\"mode\":\"REQUIRED\",\"name\":\"is_deleted\",\"type\":\"BOOLEAN\"},{\"mode\":\"REQUIRED\",\"name\":\"_loaded_at\",\"type\":\"TIMESTAMP\"},{\"mode\":\"NULLABLE\",\"name\":\"_source_ts_ms\",\"type\":\"INTEGER\"}]",
            "schema_foreign_type_info": [],
            "self_link": "https://bigquery.googleapis.com/bigquery/v2/projects/kafka-2-bq-streaming-demo/datasets/silver/tables/invoice",
            "table_constraints": [],
            "table_id": "invoice",
            "table_metadata_view": null,
            "table_replication_info": [],
            "terraform_labels": {
              "env": "demo",
              "goog-terraform-provisioned": "true",
              "managed_by": "terraform",
              "project": "cdc-pipeline-demo"
            },
            "time_partitioning": [],
            "type": "TABLE",
            "view": []
          },
          "sensitive_attributes": [],
          "identity_schema_version": 1,
          "identity": {
            "dataset_id": "silver",
            "project": "kafka-2-bq-streaming-demo",
            "table_id": "invoice"
          },
          "private": "bnVsbA==",
          "dependencies": [
            "google_bigquery_dataset.silver",
            "google_project_service.apis"
          ]
        }
      ]
    },
    {
      "mode": "managed",
      "type": "google_bigquery_table",
      "name": "silver_invoice_line",
      "provider": "provider[\"registry.terraform.io/hashicorp/google\"]",
      "instances": [
        {
          "schema_version": 0,
          "attributes": {
            "biglake_configuration": [],
            "clustering": null,
            "creation_time": 1124158551,
            "dataset_id": "silver",
            "deletion_policy": "DELETE",
            "deletion_protection": false,
            "description": "Current-state invoice line records",
            "effective_labels": {
              "env": "demo",
              "goog-terraform-provisioned": "true",
              "managed_by": "terraform",
              "project": "cdc-pipeline-demo"
            },
            "encryption_configuration": [],
            "etag": "VmthQqdsYXiyzJ+MP6dVyg==",
            "expiration_time": null,
            "external_catalog_table_options": [],
            "external_data_configuration": [],
            "friendly_name": "",
            "generated_schema_columns": "",
            "id": "projects/kafka-2-bq-streaming-demo/datasets/silver/tables/invoice_line",
            "ignore_auto_generated_schema": false,
            "ignore_schema_changes": null,
            "labels": {
              "env": "demo",
              "managed_by": "terraform",
              "project": "cdc-pipeline-demo"
            },
            "last_modified_time": 1124158571,
            "location": "europe-west1",
            "materialized_view": [],
            "max_staleness": "",
            "num_bytes": null,
            "num_long_term_bytes": null,
            "num_rows": null,
            "project": "kafka-2-bq-streaming-demo",
            "range_partitioning": [],
            "require_partition_filter": null,
            "resource_tags": {},
            "schema": "[{\"mode\":\"REQUIRED\",\"name\":\"invoice_line_id\",\"type\":\"INTEGER\"},{\"mode\":\"NULLABLE\",\"name\":\"invoice_id\",\"type\":\"INTEGER\"},{\"mode\":\"NULLABLE\",\"name\":\"track_id\",\"type\":\"INTEGER\"},{\"mode\":\"NULLABLE\",\"name\":\"unit_price\",\"type\":\"FLOAT\"},{\"mode\":\"NULLABLE\",\"name\":\"quantity\",\"type\":\"INTEGER\"},{\"mode\":\"REQUIRED\",\"name\":\"is_deleted\",\"type\":\"BOOLEAN\"},{\"mode\":\"REQUIRED\",\"name\":\"_loaded_at\",\"type\":\"TIMESTAMP\"},{\"mode\":\"NULLABLE\",\"name\":\"_source_ts_ms\",\"type\":\"INTEGER\"}]",
            "schema_foreign_type_info": [],
            "self_link": "https://bigquery.googleapis.com/bigquery/v2/projects/kafka-2-bq-streaming-demo/datasets/silver/tables/invoice_line",
            "table_constraints": [],
            "table_id": "invoice_line",
            "table_metadata_view": null,
            "table_replication_info": [],
            "terraform_labels": {
              "env": "demo",
              "goog-terraform-provisioned": "true",
              "managed_by": "terraform",
              "project": "cdc-pipeline-demo"
            },
            "time_partitioning": [],
            "type": "TABLE",
            "view": []
          },
          "sensitive_attributes": [],
          "identity_schema_version": 1,
          "identity": {
            "dataset_id": "silver",
            "project": "kafka-2-bq-streaming-demo",
            "table_id": "invoice_line"
          },
          "private": "bnVsbA==",
          "dependencies": [
            "google_bigquery_dataset.silver",
            "google_project_service.apis"
          ]
        }
      ]
    },
    {
      "mode": "managed",
      "type": "google_bigquery_table",
      "name": "silver_media_type",
      "provider": "provider[\"registry.terraform.io/hashicorp/google\"]",
      "instances": [
        {
          "schema_version": 0,
          "attributes": {
            "biglake_configuration": [],
            "clustering": null,
            "creation_time": 1125345067,
            "dataset_id": "silver",
            "deletion_policy": "DELETE",
            "deletion_protection": false,
            "description": "Current-state media type records (view on Bronze)",
            "effective_labels": {
              "env": "demo",
              "goog-terraform-provisioned": "true",
              "managed_by": "terraform",
              "project": "cdc-pipeline-demo"
            },
            "encryption_configuration": [],
            "etag": "sxz0a9k/kW/Y1jnOzbrFcw==",
            "expiration_time": null,
            "external_catalog_table_options": [],
            "external_data_configuration": [],
            "friendly_name": "",
            "generated_schema_columns": "",
            "id": "projects/kafka-2-bq-streaming-demo/datasets/silver/tables/media_type",
            "ignore_auto_generated_schema": false,
            "ignore_schema_changes": null,
            "labels": {
              "env": "demo",
              "managed_by": "terraform",
              "project": "cdc-pipeline-demo"
            },
            "last_modified_time": 1125345194,
            "location": "europe-west1",
            "materialized_view": [],
            "max_staleness": "",
            "num_bytes": null,
            "num_long_term_bytes": null,
            "num_rows": null,
            "project": "kafka-2-bq-streaming-demo",
            "range_partitioning": [],
            "require_partition_filter": null,
            "resource_tags": {},
            "schema": "[{\"mode\":\"NULLABLE\",\"name\":\"media_type_id\",\"type\":\"INTEGER\"},{\"mode\":\"NULLABLE\",\"name\":\"name\",\"type\":\"STRING\"},{\"mode\":\"NULLABLE\",\"name\":\"is_deleted\",\"type\":\"BOOLEAN\"},{\"mode\":\"NULLABLE\",\"name\":\"_loaded_at\",\"type\":\"TIMESTAMP\"},{\"mode\":\"NULLABLE\",\"name\":\"_source_ts_ms\",\"type\":\"INTEGER\"}]",
            "schema_foreign_type_info": [],
            "self_link": "https://bigquery.googleapis.com/bigquery/v2/projects/kafka-2-bq-streaming-demo/datasets/silver/tables/media_type",
            "table_constraints": [],
            "table_id": "media_type",
            "table_metadata_view": null,
            "table_replication_info": [],
            "terraform_labels": {
              "env": "demo",
              "goog-terraform-provisioned": "true",
              "managed_by": "terraform",
              "project": "cdc-pipeline-demo"
            },
            "time_partitioning": [],
            "type": "VIEW",
            "view": [
              {
                "query": "SELECT\n  CAST(JSON_VALUE(after, '$.media_type_id') AS INT64)  AS media_type_id,\n  JSON_VALUE(after, '$.name')                          AS name,\n  IF(op = 'd', TRUE, FALSE)                            AS is_deleted,\n  _loaded_at,\n  ts_ms                                                AS _source_ts_ms\nFROM `kafka-2-bq-streaming-demo.bronze.media_type_raw`\nQUALIFY ROW_NUMBER() OVER (\n  PARTITION BY CAST(JSON_VALUE(after, '$.media_type_id') AS INT64)\n  ORDER BY _loaded_at DESC, ts_ms DESC\n) = 1\n",
                "use_legacy_sql": false
              }
            ]
          },
          "sensitive_attributes": [],
          "identity_schema_version": 1,
          "identity": {
            "dataset_id": "silver",
            "project": "kafka-2-bq-streaming-demo",
            "table_id": "media_type"
          },
          "private": "bnVsbA==",
          "dependencies": [
            "google_bigquery_dataset.silver",
            "google_project_service.apis"
          ]
        }
      ]
    },
    {
      "mode": "managed",
      "type": "google_bigquery_table",
      "name": "silver_playlist",
      "provider": "provider[\"registry.terraform.io/hashicorp/google\"]",
      "instances": [
        {
          "schema_version": 0,
          "attributes": {
            "biglake_configuration": [],
            "clustering": null,
            "creation_time": 1125345070,
            "dataset_id": "silver",
            "deletion_policy": "DELETE",
            "deletion_protection": false,
            "description": "Current-state playlist records (view on Bronze)",
            "effective_labels": {
              "env": "demo",
              "goog-terraform-provisioned": "true",
              "managed_by": "terraform",
              "project": "cdc-pipeline-demo"
            },
            "encryption_configuration": [],
            "etag": "R5kAa75riA+yuLUaJNBH+g==",
            "expiration_time": null,
            "external_catalog_table_options": [],
            "external_data_configuration": [],
            "friendly_name": "",
            "generated_schema_columns": "",
            "id": "projects/kafka-2-bq-streaming-demo/datasets/silver/tables/playlist",
            "ignore_auto_generated_schema": false,
            "ignore_schema_changes": null,
            "labels": {
              "env": "demo",
              "managed_by": "terraform",
              "project": "cdc-pipeline-demo"
            },
            "last_modified_time": 1125345241,
            "location": "europe-west1",
            "materialized_view": [],
            "max_staleness": "",
            "num_bytes": null,
            "num_long_term_bytes": null,
            "num_rows": null,
            "project": "kafka-2-bq-streaming-demo",
            "range_partitioning": [],
            "require_partition_filter": null,
            "resource_tags": {},
            "schema": "[{\"mode\":\"NULLABLE\",\"name\":\"playlist_id\",\"type\":\"INTEGER\"},{\"mode\":\"NULLABLE\",\"name\":\"name\",\"type\":\"STRING\"},{\"mode\":\"NULLABLE\",\"name\":\"is_deleted\",\"type\":\"BOOLEAN\"},{\"mode\":\"NULLABLE\",\"name\":\"_loaded_at\",\"type\":\"TIMESTAMP\"},{\"mode\":\"NULLABLE\",\"name\":\"_source_ts_ms\",\"type\":\"INTEGER\"}]",
            "schema_foreign_type_info": [],
            "self_link": "https://bigquery.googleapis.com/bigquery/v2/projects/kafka-2-bq-streaming-demo/datasets/silver/tables/playlist",
            "table_constraints": [],
            "table_id": "playlist",
            "table_metadata_view": null,
            "table_replication_info": [],
            "terraform_labels": {
              "env": "demo",
              "goog-terraform-provisioned": "true",
              "managed_by": "terraform",
              "project": "cdc-pipeline-demo"
            },
            "time_partitioning": [],
            "type": "VIEW",
            "view": [
              {
                "query": "SELECT\n  CAST(JSON_VALUE(after, '$.playlist_id') AS INT64)  AS playlist_id,\n  JSON_VALUE(after, '$.name')                        AS name,\n  IF(op = 'd', TRUE, FALSE)                          AS is_deleted,\n  _loaded_at,\n  ts_ms                                              AS _source_ts_ms\nFROM `kafka-2-bq-streaming-demo.bronze.playlist_raw`\nQUALIFY ROW_NUMBER() OVER (\n  PARTITION BY CAST(JSON_VALUE(after, '$.playlist_id') AS INT64)\n  ORDER BY _loaded_at DESC, ts_ms DESC\n) = 1\n",
                "use_legacy_sql": false
              }
            ]
          },
          "sensitive_attributes": [],
          "identity_schema_version": 1,
          "identity": {
            "dataset_id": "silver",
            "project": "kafka-2-bq-streaming-demo",
            "table_id": "playlist"
          },
          "private": "bnVsbA==",
          "dependencies": [
            "google_bigquery_dataset.silver",
            "google_project_service.apis"
          ]
        }
      ]
    },
    {
      "mode": "managed",
      "type": "google_bigquery_table",
      "name": "silver_playlist_track",
      "provider": "provider[\"registry.terraform.io/hashicorp/google\"]",
      "instances": [
        {
          "schema_version": 0,
          "attributes": {
            "biglake_configuration": [],
            "clustering": null,
            "creation_time": 1125345025,
            "dataset_id": "silver",
            "deletion_policy": "DELETE",
            "deletion_protection": false,
            "description": "Current-state playlist-track associations (view on Bronze)",
            "effective_labels": {
              "env": "demo",
              "goog-terraform-provisioned": "true",
              "managed_by": "terraform",
              "project": "cdc-pipeline-demo"
            },
            "encryption_configuration": [],
            "etag": "wHhx42UVIzasPmx4Ns2rJw==",
            "expiration_time": null,
            "external_catalog_table_options": [],
            "external_data_configuration": [],
            "friendly_name": "",
            "generated_schema_columns": "",
            "id": "projects/kafka-2-bq-streaming-demo/datasets/silver/tables/playlist_track",
            "ignore_auto_generated_schema": false,
            "ignore_schema_changes": null,
            "labels": {
              "env": "demo",
              "managed_by": "terraform",
              "project": "cdc-pipeline-demo"
            },
            "last_modified_time": 1125345193,
            "location": "europe-west1",
            "materialized_view": [],
            "max_staleness": "",
            "num_bytes": null,
            "num_long_term_bytes": null,
            "num_rows": null,
            "project": "kafka-2-bq-streaming-demo",
            "range_partitioning": [],
            "require_partition_filter": null,
            "resource_tags": {},
            "schema": "[{\"mode\":\"NULLABLE\",\"name\":\"playlist_id\",\"type\":\"INTEGER\"},{\"mode\":\"NULLABLE\",\"name\":\"track_id\",\"type\":\"INTEGER\"},{\"mode\":\"NULLABLE\",\"name\":\"is_deleted\",\"type\":\"BOOLEAN\"},{\"mode\":\"NULLABLE\",\"name\":\"_loaded_at\",\"type\":\"TIMESTAMP\"},{\"mode\":\"NULLABLE\",\"name\":\"_source_ts_ms\",\"type\":\"INTEGER\"}]",
            "schema_foreign_type_info": [],
            "self_link": "https://bigquery.googleapis.com/bigquery/v2/projects/kafka-2-bq-streaming-demo/datasets/silver/tables/playlist_track",
            "table_constraints": [],
            "table_id": "playlist_track",
            "table_metadata_view": null,
            "table_replication_info": [],
            "terraform_labels": {
              "env": "demo",
              "goog-terraform-provisioned": "true",
              "managed_by": "terraform",
              "project": "cdc-pipeline-demo"
            },
            "time_partitioning": [],
            "type": "VIEW",
            "view": [
              {
                "query": "SELECT\n  CAST(JSON_VALUE(after, '$.playlist_id') AS INT64)  AS playlist_id,\n  CAST(JSON_VALUE(after, '$.track_id') AS INT64)     AS track_id,\n  IF(op = 'd', TRUE, FALSE)                          AS is_deleted,\n  _loaded_at,\n  ts_ms                                              AS _source_ts_ms\nFROM `kafka-2-bq-streaming-demo.bronze.playlist_track_raw`\nQUALIFY ROW_NUMBER() OVER (\n  PARTITION BY\n    CAST(JSON_VALUE(after, '$.playlist_id') AS INT64),\n    CAST(JSON_VALUE(after, '$.track_id') AS INT64)\n  ORDER BY _loaded_at DESC, ts_ms DESC\n) = 1\n",
                "use_legacy_sql": false
              }
            ]
          },
          "sensitive_attributes": [],
          "identity_schema_version": 1,
          "identity": {
            "dataset_id": "silver",
            "project": "kafka-2-bq-streaming-demo",
            "table_id": "playlist_track"
          },
          "private": "bnVsbA==",
          "dependencies": [
            "google_bigquery_dataset.silver",
            "google_project_service.apis"
          ]
        }
      ]
    },
    {
      "mode": "managed",
      "type": "google_bigquery_table",
      "name": "silver_track",
      "provider": "provider[\"registry.terraform.io/hashicorp/google\"]",
      "instances": [
        {
          "schema_version": 0,
          "attributes": {
            "biglake_configuration": [],
            "clustering": null,
            "creation_time": 1124158087,
            "dataset_id": "silver",
            "deletion_policy": "DELETE",
            "deletion_protection": false,
            "description": "Current-state track records",
            "effective_labels": {
              "env": "demo",
              "goog-terraform-provisioned": "true",
              "managed_by": "terraform",
              "project": "cdc-pipeline-demo"
            },
            "encryption_configuration": [],
            "etag": "3y4FMyd6nMOKTmUIrMUReg==",
            "expiration_time": null,
            "external_catalog_table_options": [],
            "external_data_configuration": [],
            "friendly_name": "",
            "generated_schema_columns": "",
            "id": "projects/kafka-2-bq-streaming-demo/datasets/silver/tables/track",
            "ignore_auto_generated_schema": false,
            "ignore_schema_changes": null,
            "labels": {
              "env": "demo",
              "managed_by": "terraform",
              "project": "cdc-pipeline-demo"
            },
            "last_modified_time": 1124158210,
            "location": "europe-west1",
            "materialized_view": [],
            "max_staleness": "",
            "num_bytes": null,
            "num_long_term_bytes": null,
            "num_rows": null,
            "project": "kafka-2-bq-streaming-demo",
            "range_partitioning": [],
            "require_partition_filter": null,
            "resource_tags": {},
            "schema": "[{\"mode\":\"REQUIRED\",\"name\":\"track_id\",\"type\":\"INTEGER\"},{\"mode\":\"NULLABLE\",\"name\":\"name\",\"type\":\"STRING\"},{\"mode\":\"NULLABLE\",\"name\":\"album_id\",\"type\":\"INTEGER\"},{\"mode\":\"NULLABLE\",\"name\":\"media_type_id\",\"type\":\"INTEGER\"},{\"mode\":\"NULLABLE\",\"name\":\"genre_id\",\"type\":\"INTEGER\"},{\"mode\":\"NULLABLE\",\"name\":\"composer\",\"type\":\"STRING\"},{\"mode\":\"NULLABLE\",\"name\":\"milliseconds\",\"type\":\"INTEGER\"},{\"mode\":\"NULLABLE\",\"name\":\"bytes\",\"type\":\"INTEGER\"},{\"mode\":\"NULLABLE\",\"name\":\"unit_price\",\"type\":\"FLOAT\"},{\"mode\":\"REQUIRED\",\"name\":\"is_deleted\",\"type\":\"BOOLEAN\"},{\"mode\":\"REQUIRED\",\"name\":\"_loaded_at\",\"type\":\"TIMESTAMP\"},{\"mode\":\"NULLABLE\",\"name\":\"_source_ts_ms\",\"type\":\"INTEGER\"}]",
            "schema_foreign_type_info": [],
            "self_link": "https://bigquery.googleapis.com/bigquery/v2/projects/kafka-2-bq-streaming-demo/datasets/silver/tables/track",
            "table_constraints": [],
            "table_id": "track",
            "table_metadata_view": null,
            "table_replication_info": [],
            "terraform_labels": {
              "env": "demo",
              "goog-terraform-provisioned": "true",
              "managed_by": "terraform",
              "project": "cdc-pipeline-demo"
            },
            "time_partitioning": [],
            "type": "TABLE",
            "view": []
          },
          "sensitive_attributes": [],
          "identity_schema_version": 1,
          "identity": {
            "dataset_id": "silver",
            "project": "kafka-2-bq-streaming-demo",
            "table_id": "track"
          },
          "private": "bnVsbA==",
          "dependencies": [
            "google_bigquery_dataset.silver",
            "google_project_service.apis"
          ]
        }
      ]
    },
    {
      "mode": "managed",
      "type": "google_cloud_run_v2_service",
      "name": "kafka_connect_sink",
      "provider": "provider[\"registry.terraform.io/hashicorp/google\"]",
      "instances": [
        {
          "schema_version": 0,
          "attributes": {
            "annotations": {},
            "binary_authorization": [],
            "build_config": [],
            "client": "",
            "client_version": "",
            "conditions": [
              {
                "execution_reason": "",
                "last_transition_time": "2026-08-27T11:36:15.649255Z",
                "message": "Image 'europe-west1-docker.pkg.dev/kafka-2-bq-streaming-demo/cdc-demo-docker/kafka-connect:latest' not found.",
                "reason": "REVISION_FAILED",
                "revision_reason": "",
                "severity": "",
                "state": "CONDITION_FAILED",
                "type": "RoutesReady"
              },
              {
                "execution_reason": "",
                "last_transition_time": "2026-08-27T11:36:13.161118Z",
                "message": "Image 'europe-west1-docker.pkg.dev/kafka-2-bq-streaming-demo/cdc-demo-docker/kafka-connect:latest' not found.",
                "reason": "",
                "revision_reason": "",
                "severity": "",
                "state": "CONDITION_FAILED",
                "type": "ConfigurationsReady"
              }
            ],
            "create_time": "2026-08-27T11:36:12.781379Z",
            "creator": "admin@saschadittmann.altostrat.com",
            "custom_audiences": [],
            "default_uri_disabled": false,
            "delete_time": "",
            "deletion_policy": "DELETE",
            "deletion_protection": false,
            "description": "",
            "effective_annotations": {},
            "effective_labels": {
              "component": "kafka-connect-sink",
              "env": "demo",
              "goog-terraform-provisioned": "true",
              "managed_by": "terraform",
              "project": "cdc-pipeline-demo"
            },
            "etag": "\"CKzCwNQGELjLy_QC/cHJvamVjdHMva2Fma2EtMi1icS1zdHJlYW1pbmctZGVtby9sb2NhdGlvbnMvZXVyb3BlLXdlc3QxL3NlcnZpY2VzL2NkYy1kZW1vLWNvbm5lY3Qtc2luaw\"",
            "expire_time": "",
            "generation": "1",
            "iap_enabled": false,
            "id": "projects/kafka-2-bq-streaming-demo/locations/europe-west1/services/cdc-demo-connect-sink",
            "ingress": "INGRESS_TRAFFIC_INTERNAL_ONLY",
            "invoker_iam_disabled": false,
            "labels": {
              "component": "kafka-connect-sink",
              "env": "demo",
              "managed_by": "terraform",
              "project": "cdc-pipeline-demo"
            },
            "last_modifier": "admin@saschadittmann.altostrat.com",
            "latest_created_revision": "projects/kafka-2-bq-streaming-demo/locations/europe-west1/services/cdc-demo-connect-sink/revisions/cdc-demo-connect-sink-00001-vcv",
            "latest_ready_revision": "",
            "launch_stage": "GA",
            "location": "europe-west1",
            "multi_region_settings": [],
            "name": "cdc-demo-connect-sink",
            "observed_generation": "1",
            "project": "kafka-2-bq-streaming-demo",
            "reconciling": false,
            "scaling": [
              {
                "manual_instance_count": 0,
                "max_instance_count": 100,
                "min_instance_count": 0,
                "scaling_mode": ""
              }
            ],
            "tags": null,
            "template": [
              {
                "annotations": {},
                "containers": [
                  {
                    "args": [],
                    "base_image_uri": "",
                    "build_info": [],
                    "command": [],
                    "depends_on": [],
                    "env": [
                      {
                        "name": "CONNECT_BOOTSTRAP_SERVERS",
                        "value": "bootstrap.cdc-demo-kafka.europe-west1.managedkafka.kafka-2-bq-streaming-demo.cloud.goog:9092",
                        "value_source": []
                      },
                      {
                        "name": "CONNECT_CONFIG_STORAGE_REPLICATION_FACTOR",
                        "value": "3",
                        "value_source": []
                      },
                      {
                        "name": "CONNECT_CONFIG_STORAGE_TOPIC",
                        "value": "sink-connect-configs",
                        "value_source": []
                      },
                      {
                        "name": "CONNECT_CONSUMER_SASL_JAAS_CONFIG",
                        "value": "org.apache.kafka.common.security.oauthbearer.OAuthBearerLoginModule required;",
                        "value_source": []
                      },
                      {
                        "name": "CONNECT_CONSUMER_SASL_LOGIN_CALLBACK_HANDLER_CLASS",
                        "value": "com.google.cloud.hosted.kafka.auth.GcpLoginCallbackHandler",
                        "value_source": []
                      },
                      {
                        "name": "CONNECT_CONSUMER_SASL_MECHANISM",
                        "value": "OAUTHBEARER",
                        "value_source": []
                      },
                      {
                        "name": "CONNECT_CONSUMER_SECURITY_PROTOCOL",
                        "value": "SASL_SSL",
                        "value_source": []
                      },
                      {
                        "name": "CONNECT_GROUP_ID",
                        "value": "cdc-sink-group",
                        "value_source": []
                      },
                      {
                        "name": "CONNECT_KEY_CONVERTER",
                        "value": "org.apache.kafka.connect.json.JsonConverter",
                        "value_source": []
                      },
                      {
                        "name": "CONNECT_KEY_CONVERTER_SCHEMAS_ENABLE",
                        "value": "false",
                        "value_source": []
                      },
                      {
                        "name": "CONNECT_OFFSET_STORAGE_REPLICATION_FACTOR",
                        "value": "3",
                        "value_source": []
                      },
                      {
                        "name": "CONNECT_OFFSET_STORAGE_TOPIC",
                        "value": "sink-connect-offsets",
                        "value_source": []
                      },
                      {
                        "name": "CONNECT_PLUGIN_PATH",
                        "value": "/usr/share/confluent-hub-components,/etc/kafka-connect/jars",
                        "value_source": []
                      },
                      {
                        "name": "CONNECT_PRODUCER_SASL_JAAS_CONFIG",
                        "value": "org.apache.kafka.common.security.oauthbearer.OAuthBearerLoginModule required;",
                        "value_source": []
                      },
                      {
                        "name": "CONNECT_PRODUCER_SASL_LOGIN_CALLBACK_HANDLER_CLASS",
                        "value": "com.google.cloud.hosted.kafka.auth.GcpLoginCallbackHandler",
                        "value_source": []
                      },
                      {
                        "name": "CONNECT_PRODUCER_SASL_MECHANISM",
                        "value": "OAUTHBEARER",
                        "value_source": []
                      },
                      {
                        "name": "CONNECT_PRODUCER_SECURITY_PROTOCOL",
                        "value": "SASL_SSL",
                        "value_source": []
                      },
                      {
                        "name": "CONNECT_REST_ADVERTISED_HOST_NAME",
                        "value": "localhost",
                        "value_source": []
                      },
                      {
                        "name": "CONNECT_REST_PORT",
                        "value": "8080",
                        "value_source": []
                      },
                      {
                        "name": "CONNECT_SASL_JAAS_CONFIG",
                        "value": "org.apache.kafka.common.security.oauthbearer.OAuthBearerLoginModule required;",
                        "value_source": []
                      },
                      {
                        "name": "CONNECT_SASL_LOGIN_CALLBACK_HANDLER_CLASS",
                        "value": "com.google.cloud.hosted.kafka.auth.GcpLoginCallbackHandler",
                        "value_source": []
                      },
                      {
                        "name": "CONNECT_SASL_MECHANISM",
                        "value": "OAUTHBEARER",
                        "value_source": []
                      },
                      {
                        "name": "CONNECT_SECURITY_PROTOCOL",
                        "value": "SASL_SSL",
                        "value_source": []
                      },
                      {
                        "name": "CONNECT_STATUS_STORAGE_REPLICATION_FACTOR",
                        "value": "3",
                        "value_source": []
                      },
                      {
                        "name": "CONNECT_STATUS_STORAGE_TOPIC",
                        "value": "sink-connect-status",
                        "value_source": []
                      },
                      {
                        "name": "CONNECT_VALUE_CONVERTER",
                        "value": "org.apache.kafka.connect.json.JsonConverter",
                        "value_source": []
                      },
                      {
                        "name": "CONNECT_VALUE_CONVERTER_SCHEMAS_ENABLE",
                        "value": "false",
                        "value_source": []
                      }
                    ],
                    "image": "europe-west1-docker.pkg.dev/kafka-2-bq-streaming-demo/cdc-demo-docker/kafka-connect:latest",
                    "liveness_probe": [],
                    "name": "",
                    "ports": [
                      {
                        "container_port": 8080,
                        "name": "http1"
                      }
                    ],
                    "readiness_probe": [],
                    "resources": [
                      {
                        "cpu_idle": false,
                        "limits": {
                          "cpu": "2",
                          "memory": "2Gi"
                        },
                        "startup_cpu_boost": false
                      }
                    ],
                    "sandbox_launcher": false,
                    "startup_probe": [
                      {
                        "failure_threshold": 1,
                        "grpc": [],
                        "http_get": [],
                        "initial_delay_seconds": 0,
                        "period_seconds": 240,
                        "tcp_socket": [
                          {
                            "port": 8080
                          }
                        ],
                        "timeout_seconds": 240
                      }
                    ],
                    "volume_mounts": [],
                    "working_dir": ""
                  }
                ],
                "encryption_key": "",
                "execution_environment": "",
                "gpu_zonal_redundancy_disabled": false,
                "health_check_disabled": false,
                "labels": {},
                "max_instance_request_concurrency": 160,
                "node_selector": [],
                "revision": "",
                "sandboxes": [],
                "scaling": [
                  {
                    "max_instance_count": 4,
                    "min_instance_count": 1
                  }
                ],
                "service_account": "cdc-demo-kafka-connect@kafka-2-bq-streaming-demo.iam.gserviceaccount.com",
                "session_affinity": false,
                "timeout": "300s",
                "volumes": [],
                "vpc_access": [
                  {
                    "connector": "projects/kafka-2-bq-streaming-demo/locations/europe-west1/connectors/cdc-demo-vpc-connector",
                    "egress": "ALL_TRAFFIC",
                    "network_interfaces": []
                  }
                ]
              }
            ],
            "terminal_condition": [
              {
                "execution_reason": "",
                "last_transition_time": "2026-08-27T11:36:15.649255Z",
                "message": "Image 'europe-west1-docker.pkg.dev/kafka-2-bq-streaming-demo/cdc-demo-docker/kafka-connect:latest' not found.",
                "reason": "REVISION_FAILED",
                "revision_reason": "",
                "severity": "",
                "state": "CONDITION_FAILED",
                "type": "Ready"
              }
            ],
            "terraform_labels": {
              "component": "kafka-connect-sink",
              "env": "demo",
              "goog-terraform-provisioned": "true",
              "managed_by": "terraform",
              "project": "cdc-pipeline-demo"
            },
            "timeouts": null,
            "traffic": [
              {
                "percent": 100,
                "revision": "",
                "tag": "",
                "type": "TRAFFIC_TARGET_ALLOCATION_TYPE_LATEST"
              }
            ],
            "traffic_statuses": [],
            "uid": "51934e47-e73e-435e-b88f-51174e2092f8",
            "update_time": "2026-08-27T11:36:12.781379Z",
            "uri": "",
            "urls": [
              "https://cdc-demo-connect-sink-853941188720.europe-west1.run.app"
            ]
          },
          "sensitive_attributes": [],
          "identity_schema_version": 1,
          "identity": {
            "location": "europe-west1",
            "name": "cdc-demo-connect-sink",
            "project": "kafka-2-bq-streaming-demo"
          },
          "private": "eyJlMmJmYjczMC1lY2FhLTExZTYtOGY4OC0zNDM2M2JjN2M0YzAiOnsiY3JlYXRlIjoxMjAwMDAwMDAwMDAwLCJkZWxldGUiOjEyMDAwMDAwMDAwMDAsInVwZGF0ZSI6MTIwMDAwMDAwMDAwMH19",
          "dependencies": [
            "google_artifact_registry_repository.docker",
            "google_compute_network.vpc",
            "google_compute_subnetwork.subnet",
            "google_managed_kafka_cluster.cluster",
            "google_project_service.apis",
            "google_service_account.kafka_connect",
            "google_vpc_access_connector.connector"
          ]
        }
      ]
    },
    {
      "mode": "managed",
      "type": "google_cloud_run_v2_service",
      "name": "kafka_connect_source",
      "provider": "provider[\"registry.terraform.io/hashicorp/google\"]",
      "instances": [
        {
          "schema_version": 0,
          "attributes": {
            "annotations": {},
            "binary_authorization": [],
            "build_config": [],
            "client": "",
            "client_version": "",
            "conditions": [
              {
                "execution_reason": "",
                "last_transition_time": "2026-08-27T11:36:15.626311Z",
                "message": "Image 'europe-west1-docker.pkg.dev/kafka-2-bq-streaming-demo/cdc-demo-docker/kafka-connect:latest' not found.",
                "reason": "REVISION_FAILED",
                "revision_reason": "",
                "severity": "",
                "state": "CONDITION_FAILED",
                "type": "RoutesReady"
              },
              {
                "execution_reason": "",
                "last_transition_time": "2026-08-27T11:36:13.210885Z",
                "message": "Image 'europe-west1-docker.pkg.dev/kafka-2-bq-streaming-demo/cdc-demo-docker/kafka-connect:latest' not found.",
                "reason": "",
                "revision_reason": "",
                "severity": "",
                "state": "CONDITION_FAILED",
                "type": "ConfigurationsReady"
              }
            ],
            "create_time": "2026-08-27T11:36:12.813594Z",
            "creator": "admin@saschadittmann.altostrat.com",
            "custom_audiences": [],
            "default_uri_disabled": false,
            "delete_time": "",
            "deletion_policy": "DELETE",
            "deletion_protection": false,
            "description": "",
            "effective_annotations": {},
            "effective_labels": {
              "component": "kafka-connect-source",
              "env": "demo",
              "goog-terraform-provisioned": "true",
              "managed_by": "terraform",
              "project": "cdc-pipeline-demo"
            },
            "etag": "\"CKzCwNQGEJDr-YMD/cHJvamVjdHMva2Fma2EtMi1icS1zdHJlYW1pbmctZGVtby9sb2NhdGlvbnMvZXVyb3BlLXdlc3QxL3NlcnZpY2VzL2NkYy1kZW1vLWNvbm5lY3Qtc291cmNl\"",
            "expire_time": "",
            "generation": "1",
            "iap_enabled": false,
            "id": "projects/kafka-2-bq-streaming-demo/locations/europe-west1/services/cdc-demo-connect-source",
            "ingress": "INGRESS_TRAFFIC_INTERNAL_ONLY",
            "invoker_iam_disabled": false,
            "labels": {
              "component": "kafka-connect-source",
              "env": "demo",
              "managed_by": "terraform",
              "project": "cdc-pipeline-demo"
            },
            "last_modifier": "admin@saschadittmann.altostrat.com",
            "latest_created_revision": "projects/kafka-2-bq-streaming-demo/locations/europe-west1/services/cdc-demo-connect-source/revisions/cdc-demo-connect-source-00001-8kk",
            "latest_ready_revision": "",
            "launch_stage": "GA",
            "location": "europe-west1",
            "multi_region_settings": [],
            "name": "cdc-demo-connect-source",
            "observed_generation": "1",
            "project": "kafka-2-bq-streaming-demo",
            "reconciling": false,
            "scaling": [
              {
                "manual_instance_count": 0,
                "max_instance_count": 100,
                "min_instance_count": 0,
                "scaling_mode": ""
              }
            ],
            "tags": null,
            "template": [
              {
                "annotations": {},
                "containers": [
                  {
                    "args": [],
                    "base_image_uri": "",
                    "build_info": [],
                    "command": [],
                    "depends_on": [],
                    "env": [
                      {
                        "name": "CONNECT_BOOTSTRAP_SERVERS",
                        "value": "bootstrap.cdc-demo-kafka.europe-west1.managedkafka.kafka-2-bq-streaming-demo.cloud.goog:9092",
                        "value_source": []
                      },
                      {
                        "name": "CONNECT_CONFIG_STORAGE_REPLICATION_FACTOR",
                        "value": "3",
                        "value_source": []
                      },
                      {
                        "name": "CONNECT_CONFIG_STORAGE_TOPIC",
                        "value": "source-connect-configs",
                        "value_source": []
                      },
                      {
                        "name": "CONNECT_CONSUMER_SASL_JAAS_CONFIG",
                        "value": "org.apache.kafka.common.security.oauthbearer.OAuthBearerLoginModule required;",
                        "value_source": []
                      },
                      {
                        "name": "CONNECT_CONSUMER_SASL_LOGIN_CALLBACK_HANDLER_CLASS",
                        "value": "com.google.cloud.hosted.kafka.auth.GcpLoginCallbackHandler",
                        "value_source": []
                      },
                      {
                        "name": "CONNECT_CONSUMER_SASL_MECHANISM",
                        "value": "OAUTHBEARER",
                        "value_source": []
                      },
                      {
                        "name": "CONNECT_CONSUMER_SECURITY_PROTOCOL",
                        "value": "SASL_SSL",
                        "value_source": []
                      },
                      {
                        "name": "CONNECT_GROUP_ID",
                        "value": "cdc-source-group",
                        "value_source": []
                      },
                      {
                        "name": "CONNECT_KEY_CONVERTER",
                        "value": "org.apache.kafka.connect.json.JsonConverter",
                        "value_source": []
                      },
                      {
                        "name": "CONNECT_KEY_CONVERTER_SCHEMAS_ENABLE",
                        "value": "false",
                        "value_source": []
                      },
                      {
                        "name": "CONNECT_OFFSET_STORAGE_REPLICATION_FACTOR",
                        "value": "3",
                        "value_source": []
                      },
                      {
                        "name": "CONNECT_OFFSET_STORAGE_TOPIC",
                        "value": "source-connect-offsets",
                        "value_source": []
                      },
                      {
                        "name": "CONNECT_PLUGIN_PATH",
                        "value": "/usr/share/confluent-hub-components,/etc/kafka-connect/jars",
                        "value_source": []
                      },
                      {
                        "name": "CONNECT_PRODUCER_SASL_JAAS_CONFIG",
                        "value": "org.apache.kafka.common.security.oauthbearer.OAuthBearerLoginModule required;",
                        "value_source": []
                      },
                      {
                        "name": "CONNECT_PRODUCER_SASL_LOGIN_CALLBACK_HANDLER_CLASS",
                        "value": "com.google.cloud.hosted.kafka.auth.GcpLoginCallbackHandler",
                        "value_source": []
                      },
                      {
                        "name": "CONNECT_PRODUCER_SASL_MECHANISM",
                        "value": "OAUTHBEARER",
                        "value_source": []
                      },
                      {
                        "name": "CONNECT_PRODUCER_SECURITY_PROTOCOL",
                        "value": "SASL_SSL",
                        "value_source": []
                      },
                      {
                        "name": "CONNECT_REST_ADVERTISED_HOST_NAME",
                        "value": "localhost",
                        "value_source": []
                      },
                      {
                        "name": "CONNECT_REST_PORT",
                        "value": "8080",
                        "value_source": []
                      },
                      {
                        "name": "CONNECT_SASL_JAAS_CONFIG",
                        "value": "org.apache.kafka.common.security.oauthbearer.OAuthBearerLoginModule required;",
                        "value_source": []
                      },
                      {
                        "name": "CONNECT_SASL_LOGIN_CALLBACK_HANDLER_CLASS",
                        "value": "com.google.cloud.hosted.kafka.auth.GcpLoginCallbackHandler",
                        "value_source": []
                      },
                      {
                        "name": "CONNECT_SASL_MECHANISM",
                        "value": "OAUTHBEARER",
                        "value_source": []
                      },
                      {
                        "name": "CONNECT_SECURITY_PROTOCOL",
                        "value": "SASL_SSL",
                        "value_source": []
                      },
                      {
                        "name": "CONNECT_STATUS_STORAGE_REPLICATION_FACTOR",
                        "value": "3",
                        "value_source": []
                      },
                      {
                        "name": "CONNECT_STATUS_STORAGE_TOPIC",
                        "value": "source-connect-status",
                        "value_source": []
                      },
                      {
                        "name": "CONNECT_VALUE_CONVERTER",
                        "value": "org.apache.kafka.connect.json.JsonConverter",
                        "value_source": []
                      },
                      {
                        "name": "CONNECT_VALUE_CONVERTER_SCHEMAS_ENABLE",
                        "value": "false",
                        "value_source": []
                      }
                    ],
                    "image": "europe-west1-docker.pkg.dev/kafka-2-bq-streaming-demo/cdc-demo-docker/kafka-connect:latest",
                    "liveness_probe": [],
                    "name": "",
                    "ports": [
                      {
                        "container_port": 8080,
                        "name": "http1"
                      }
                    ],
                    "readiness_probe": [],
                    "resources": [
                      {
                        "cpu_idle": false,
                        "limits": {
                          "cpu": "1",
                          "memory": "1Gi"
                        },
                        "startup_cpu_boost": false
                      }
                    ],
                    "sandbox_launcher": false,
                    "startup_probe": [
                      {
                        "failure_threshold": 1,
                        "grpc": [],
                        "http_get": [],
                        "initial_delay_seconds": 0,
                        "period_seconds": 240,
                        "tcp_socket": [
                          {
                            "port": 8080
                          }
                        ],
                        "timeout_seconds": 240
                      }
                    ],
                    "volume_mounts": [],
                    "working_dir": ""
                  }
                ],
                "encryption_key": "",
                "execution_environment": "",
                "gpu_zonal_redundancy_disabled": false,
                "health_check_disabled": false,
                "labels": {},
                "max_instance_request_concurrency": 80,
                "node_selector": [],
                "revision": "",
                "sandboxes": [],
                "scaling": [
                  {
                    "max_instance_count": 1,
                    "min_instance_count": 1
                  }
                ],
                "service_account": "cdc-demo-kafka-connect@kafka-2-bq-streaming-demo.iam.gserviceaccount.com",
                "session_affinity": false,
                "timeout": "300s",
                "volumes": [],
                "vpc_access": [
                  {
                    "connector": "projects/kafka-2-bq-streaming-demo/locations/europe-west1/connectors/cdc-demo-vpc-connector",
                    "egress": "ALL_TRAFFIC",
                    "network_interfaces": []
                  }
                ]
              }
            ],
            "terminal_condition": [
              {
                "execution_reason": "",
                "last_transition_time": "2026-08-27T11:36:15.626311Z",
                "message": "Image 'europe-west1-docker.pkg.dev/kafka-2-bq-streaming-demo/cdc-demo-docker/kafka-connect:latest' not found.",
                "reason": "REVISION_FAILED",
                "revision_reason": "",
                "severity": "",
                "state": "CONDITION_FAILED",
                "type": "Ready"
              }
            ],
            "terraform_labels": {
              "component": "kafka-connect-source",
              "env": "demo",
              "goog-terraform-provisioned": "true",
              "managed_by": "terraform",
              "project": "cdc-pipeline-demo"
            },
            "timeouts": null,
            "traffic": [
              {
                "percent": 100,
                "revision": "",
                "tag": "",
                "type": "TRAFFIC_TARGET_ALLOCATION_TYPE_LATEST"
              }
            ],
            "traffic_statuses": [],
            "uid": "bde35b10-9c2d-4da6-86c5-2f8ec18d569c",
            "update_time": "2026-08-27T11:36:12.813594Z",
            "uri": "",
            "urls": [
              "https://cdc-demo-connect-source-853941188720.europe-west1.run.app"
            ]
          },
          "sensitive_attributes": [],
          "identity_schema_version": 1,
          "identity": {
            "location": "europe-west1",
            "name": "cdc-demo-connect-source",
            "project": "kafka-2-bq-streaming-demo"
          },
          "private": "eyJlMmJmYjczMC1lY2FhLTExZTYtOGY4OC0zNDM2M2JjN2M0YzAiOnsiY3JlYXRlIjoxMjAwMDAwMDAwMDAwLCJkZWxldGUiOjEyMDAwMDAwMDAwMDAsInVwZGF0ZSI6MTIwMDAwMDAwMDAwMH19",
          "dependencies": [
            "google_artifact_registry_repository.docker",
            "google_compute_network.vpc",
            "google_compute_subnetwork.subnet",
            "google_managed_kafka_cluster.cluster",
            "google_project_service.apis",
            "google_service_account.kafka_connect",
            "google_vpc_access_connector.connector"
          ]
        }
      ]
    },
    {
      "mode": "managed",
      "type": "google_compute_firewall",
      "name": "allow_health_checks",
      "provider": "provider[\"registry.terraform.io/hashicorp/google\"]",
      "instances": [
        {
          "schema_version": 1,
          "attributes": {
            "allow": [
              {
                "ports": [
                  "8083"
                ],
                "protocol": "tcp"
              }
            ],
            "creation_timestamp": "2026-08-27T01:58:13.154-07:00",
            "deletion_policy": "DELETE",
            "deny": [],
            "description": "Allow Google health check probes",
            "destination_ranges": [],
            "direction": "INGRESS",
            "disabled": false,
            "enable_logging": null,
            "id": "projects/kafka-2-bq-streaming-demo/global/firewalls/cdc-demo-allow-health-checks",
            "log_config": [],
            "name": "cdc-demo-allow-health-checks",
            "network": "https://www.googleapis.com/compute/v1/projects/kafka-2-bq-streaming-demo/global/networks/cdc-demo-vpc",
            "params": [],
            "priority": 900,
            "project": "kafka-2-bq-streaming-demo",
            "self_link": "https://www.googleapis.com/compute/v1/projects/kafka-2-bq-streaming-demo/global/firewalls/cdc-demo-allow-health-checks",
            "source_ranges": [
              "130.211.0.0/22",
              "35.191.0.0/16"
            ],
            "source_service_accounts": [],
            "source_tags": [],
            "target_service_accounts": [],
            "target_tags": [],
            "timeouts": null
          },
          "sensitive_attributes": [],
          "identity_schema_version": 1,
          "identity": {
            "name": "cdc-demo-allow-health-checks",
            "project": "kafka-2-bq-streaming-demo"
          },
          "private": "eyJlMmJmYjczMC1lY2FhLTExZTYtOGY4OC0zNDM2M2JjN2M0YzAiOnsiY3JlYXRlIjoxMjAwMDAwMDAwMDAwLCJkZWxldGUiOjEyMDAwMDAwMDAwMDAsInVwZGF0ZSI6MTIwMDAwMDAwMDAwMH0sInNjaGVtYV92ZXJzaW9uIjoiMSJ9",
          "dependencies": [
            "google_compute_network.vpc",
            "google_project_service.apis"
          ]
        }
      ]
    },
    {
      "mode": "managed",
      "type": "google_compute_firewall",
      "name": "allow_internal",
      "provider": "provider[\"registry.terraform.io/hashicorp/google\"]",
      "instances": [
        {
          "schema_version": 1,
          "attributes": {
            "allow": [
              {
                "ports": [
                  "5432",
                  "8083",
                  "9092",
                  "9093"
                ],
                "protocol": "tcp"
              },
              {
                "ports": [],
                "protocol": "icmp"
              }
            ],
            "creation_timestamp": "2026-08-27T01:58:13.148-07:00",
            "deletion_policy": "DELETE",
            "deny": [],
            "description": "Allow internal TCP traffic for CDC pipeline services",
            "destination_ranges": [],
            "direction": "INGRESS",
            "disabled": false,
            "enable_logging": null,
            "id": "projects/kafka-2-bq-streaming-demo/global/firewalls/cdc-demo-allow-internal",
            "log_config": [],
            "name": "cdc-demo-allow-internal",
            "network": "https://www.googleapis.com/compute/v1/projects/kafka-2-bq-streaming-demo/global/networks/cdc-demo-vpc",
            "params": [],
            "priority": 1000,
            "project": "kafka-2-bq-streaming-demo",
            "self_link": "https://www.googleapis.com/compute/v1/projects/kafka-2-bq-streaming-demo/global/firewalls/cdc-demo-allow-internal",
            "source_ranges": [
              "10.0.1.0/24",
              "10.8.0.0/28"
            ],
            "source_service_accounts": [],
            "source_tags": [],
            "target_service_accounts": [],
            "target_tags": [],
            "timeouts": null
          },
          "sensitive_attributes": [],
          "identity_schema_version": 1,
          "identity": {
            "name": "cdc-demo-allow-internal",
            "project": "kafka-2-bq-streaming-demo"
          },
          "private": "eyJlMmJmYjczMC1lY2FhLTExZTYtOGY4OC0zNDM2M2JjN2M0YzAiOnsiY3JlYXRlIjoxMjAwMDAwMDAwMDAwLCJkZWxldGUiOjEyMDAwMDAwMDAwMDAsInVwZGF0ZSI6MTIwMDAwMDAwMDAwMH0sInNjaGVtYV92ZXJzaW9uIjoiMSJ9",
          "dependencies": [
            "google_compute_network.vpc",
            "google_project_service.apis"
          ]
        }
      ]
    },
    {
      "mode": "managed",
      "type": "google_compute_global_address",
      "name": "psa_range",
      "provider": "provider[\"registry.terraform.io/hashicorp/google\"]",
      "instances": [
        {
          "schema_version": 0,
          "attributes": {
            "address": "10.232.128.0",
            "address_type": "INTERNAL",
            "creation_timestamp": "2026-08-27T01:58:13.219-07:00",
            "deletion_policy": "DELETE",
            "description": "Reserved IP range for Private Service Access (Cloud SQL)",
            "effective_labels": {
              "env": "demo",
              "goog-terraform-provisioned": "true",
              "managed_by": "terraform",
              "project": "cdc-pipeline-demo"
            },
            "id": "projects/kafka-2-bq-streaming-demo/global/addresses/cdc-demo-psa-range",
            "ip_version": "",
            "label_fingerprint": "4nFgAoi4fJk=",
            "labels": {
              "env": "demo",
              "managed_by": "terraform",
              "project": "cdc-pipeline-demo"
            },
            "name": "cdc-demo-psa-range",
            "network": "https://www.googleapis.com/compute/v1/projects/kafka-2-bq-streaming-demo/global/networks/cdc-demo-vpc",
            "prefix_length": 20,
            "project": "kafka-2-bq-streaming-demo",
            "purpose": "VPC_PEERING",
            "self_link": "https://www.googleapis.com/compute/v1/projects/kafka-2-bq-streaming-demo/global/addresses/cdc-demo-psa-range",
            "terraform_labels": {
              "env": "demo",
              "goog-terraform-provisioned": "true",
              "managed_by": "terraform",
              "project": "cdc-pipeline-demo"
            },
            "timeouts": null
          },
          "sensitive_attributes": [],
          "identity_schema_version": 1,
          "identity": {
            "name": "cdc-demo-psa-range",
            "project": "kafka-2-bq-streaming-demo"
          },
          "private": "eyJlMmJmYjczMC1lY2FhLTExZTYtOGY4OC0zNDM2M2JjN2M0YzAiOnsiY3JlYXRlIjoxMjAwMDAwMDAwMDAwLCJkZWxldGUiOjEyMDAwMDAwMDAwMDAsInVwZGF0ZSI6MTIwMDAwMDAwMDAwMH19",
          "dependencies": [
            "google_compute_network.vpc",
            "google_project_service.apis"
          ]
        }
      ]
    },
    {
      "mode": "managed",
      "type": "google_compute_network",
      "name": "vpc",
      "provider": "provider[\"registry.terraform.io/hashicorp/google\"]",
      "instances": [
        {
          "schema_version": 0,
          "attributes": {
            "auto_create_subnetworks": false,
            "bgp_always_compare_med": false,
            "bgp_best_path_selection_mode": "LEGACY",
            "bgp_inter_region_cost": "",
            "delete_bgp_always_compare_med": false,
            "delete_default_routes_on_create": false,
            "deletion_policy": "DELETE",
            "description": "Custom VPC for CDC streaming pipeline",
            "enable_ula_internal_ipv6": false,
            "gateway_ipv4": "",
            "id": "projects/kafka-2-bq-streaming-demo/global/networks/cdc-demo-vpc",
            "internal_ipv6_range": "",
            "mtu": 0,
            "name": "cdc-demo-vpc",
            "network_firewall_policy_enforcement_order": "AFTER_CLASSIC_FIREWALL",
            "network_id": "9148149935410135776",
            "network_profile": "",
            "numeric_id": "9148149935410135776",
            "params": [],
            "project": "kafka-2-bq-streaming-demo",
            "routing_mode": "REGIONAL",
            "self_link": "https://www.googleapis.com/compute/v1/projects/kafka-2-bq-streaming-demo/global/networks/cdc-demo-vpc",
            "timeouts": null
          },
          "sensitive_attributes": [],
          "identity_schema_version": 1,
          "identity": {
            "name": "cdc-demo-vpc",
            "project": "kafka-2-bq-streaming-demo"
          },
          "private": "eyJlMmJmYjczMC1lY2FhLTExZTYtOGY4OC0zNDM2M2JjN2M0YzAiOnsiY3JlYXRlIjoxMjAwMDAwMDAwMDAwLCJkZWxldGUiOjEyMDAwMDAwMDAwMDAsInVwZGF0ZSI6MTIwMDAwMDAwMDAwMH19",
          "dependencies": [
            "google_project_service.apis"
          ]
        }
      ]
    },
    {
      "mode": "managed",
      "type": "google_compute_subnetwork",
      "name": "subnet",
      "provider": "provider[\"registry.terraform.io/hashicorp/google\"]",
      "instances": [
        {
          "schema_version": 0,
          "attributes": {
            "allow_subnet_cidr_routes_overlap": false,
            "creation_timestamp": "2026-08-27T01:58:14.849-07:00",
            "deletion_policy": "DELETE",
            "description": "Primary subnet for CDC pipeline compute and managed services",
            "external_ipv6_prefix": "",
            "fingerprint": null,
            "gateway_address": "10.0.1.1",
            "id": "projects/kafka-2-bq-streaming-demo/regions/europe-west1/subnetworks/cdc-demo-subnet-europe-west1",
            "internal_ipv6_prefix": "",
            "ip_cidr_range": "10.0.1.0/24",
            "ip_collection": "",
            "ipv6_access_type": "",
            "ipv6_cidr_range": "",
            "ipv6_gce_endpoint": "",
            "log_config": [],
            "name": "cdc-demo-subnet-europe-west1",
            "network": "https://www.googleapis.com/compute/v1/projects/kafka-2-bq-streaming-demo/global/networks/cdc-demo-vpc",
            "params": [],
            "private_ip_google_access": true,
            "private_ipv6_google_access": "DISABLE_GOOGLE_ACCESS",
            "project": "kafka-2-bq-streaming-demo",
            "purpose": "PRIVATE",
            "region": "europe-west1",
            "reserved_internal_range": "",
            "resolve_subnet_mask": "",
            "role": "",
            "secondary_ip_range": [],
            "self_link": "https://www.googleapis.com/compute/v1/projects/kafka-2-bq-streaming-demo/regions/europe-west1/subnetworks/cdc-demo-subnet-europe-west1",
            "send_secondary_ip_range_if_empty": null,
            "stack_type": "IPV4_ONLY",
            "state": "",
            "subnetwork_id": -1272823095,
            "timeouts": null
          },
          "sensitive_attributes": [],
          "identity_schema_version": 1,
          "identity": {
            "name": "cdc-demo-subnet-europe-west1",
            "project": "kafka-2-bq-streaming-demo",
            "region": "europe-west1"
          },
          "private": "eyJlMmJmYjczMC1lY2FhLTExZTYtOGY4OC0zNDM2M2JjN2M0YzAiOnsiY3JlYXRlIjoxMjAwMDAwMDAwMDAwLCJkZWxldGUiOjEyMDAwMDAwMDAwMDAsInVwZGF0ZSI6MTIwMDAwMDAwMDAwMH19",
          "dependencies": [
            "google_compute_network.vpc",
            "google_project_service.apis"
          ]
        }
      ]
    },
    {
      "mode": "managed",
      "type": "google_managed_kafka_cluster",
      "name": "cluster",
      "provider": "provider[\"registry.terraform.io/hashicorp/google-beta\"]",
      "instances": [
        {
          "schema_version": 0,
          "attributes": {
            "broker_capacity_config": [],
            "capacity_config": [
              {
                "memory_bytes": "3221225472",
                "vcpu_count": "3"
              }
            ],
            "cluster_id": "cdc-demo-kafka",
            "create_time": "2026-08-27T10:15:33.374982200Z",
            "deletion_policy": "DELETE",
            "effective_labels": {
              "env": "demo",
              "goog-terraform-provisioned": "true",
              "managed_by": "terraform",
              "project": "cdc-pipeline-demo"
            },
            "gcp_config": [
              {
                "access_config": [
                  {
                    "network_configs": [
                      {
                        "subnet": "projects/kafka-2-bq-streaming-demo/regions/europe-west1/subnetworks/cdc-demo-subnet-europe-west1"
                      }
                    ]
                  }
                ],
                "kms_key": ""
              }
            ],
            "id": "projects/kafka-2-bq-streaming-demo/locations/europe-west1/clusters/cdc-demo-kafka",
            "labels": {
              "env": "demo",
              "managed_by": "terraform",
              "project": "cdc-pipeline-demo"
            },
            "location": "europe-west1",
            "name": "projects/kafka-2-bq-streaming-demo/locations/europe-west1/clusters/cdc-demo-kafka",
            "project": "kafka-2-bq-streaming-demo",
            "rebalance_config": [
              {
                "mode": "AUTO_REBALANCE_ON_SCALE_UP"
              }
            ],
            "state": "ACTIVE",
            "terraform_labels": {
              "env": "demo",
              "goog-terraform-provisioned": "true",
              "managed_by": "terraform",
              "project": "cdc-pipeline-demo"
            },
            "timeouts": {
              "create": "2h",
              "delete": "1h",
              "update": null
            },
            "tls_config": [
              {
                "ssl_principal_mapping_rules": "",
                "trust_config": [
                  {
                    "cas_configs": []
                  }
                ]
              }
            ],
            "update_time": "2026-08-27T11:53:36.300153946Z"
          },
          "sensitive_attributes": [],
          "identity_schema_version": 1,
          "identity": {
            "cluster_id": "cdc-demo-kafka",
            "location": "europe-west1",
            "project": "kafka-2-bq-streaming-demo"
          },
          "private": "eyJlMmJmYjczMC1lY2FhLTExZTYtOGY4OC0zNDM2M2JjN2M0YzAiOnsiY3JlYXRlIjo3MjAwMDAwMDAwMDAwLCJkZWxldGUiOjM2MDAwMDAwMDAwMDAsInVwZGF0ZSI6MTgwMDAwMDAwMDAwMH19",
          "dependencies": [
            "google_compute_network.vpc",
            "google_compute_subnetwork.subnet",
            "google_project_service.apis"
          ]
        }
      ]
    },
    {
      "mode": "managed",
      "type": "google_managed_kafka_topic",
      "name": "chinook",
      "provider": "provider[\"registry.terraform.io/hashicorp/google-beta\"]",
      "instances": [
        {
          "index_key": "album",
          "schema_version": 0,
          "attributes": {
            "cluster": "cdc-demo-kafka",
            "configs": {
              "cleanup.policy": "delete",
              "retention.ms": "604800000"
            },
            "deletion_policy": "DELETE",
            "id": "projects/kafka-2-bq-streaming-demo/locations/europe-west1/clusters/cdc-demo-kafka/topics/chinook.public.album",
            "location": "europe-west1",
            "name": "projects/kafka-2-bq-streaming-demo/locations/europe-west1/clusters/cdc-demo-kafka/topics/chinook.public.album",
            "partition_count": 1,
            "project": "kafka-2-bq-streaming-demo",
            "replication_factor": 3,
            "timeouts": null,
            "topic_id": "chinook.public.album"
          },
          "sensitive_attributes": [],
          "identity_schema_version": 1,
          "identity": {
            "cluster": "cdc-demo-kafka",
            "location": "europe-west1",
            "project": "kafka-2-bq-streaming-demo",
            "topic_id": "chinook.public.album"
          },
          "private": "eyJlMmJmYjczMC1lY2FhLTExZTYtOGY4OC0zNDM2M2JjN2M0YzAiOnsiY3JlYXRlIjoxMjAwMDAwMDAwMDAwLCJkZWxldGUiOjEyMDAwMDAwMDAwMDAsInVwZGF0ZSI6MTIwMDAwMDAwMDAwMH19",
          "dependencies": [
            "google_compute_network.vpc",
            "google_compute_subnetwork.subnet",
            "google_managed_kafka_cluster.cluster",
            "google_project_service.apis"
          ]
        },
        {
          "index_key": "artist",
          "schema_version": 0,
          "attributes": {
            "cluster": "cdc-demo-kafka",
            "configs": {
              "cleanup.policy": "delete",
              "retention.ms": "604800000"
            },
            "deletion_policy": "DELETE",
            "id": "projects/kafka-2-bq-streaming-demo/locations/europe-west1/clusters/cdc-demo-kafka/topics/chinook.public.artist",
            "location": "europe-west1",
            "name": "projects/kafka-2-bq-streaming-demo/locations/europe-west1/clusters/cdc-demo-kafka/topics/chinook.public.artist",
            "partition_count": 1,
            "project": "kafka-2-bq-streaming-demo",
            "replication_factor": 3,
            "timeouts": null,
            "topic_id": "chinook.public.artist"
          },
          "sensitive_attributes": [],
          "identity_schema_version": 1,
          "identity": {
            "cluster": "cdc-demo-kafka",
            "location": "europe-west1",
            "project": "kafka-2-bq-streaming-demo",
            "topic_id": "chinook.public.artist"
          },
          "private": "eyJlMmJmYjczMC1lY2FhLTExZTYtOGY4OC0zNDM2M2JjN2M0YzAiOnsiY3JlYXRlIjoxMjAwMDAwMDAwMDAwLCJkZWxldGUiOjEyMDAwMDAwMDAwMDAsInVwZGF0ZSI6MTIwMDAwMDAwMDAwMH19",
          "dependencies": [
            "google_compute_network.vpc",
            "google_compute_subnetwork.subnet",
            "google_managed_kafka_cluster.cluster",
            "google_project_service.apis"
          ]
        },
        {
          "index_key": "customer",
          "schema_version": 0,
          "attributes": {
            "cluster": "cdc-demo-kafka",
            "configs": {
              "cleanup.policy": "delete",
              "retention.ms": "604800000"
            },
            "deletion_policy": "DELETE",
            "id": "projects/kafka-2-bq-streaming-demo/locations/europe-west1/clusters/cdc-demo-kafka/topics/chinook.public.customer",
            "location": "europe-west1",
            "name": "projects/kafka-2-bq-streaming-demo/locations/europe-west1/clusters/cdc-demo-kafka/topics/chinook.public.customer",
            "partition_count": 1,
            "project": "kafka-2-bq-streaming-demo",
            "replication_factor": 3,
            "timeouts": null,
            "topic_id": "chinook.public.customer"
          },
          "sensitive_attributes": [],
          "identity_schema_version": 1,
          "identity": {
            "cluster": "cdc-demo-kafka",
            "location": "europe-west1",
            "project": "kafka-2-bq-streaming-demo",
            "topic_id": "chinook.public.customer"
          },
          "private": "eyJlMmJmYjczMC1lY2FhLTExZTYtOGY4OC0zNDM2M2JjN2M0YzAiOnsiY3JlYXRlIjoxMjAwMDAwMDAwMDAwLCJkZWxldGUiOjEyMDAwMDAwMDAwMDAsInVwZGF0ZSI6MTIwMDAwMDAwMDAwMH19",
          "dependencies": [
            "google_compute_network.vpc",
            "google_compute_subnetwork.subnet",
            "google_managed_kafka_cluster.cluster",
            "google_project_service.apis"
          ]
        },
        {
          "index_key": "employee",
          "schema_version": 0,
          "attributes": {
            "cluster": "cdc-demo-kafka",
            "configs": {
              "cleanup.policy": "delete",
              "retention.ms": "604800000"
            },
            "deletion_policy": "DELETE",
            "id": "projects/kafka-2-bq-streaming-demo/locations/europe-west1/clusters/cdc-demo-kafka/topics/chinook.public.employee",
            "location": "europe-west1",
            "name": "projects/kafka-2-bq-streaming-demo/locations/europe-west1/clusters/cdc-demo-kafka/topics/chinook.public.employee",
            "partition_count": 1,
            "project": "kafka-2-bq-streaming-demo",
            "replication_factor": 3,
            "timeouts": null,
            "topic_id": "chinook.public.employee"
          },
          "sensitive_attributes": [],
          "identity_schema_version": 1,
          "identity": {
            "cluster": "cdc-demo-kafka",
            "location": "europe-west1",
            "project": "kafka-2-bq-streaming-demo",
            "topic_id": "chinook.public.employee"
          },
          "private": "eyJlMmJmYjczMC1lY2FhLTExZTYtOGY4OC0zNDM2M2JjN2M0YzAiOnsiY3JlYXRlIjoxMjAwMDAwMDAwMDAwLCJkZWxldGUiOjEyMDAwMDAwMDAwMDAsInVwZGF0ZSI6MTIwMDAwMDAwMDAwMH19",
          "dependencies": [
            "google_compute_network.vpc",
            "google_compute_subnetwork.subnet",
            "google_managed_kafka_cluster.cluster",
            "google_project_service.apis"
          ]
        },
        {
          "index_key": "genre",
          "schema_version": 0,
          "attributes": {
            "cluster": "cdc-demo-kafka",
            "configs": {
              "cleanup.policy": "delete",
              "retention.ms": "604800000"
            },
            "deletion_policy": "DELETE",
            "id": "projects/kafka-2-bq-streaming-demo/locations/europe-west1/clusters/cdc-demo-kafka/topics/chinook.public.genre",
            "location": "europe-west1",
            "name": "projects/kafka-2-bq-streaming-demo/locations/europe-west1/clusters/cdc-demo-kafka/topics/chinook.public.genre",
            "partition_count": 1,
            "project": "kafka-2-bq-streaming-demo",
            "replication_factor": 3,
            "timeouts": null,
            "topic_id": "chinook.public.genre"
          },
          "sensitive_attributes": [],
          "identity_schema_version": 1,
          "identity": {
            "cluster": "cdc-demo-kafka",
            "location": "europe-west1",
            "project": "kafka-2-bq-streaming-demo",
            "topic_id": "chinook.public.genre"
          },
          "private": "eyJlMmJmYjczMC1lY2FhLTExZTYtOGY4OC0zNDM2M2JjN2M0YzAiOnsiY3JlYXRlIjoxMjAwMDAwMDAwMDAwLCJkZWxldGUiOjEyMDAwMDAwMDAwMDAsInVwZGF0ZSI6MTIwMDAwMDAwMDAwMH19",
          "dependencies": [
            "google_compute_network.vpc",
            "google_compute_subnetwork.subnet",
            "google_managed_kafka_cluster.cluster",
            "google_project_service.apis"
          ]
        },
        {
          "index_key": "invoice",
          "schema_version": 0,
          "attributes": {
            "cluster": "cdc-demo-kafka",
            "configs": {
              "cleanup.policy": "delete",
              "retention.ms": "604800000"
            },
            "deletion_policy": "DELETE",
            "id": "projects/kafka-2-bq-streaming-demo/locations/europe-west1/clusters/cdc-demo-kafka/topics/chinook.public.invoice",
            "location": "europe-west1",
            "name": "projects/kafka-2-bq-streaming-demo/locations/europe-west1/clusters/cdc-demo-kafka/topics/chinook.public.invoice",
            "partition_count": 1,
            "project": "kafka-2-bq-streaming-demo",
            "replication_factor": 3,
            "timeouts": null,
            "topic_id": "chinook.public.invoice"
          },
          "sensitive_attributes": [],
          "identity_schema_version": 1,
          "identity": {
            "cluster": "cdc-demo-kafka",
            "location": "europe-west1",
            "project": "kafka-2-bq-streaming-demo",
            "topic_id": "chinook.public.invoice"
          },
          "private": "eyJlMmJmYjczMC1lY2FhLTExZTYtOGY4OC0zNDM2M2JjN2M0YzAiOnsiY3JlYXRlIjoxMjAwMDAwMDAwMDAwLCJkZWxldGUiOjEyMDAwMDAwMDAwMDAsInVwZGF0ZSI6MTIwMDAwMDAwMDAwMH19",
          "dependencies": [
            "google_compute_network.vpc",
            "google_compute_subnetwork.subnet",
            "google_managed_kafka_cluster.cluster",
            "google_project_service.apis"
          ]
        },
        {
          "index_key": "invoice_line",
          "schema_version": 0,
          "attributes": {
            "cluster": "cdc-demo-kafka",
            "configs": {
              "cleanup.policy": "delete",
              "retention.ms": "604800000"
            },
            "deletion_policy": "DELETE",
            "id": "projects/kafka-2-bq-streaming-demo/locations/europe-west1/clusters/cdc-demo-kafka/topics/chinook.public.invoice_line",
            "location": "europe-west1",
            "name": "projects/kafka-2-bq-streaming-demo/locations/europe-west1/clusters/cdc-demo-kafka/topics/chinook.public.invoice_line",
            "partition_count": 1,
            "project": "kafka-2-bq-streaming-demo",
            "replication_factor": 3,
            "timeouts": null,
            "topic_id": "chinook.public.invoice_line"
          },
          "sensitive_attributes": [],
          "identity_schema_version": 1,
          "identity": {
            "cluster": "cdc-demo-kafka",
            "location": "europe-west1",
            "project": "kafka-2-bq-streaming-demo",
            "topic_id": "chinook.public.invoice_line"
          },
          "private": "eyJlMmJmYjczMC1lY2FhLTExZTYtOGY4OC0zNDM2M2JjN2M0YzAiOnsiY3JlYXRlIjoxMjAwMDAwMDAwMDAwLCJkZWxldGUiOjEyMDAwMDAwMDAwMDAsInVwZGF0ZSI6MTIwMDAwMDAwMDAwMH19",
          "dependencies": [
            "google_compute_network.vpc",
            "google_compute_subnetwork.subnet",
            "google_managed_kafka_cluster.cluster",
            "google_project_service.apis"
          ]
        },
        {
          "index_key": "media_type",
          "schema_version": 0,
          "attributes": {
            "cluster": "cdc-demo-kafka",
            "configs": {
              "cleanup.policy": "delete",
              "retention.ms": "604800000"
            },
            "deletion_policy": "DELETE",
            "id": "projects/kafka-2-bq-streaming-demo/locations/europe-west1/clusters/cdc-demo-kafka/topics/chinook.public.media_type",
            "location": "europe-west1",
            "name": "projects/kafka-2-bq-streaming-demo/locations/europe-west1/clusters/cdc-demo-kafka/topics/chinook.public.media_type",
            "partition_count": 1,
            "project": "kafka-2-bq-streaming-demo",
            "replication_factor": 3,
            "timeouts": null,
            "topic_id": "chinook.public.media_type"
          },
          "sensitive_attributes": [],
          "identity_schema_version": 1,
          "identity": {
            "cluster": "cdc-demo-kafka",
            "location": "europe-west1",
            "project": "kafka-2-bq-streaming-demo",
            "topic_id": "chinook.public.media_type"
          },
          "private": "eyJlMmJmYjczMC1lY2FhLTExZTYtOGY4OC0zNDM2M2JjN2M0YzAiOnsiY3JlYXRlIjoxMjAwMDAwMDAwMDAwLCJkZWxldGUiOjEyMDAwMDAwMDAwMDAsInVwZGF0ZSI6MTIwMDAwMDAwMDAwMH19",
          "dependencies": [
            "google_compute_network.vpc",
            "google_compute_subnetwork.subnet",
            "google_managed_kafka_cluster.cluster",
            "google_project_service.apis"
          ]
        },
        {
          "index_key": "playlist",
          "schema_version": 0,
          "attributes": {
            "cluster": "cdc-demo-kafka",
            "configs": {
              "cleanup.policy": "delete",
              "retention.ms": "604800000"
            },
            "deletion_policy": "DELETE",
            "id": "projects/kafka-2-bq-streaming-demo/locations/europe-west1/clusters/cdc-demo-kafka/topics/chinook.public.playlist",
            "location": "europe-west1",
            "name": "projects/kafka-2-bq-streaming-demo/locations/europe-west1/clusters/cdc-demo-kafka/topics/chinook.public.playlist",
            "partition_count": 1,
            "project": "kafka-2-bq-streaming-demo",
            "replication_factor": 3,
            "timeouts": null,
            "topic_id": "chinook.public.playlist"
          },
          "sensitive_attributes": [],
          "identity_schema_version": 1,
          "identity": {
            "cluster": "cdc-demo-kafka",
            "location": "europe-west1",
            "project": "kafka-2-bq-streaming-demo",
            "topic_id": "chinook.public.playlist"
          },
          "private": "eyJlMmJmYjczMC1lY2FhLTExZTYtOGY4OC0zNDM2M2JjN2M0YzAiOnsiY3JlYXRlIjoxMjAwMDAwMDAwMDAwLCJkZWxldGUiOjEyMDAwMDAwMDAwMDAsInVwZGF0ZSI6MTIwMDAwMDAwMDAwMH19",
          "dependencies": [
            "google_compute_network.vpc",
            "google_compute_subnetwork.subnet",
            "google_managed_kafka_cluster.cluster",
            "google_project_service.apis"
          ]
        },
        {
          "index_key": "playlist_track",
          "schema_version": 0,
          "attributes": {
            "cluster": "cdc-demo-kafka",
            "configs": {
              "cleanup.policy": "delete",
              "retention.ms": "604800000"
            },
            "deletion_policy": "DELETE",
            "id": "projects/kafka-2-bq-streaming-demo/locations/europe-west1/clusters/cdc-demo-kafka/topics/chinook.public.playlist_track",
            "location": "europe-west1",
            "name": "projects/kafka-2-bq-streaming-demo/locations/europe-west1/clusters/cdc-demo-kafka/topics/chinook.public.playlist_track",
            "partition_count": 1,
            "project": "kafka-2-bq-streaming-demo",
            "replication_factor": 3,
            "timeouts": null,
            "topic_id": "chinook.public.playlist_track"
          },
          "sensitive_attributes": [],
          "identity_schema_version": 1,
          "identity": {
            "cluster": "cdc-demo-kafka",
            "location": "europe-west1",
            "project": "kafka-2-bq-streaming-demo",
            "topic_id": "chinook.public.playlist_track"
          },
          "private": "eyJlMmJmYjczMC1lY2FhLTExZTYtOGY4OC0zNDM2M2JjN2M0YzAiOnsiY3JlYXRlIjoxMjAwMDAwMDAwMDAwLCJkZWxldGUiOjEyMDAwMDAwMDAwMDAsInVwZGF0ZSI6MTIwMDAwMDAwMDAwMH19",
          "dependencies": [
            "google_compute_network.vpc",
            "google_compute_subnetwork.subnet",
            "google_managed_kafka_cluster.cluster",
            "google_project_service.apis"
          ]
        },
        {
          "index_key": "track",
          "schema_version": 0,
          "attributes": {
            "cluster": "cdc-demo-kafka",
            "configs": {
              "cleanup.policy": "delete",
              "retention.ms": "604800000"
            },
            "deletion_policy": "DELETE",
            "id": "projects/kafka-2-bq-streaming-demo/locations/europe-west1/clusters/cdc-demo-kafka/topics/chinook.public.track",
            "location": "europe-west1",
            "name": "projects/kafka-2-bq-streaming-demo/locations/europe-west1/clusters/cdc-demo-kafka/topics/chinook.public.track",
            "partition_count": 1,
            "project": "kafka-2-bq-streaming-demo",
            "replication_factor": 3,
            "timeouts": null,
            "topic_id": "chinook.public.track"
          },
          "sensitive_attributes": [],
          "identity_schema_version": 1,
          "identity": {
            "cluster": "cdc-demo-kafka",
            "location": "europe-west1",
            "project": "kafka-2-bq-streaming-demo",
            "topic_id": "chinook.public.track"
          },
          "private": "eyJlMmJmYjczMC1lY2FhLTExZTYtOGY4OC0zNDM2M2JjN2M0YzAiOnsiY3JlYXRlIjoxMjAwMDAwMDAwMDAwLCJkZWxldGUiOjEyMDAwMDAwMDAwMDAsInVwZGF0ZSI6MTIwMDAwMDAwMDAwMH19",
          "dependencies": [
            "google_compute_network.vpc",
            "google_compute_subnetwork.subnet",
            "google_managed_kafka_cluster.cluster",
            "google_project_service.apis"
          ]
        }
      ]
    },
    {
      "mode": "managed",
      "type": "google_project_iam_member",
      "name": "kafka_connect_roles",
      "provider": "provider[\"registry.terraform.io/hashicorp/google\"]",
      "instances": [
        {
          "index_key": "roles/artifactregistry.reader",
          "schema_version": 0,
          "attributes": {
            "condition": [],
            "etag": "BwZaBb1D6rc=",
            "id": "kafka-2-bq-streaming-demo/roles/artifactregistry.reader/serviceAccount:cdc-demo-kafka-connect@kafka-2-bq-streaming-demo.iam.gserviceaccount.com",
            "member": "serviceAccount:cdc-demo-kafka-connect@kafka-2-bq-streaming-demo.iam.gserviceaccount.com",
            "project": "kafka-2-bq-streaming-demo",
            "role": "roles/artifactregistry.reader"
          },
          "sensitive_attributes": [],
          "identity_schema_version": 1,
          "identity": {
            "condition_title": null,
            "member": "serviceAccount:cdc-demo-kafka-connect@kafka-2-bq-streaming-demo.iam.gserviceaccount.com",
            "project": "kafka-2-bq-streaming-demo",
            "role": "roles/artifactregistry.reader"
          },
          "private": "bnVsbA==",
          "dependencies": [
            "google_project_service.apis",
            "google_service_account.kafka_connect"
          ]
        },
        {
          "index_key": "roles/bigquery.dataEditor",
          "schema_version": 0,
          "attributes": {
            "condition": [],
            "etag": "BwZaBb1D6rc=",
            "id": "kafka-2-bq-streaming-demo/roles/bigquery.dataEditor/serviceAccount:cdc-demo-kafka-connect@kafka-2-bq-streaming-demo.iam.gserviceaccount.com",
            "member": "serviceAccount:cdc-demo-kafka-connect@kafka-2-bq-streaming-demo.iam.gserviceaccount.com",
            "project": "kafka-2-bq-streaming-demo",
            "role": "roles/bigquery.dataEditor"
          },
          "sensitive_attributes": [],
          "identity_schema_version": 1,
          "identity": {
            "condition_title": null,
            "member": "serviceAccount:cdc-demo-kafka-connect@kafka-2-bq-streaming-demo.iam.gserviceaccount.com",
            "project": "kafka-2-bq-streaming-demo",
            "role": "roles/bigquery.dataEditor"
          },
          "private": "bnVsbA==",
          "dependencies": [
            "google_project_service.apis",
            "google_service_account.kafka_connect"
          ]
        },
        {
          "index_key": "roles/bigquery.jobUser",
          "schema_version": 0,
          "attributes": {
            "condition": [],
            "etag": "BwZaBb1D6rc=",
            "id": "kafka-2-bq-streaming-demo/roles/bigquery.jobUser/serviceAccount:cdc-demo-kafka-connect@kafka-2-bq-streaming-demo.iam.gserviceaccount.com",
            "member": "serviceAccount:cdc-demo-kafka-connect@kafka-2-bq-streaming-demo.iam.gserviceaccount.com",
            "project": "kafka-2-bq-streaming-demo",
            "role": "roles/bigquery.jobUser"
          },
          "sensitive_attributes": [],
          "identity_schema_version": 1,
          "identity": {
            "condition_title": null,
            "member": "serviceAccount:cdc-demo-kafka-connect@kafka-2-bq-streaming-demo.iam.gserviceaccount.com",
            "project": "kafka-2-bq-streaming-demo",
            "role": "roles/bigquery.jobUser"
          },
          "private": "bnVsbA==",
          "dependencies": [
            "google_project_service.apis",
            "google_service_account.kafka_connect"
          ]
        },
        {
          "index_key": "roles/cloudsql.client",
          "schema_version": 0,
          "attributes": {
            "condition": [],
            "etag": "BwZaBb1D6rc=",
            "id": "kafka-2-bq-streaming-demo/roles/cloudsql.client/serviceAccount:cdc-demo-kafka-connect@kafka-2-bq-streaming-demo.iam.gserviceaccount.com",
            "member": "serviceAccount:cdc-demo-kafka-connect@kafka-2-bq-streaming-demo.iam.gserviceaccount.com",
            "project": "kafka-2-bq-streaming-demo",
            "role": "roles/cloudsql.client"
          },
          "sensitive_attributes": [],
          "identity_schema_version": 1,
          "identity": {
            "condition_title": null,
            "member": "serviceAccount:cdc-demo-kafka-connect@kafka-2-bq-streaming-demo.iam.gserviceaccount.com",
            "project": "kafka-2-bq-streaming-demo",
            "role": "roles/cloudsql.client"
          },
          "private": "bnVsbA==",
          "dependencies": [
            "google_project_service.apis",
            "google_service_account.kafka_connect"
          ]
        },
        {
          "index_key": "roles/managedkafka.client",
          "schema_version": 0,
          "attributes": {
            "condition": [],
            "etag": "BwZaBb1D6rc=",
            "id": "kafka-2-bq-streaming-demo/roles/managedkafka.client/serviceAccount:cdc-demo-kafka-connect@kafka-2-bq-streaming-demo.iam.gserviceaccount.com",
            "member": "serviceAccount:cdc-demo-kafka-connect@kafka-2-bq-streaming-demo.iam.gserviceaccount.com",
            "project": "kafka-2-bq-streaming-demo",
            "role": "roles/managedkafka.client"
          },
          "sensitive_attributes": [],
          "identity_schema_version": 1,
          "identity": {
            "condition_title": null,
            "member": "serviceAccount:cdc-demo-kafka-connect@kafka-2-bq-streaming-demo.iam.gserviceaccount.com",
            "project": "kafka-2-bq-streaming-demo",
            "role": "roles/managedkafka.client"
          },
          "private": "bnVsbA==",
          "dependencies": [
            "google_project_service.apis",
            "google_service_account.kafka_connect"
          ]
        }
      ]
    },
    {
      "mode": "managed",
      "type": "google_project_service",
      "name": "apis",
      "provider": "provider[\"registry.terraform.io/hashicorp/google\"]",
      "instances": [
        {
          "index_key": "artifactregistry.googleapis.com",
          "schema_version": 0,
          "attributes": {
            "deletion_policy": "DELETE",
            "disable_dependent_services": false,
            "disable_on_destroy": false,
            "id": "kafka-2-bq-streaming-demo/artifactregistry.googleapis.com",
            "project": "kafka-2-bq-streaming-demo",
            "service": "artifactregistry.googleapis.com",
            "timeouts": null
          },
          "sensitive_attributes": [],
          "identity_schema_version": 1,
          "identity": {
            "project": "kafka-2-bq-streaming-demo",
            "service": "artifactregistry.googleapis.com"
          },
          "private": "eyJlMmJmYjczMC1lY2FhLTExZTYtOGY4OC0zNDM2M2JjN2M0YzAiOnsiY3JlYXRlIjoxMjAwMDAwMDAwMDAwLCJkZWxldGUiOjEyMDAwMDAwMDAwMDAsInJlYWQiOjYwMDAwMDAwMDAwMCwidXBkYXRlIjoxMjAwMDAwMDAwMDAwfX0="
        },
        {
          "index_key": "bigquery.googleapis.com",
          "schema_version": 0,
          "attributes": {
            "deletion_policy": "DELETE",
            "disable_dependent_services": false,
            "disable_on_destroy": false,
            "id": "kafka-2-bq-streaming-demo/bigquery.googleapis.com",
            "project": "kafka-2-bq-streaming-demo",
            "service": "bigquery.googleapis.com",
            "timeouts": null
          },
          "sensitive_attributes": [],
          "identity_schema_version": 1,
          "identity": {
            "project": "kafka-2-bq-streaming-demo",
            "service": "bigquery.googleapis.com"
          },
          "private": "eyJlMmJmYjczMC1lY2FhLTExZTYtOGY4OC0zNDM2M2JjN2M0YzAiOnsiY3JlYXRlIjoxMjAwMDAwMDAwMDAwLCJkZWxldGUiOjEyMDAwMDAwMDAwMDAsInJlYWQiOjYwMDAwMDAwMDAwMCwidXBkYXRlIjoxMjAwMDAwMDAwMDAwfX0="
        },
        {
          "index_key": "bigqueryconnection.googleapis.com",
          "schema_version": 0,
          "attributes": {
            "deletion_policy": "DELETE",
            "disable_dependent_services": false,
            "disable_on_destroy": false,
            "id": "kafka-2-bq-streaming-demo/bigqueryconnection.googleapis.com",
            "project": "kafka-2-bq-streaming-demo",
            "service": "bigqueryconnection.googleapis.com",
            "timeouts": null
          },
          "sensitive_attributes": [],
          "identity_schema_version": 1,
          "identity": {
            "project": "kafka-2-bq-streaming-demo",
            "service": "bigqueryconnection.googleapis.com"
          },
          "private": "eyJlMmJmYjczMC1lY2FhLTExZTYtOGY4OC0zNDM2M2JjN2M0YzAiOnsiY3JlYXRlIjoxMjAwMDAwMDAwMDAwLCJkZWxldGUiOjEyMDAwMDAwMDAwMDAsInJlYWQiOjYwMDAwMDAwMDAwMCwidXBkYXRlIjoxMjAwMDAwMDAwMDAwfX0="
        },
        {
          "index_key": "cloudbuild.googleapis.com",
          "schema_version": 0,
          "attributes": {
            "deletion_policy": "DELETE",
            "disable_dependent_services": false,
            "disable_on_destroy": false,
            "id": "kafka-2-bq-streaming-demo/cloudbuild.googleapis.com",
            "project": "kafka-2-bq-streaming-demo",
            "service": "cloudbuild.googleapis.com",
            "timeouts": null
          },
          "sensitive_attributes": [],
          "identity_schema_version": 1,
          "identity": {
            "project": "kafka-2-bq-streaming-demo",
            "service": "cloudbuild.googleapis.com"
          },
          "private": "eyJlMmJmYjczMC1lY2FhLTExZTYtOGY4OC0zNDM2M2JjN2M0YzAiOnsiY3JlYXRlIjoxMjAwMDAwMDAwMDAwLCJkZWxldGUiOjEyMDAwMDAwMDAwMDAsInJlYWQiOjYwMDAwMDAwMDAwMCwidXBkYXRlIjoxMjAwMDAwMDAwMDAwfX0="
        },
        {
          "index_key": "compute.googleapis.com",
          "schema_version": 0,
          "attributes": {
            "deletion_policy": "DELETE",
            "disable_dependent_services": false,
            "disable_on_destroy": false,
            "id": "kafka-2-bq-streaming-demo/compute.googleapis.com",
            "project": "kafka-2-bq-streaming-demo",
            "service": "compute.googleapis.com",
            "timeouts": null
          },
          "sensitive_attributes": [],
          "identity_schema_version": 1,
          "identity": {
            "project": "kafka-2-bq-streaming-demo",
            "service": "compute.googleapis.com"
          },
          "private": "eyJlMmJmYjczMC1lY2FhLTExZTYtOGY4OC0zNDM2M2JjN2M0YzAiOnsiY3JlYXRlIjoxMjAwMDAwMDAwMDAwLCJkZWxldGUiOjEyMDAwMDAwMDAwMDAsInJlYWQiOjYwMDAwMDAwMDAwMCwidXBkYXRlIjoxMjAwMDAwMDAwMDAwfX0="
        },
        {
          "index_key": "iam.googleapis.com",
          "schema_version": 0,
          "attributes": {
            "deletion_policy": "DELETE",
            "disable_dependent_services": false,
            "disable_on_destroy": false,
            "id": "kafka-2-bq-streaming-demo/iam.googleapis.com",
            "project": "kafka-2-bq-streaming-demo",
            "service": "iam.googleapis.com",
            "timeouts": null
          },
          "sensitive_attributes": [],
          "identity_schema_version": 1,
          "identity": {
            "project": "kafka-2-bq-streaming-demo",
            "service": "iam.googleapis.com"
          },
          "private": "eyJlMmJmYjczMC1lY2FhLTExZTYtOGY4OC0zNDM2M2JjN2M0YzAiOnsiY3JlYXRlIjoxMjAwMDAwMDAwMDAwLCJkZWxldGUiOjEyMDAwMDAwMDAwMDAsInJlYWQiOjYwMDAwMDAwMDAwMCwidXBkYXRlIjoxMjAwMDAwMDAwMDAwfX0="
        },
        {
          "index_key": "managedkafka.googleapis.com",
          "schema_version": 0,
          "attributes": {
            "deletion_policy": "DELETE",
            "disable_dependent_services": false,
            "disable_on_destroy": false,
            "id": "kafka-2-bq-streaming-demo/managedkafka.googleapis.com",
            "project": "kafka-2-bq-streaming-demo",
            "service": "managedkafka.googleapis.com",
            "timeouts": null
          },
          "sensitive_attributes": [],
          "identity_schema_version": 1,
          "identity": {
            "project": "kafka-2-bq-streaming-demo",
            "service": "managedkafka.googleapis.com"
          },
          "private": "eyJlMmJmYjczMC1lY2FhLTExZTYtOGY4OC0zNDM2M2JjN2M0YzAiOnsiY3JlYXRlIjoxMjAwMDAwMDAwMDAwLCJkZWxldGUiOjEyMDAwMDAwMDAwMDAsInJlYWQiOjYwMDAwMDAwMDAwMCwidXBkYXRlIjoxMjAwMDAwMDAwMDAwfX0="
        },
        {
          "index_key": "run.googleapis.com",
          "schema_version": 0,
          "attributes": {
            "deletion_policy": "DELETE",
            "disable_dependent_services": false,
            "disable_on_destroy": false,
            "id": "kafka-2-bq-streaming-demo/run.googleapis.com",
            "project": "kafka-2-bq-streaming-demo",
            "service": "run.googleapis.com",
            "timeouts": null
          },
          "sensitive_attributes": [],
          "identity_schema_version": 1,
          "identity": {
            "project": "kafka-2-bq-streaming-demo",
            "service": "run.googleapis.com"
          },
          "private": "eyJlMmJmYjczMC1lY2FhLTExZTYtOGY4OC0zNDM2M2JjN2M0YzAiOnsiY3JlYXRlIjoxMjAwMDAwMDAwMDAwLCJkZWxldGUiOjEyMDAwMDAwMDAwMDAsInJlYWQiOjYwMDAwMDAwMDAwMCwidXBkYXRlIjoxMjAwMDAwMDAwMDAwfX0="
        },
        {
          "index_key": "servicenetworking.googleapis.com",
          "schema_version": 0,
          "attributes": {
            "deletion_policy": "DELETE",
            "disable_dependent_services": false,
            "disable_on_destroy": false,
            "id": "kafka-2-bq-streaming-demo/servicenetworking.googleapis.com",
            "project": "kafka-2-bq-streaming-demo",
            "service": "servicenetworking.googleapis.com",
            "timeouts": null
          },
          "sensitive_attributes": [],
          "identity_schema_version": 1,
          "identity": {
            "project": "kafka-2-bq-streaming-demo",
            "service": "servicenetworking.googleapis.com"
          },
          "private": "eyJlMmJmYjczMC1lY2FhLTExZTYtOGY4OC0zNDM2M2JjN2M0YzAiOnsiY3JlYXRlIjoxMjAwMDAwMDAwMDAwLCJkZWxldGUiOjEyMDAwMDAwMDAwMDAsInJlYWQiOjYwMDAwMDAwMDAwMCwidXBkYXRlIjoxMjAwMDAwMDAwMDAwfX0="
        },
        {
          "index_key": "sqladmin.googleapis.com",
          "schema_version": 0,
          "attributes": {
            "deletion_policy": "DELETE",
            "disable_dependent_services": false,
            "disable_on_destroy": false,
            "id": "kafka-2-bq-streaming-demo/sqladmin.googleapis.com",
            "project": "kafka-2-bq-streaming-demo",
            "service": "sqladmin.googleapis.com",
            "timeouts": null
          },
          "sensitive_attributes": [],
          "identity_schema_version": 1,
          "identity": {
            "project": "kafka-2-bq-streaming-demo",
            "service": "sqladmin.googleapis.com"
          },
          "private": "eyJlMmJmYjczMC1lY2FhLTExZTYtOGY4OC0zNDM2M2JjN2M0YzAiOnsiY3JlYXRlIjoxMjAwMDAwMDAwMDAwLCJkZWxldGUiOjEyMDAwMDAwMDAwMDAsInJlYWQiOjYwMDAwMDAwMDAwMCwidXBkYXRlIjoxMjAwMDAwMDAwMDAwfX0="
        },
        {
          "index_key": "vpcaccess.googleapis.com",
          "schema_version": 0,
          "attributes": {
            "deletion_policy": "DELETE",
            "disable_dependent_services": false,
            "disable_on_destroy": false,
            "id": "kafka-2-bq-streaming-demo/vpcaccess.googleapis.com",
            "project": "kafka-2-bq-streaming-demo",
            "service": "vpcaccess.googleapis.com",
            "timeouts": null
          },
          "sensitive_attributes": [],
          "identity_schema_version": 1,
          "identity": {
            "project": "kafka-2-bq-streaming-demo",
            "service": "vpcaccess.googleapis.com"
          },
          "private": "eyJlMmJmYjczMC1lY2FhLTExZTYtOGY4OC0zNDM2M2JjN2M0YzAiOnsiY3JlYXRlIjoxMjAwMDAwMDAwMDAwLCJkZWxldGUiOjEyMDAwMDAwMDAwMDAsInJlYWQiOjYwMDAwMDAwMDAwMCwidXBkYXRlIjoxMjAwMDAwMDAwMDAwfX0="
        }
      ]
    },
    {
      "mode": "managed",
      "type": "google_service_account",
      "name": "kafka_connect",
      "provider": "provider[\"registry.terraform.io/hashicorp/google\"]",
      "instances": [
        {
          "schema_version": 0,
          "attributes": {
            "account_id": "cdc-demo-kafka-connect",
            "create_ignore_already_exists": null,
            "deletion_policy": "DELETE",
            "description": "Service account for Kafka Connect on Cloud Run — CDC ingestion and BigQuery sink",
            "disabled": false,
            "display_name": "Kafka Connect CDC Pipeline",
            "email": "cdc-demo-kafka-connect@kafka-2-bq-streaming-demo.iam.gserviceaccount.com",
            "id": "projects/kafka-2-bq-streaming-demo/serviceAccounts/cdc-demo-kafka-connect@kafka-2-bq-streaming-demo.iam.gserviceaccount.com",
            "member": "serviceAccount:cdc-demo-kafka-connect@kafka-2-bq-streaming-demo.iam.gserviceaccount.com",
            "name": "projects/kafka-2-bq-streaming-demo/serviceAccounts/cdc-demo-kafka-connect@kafka-2-bq-streaming-demo.iam.gserviceaccount.com",
            "project": "kafka-2-bq-streaming-demo",
            "timeouts": null,
            "unique_id": "101463572745264095373"
          },
          "sensitive_attributes": [],
          "identity_schema_version": 1,
          "identity": {
            "email": "cdc-demo-kafka-connect@kafka-2-bq-streaming-demo.iam.gserviceaccount.com",
            "project": "kafka-2-bq-streaming-demo"
          },
          "private": "eyJlMmJmYjczMC1lY2FhLTExZTYtOGY4OC0zNDM2M2JjN2M0YzAiOnsiY3JlYXRlIjozMDAwMDAwMDAwMDB9fQ==",
          "dependencies": [
            "google_project_service.apis"
          ]
        }
      ]
    },
    {
      "mode": "managed",
      "type": "google_service_networking_connection",
      "name": "psa",
      "provider": "provider[\"registry.terraform.io/hashicorp/google\"]",
      "instances": [
        {
          "schema_version": 0,
          "attributes": {
            "deletion_policy": "DELETE",
            "id": "projects%2Fkafka-2-bq-streaming-demo%2Fglobal%2Fnetworks%2Fcdc-demo-vpc:servicenetworking.googleapis.com",
            "network": "projects/kafka-2-bq-streaming-demo/global/networks/cdc-demo-vpc",
            "peering": "servicenetworking-googleapis-com",
            "reserved_peering_ranges": [
              "cdc-demo-psa-range"
            ],
            "service": "servicenetworking.googleapis.com",
            "timeouts": null,
            "update_on_creation_fail": null
          },
          "sensitive_attributes": [],
          "identity_schema_version": 0,
          "private": "eyJlMmJmYjczMC1lY2FhLTExZTYtOGY4OC0zNDM2M2JjN2M0YzAiOnsiY3JlYXRlIjo2MDAwMDAwMDAwMDAsImRlbGV0ZSI6NjAwMDAwMDAwMDAwLCJ1cGRhdGUiOjYwMDAwMDAwMDAwMH19",
          "dependencies": [
            "google_compute_global_address.psa_range",
            "google_compute_network.vpc",
            "google_project_service.apis"
          ]
        }
      ]
    },
    {
      "mode": "managed",
      "type": "google_sql_database",
      "name": "chinook",
      "provider": "provider[\"registry.terraform.io/hashicorp/google\"]",
      "instances": [
        {
          "schema_version": 0,
          "attributes": {
            "charset": "UTF8",
            "collation": "en_US.UTF8",
            "deletion_policy": "DELETE",
            "id": "projects/kafka-2-bq-streaming-demo/instances/cdc-demo-pg-5767f555/databases/chinook",
            "instance": "cdc-demo-pg-5767f555",
            "name": "chinook",
            "project": "kafka-2-bq-streaming-demo",
            "self_link": "https://sqladmin.googleapis.com/sql/v1beta4/projects/kafka-2-bq-streaming-demo/instances/cdc-demo-pg-5767f555/databases/chinook",
            "timeouts": null
          },
          "sensitive_attributes": [],
          "identity_schema_version": 1,
          "identity": {
            "instance": "cdc-demo-pg-5767f555",
            "name": "chinook",
            "project": "kafka-2-bq-streaming-demo"
          },
          "private": "eyJlMmJmYjczMC1lY2FhLTExZTYtOGY4OC0zNDM2M2JjN2M0YzAiOnsiY3JlYXRlIjoxMjAwMDAwMDAwMDAwLCJkZWxldGUiOjEyMDAwMDAwMDAwMDAsInVwZGF0ZSI6MTIwMDAwMDAwMDAwMH19",
          "dependencies": [
            "google_compute_global_address.psa_range",
            "google_compute_network.vpc",
            "google_project_service.apis",
            "google_service_networking_connection.psa",
            "google_sql_database_instance.postgres",
            "random_id.db_suffix"
          ]
        }
      ]
    },
    {
      "mode": "managed",
      "type": "google_sql_database_instance",
      "name": "postgres",
      "provider": "provider[\"registry.terraform.io/hashicorp/google\"]",
      "instances": [
        {
          "schema_version": 0,
          "attributes": {
            "available_maintenance_versions": [],
            "backupdr_backup": null,
            "clone": [],
            "connection_name": "kafka-2-bq-streaming-demo:europe-west1:cdc-demo-pg-5767f555",
            "database_version": "POSTGRES_15",
            "deletion_policy": "DELETE",
            "deletion_protection": false,
            "dns_name": "",
            "dns_names": [],
            "encryption_key_name": null,
            "enforce_new_sql_network_architecture": true,
            "final_backup_description": null,
            "first_ip_address": "10.232.128.3",
            "id": "cdc-demo-pg-5767f555",
            "include_replicas_for_major_version_upgrade": null,
            "instance_type": "CLOUD_SQL_INSTANCE",
            "ip_address": [
              {
                "ip_address": "10.232.128.3",
                "time_to_retire": "",
                "type": "PRIVATE"
              }
            ],
            "maintenance_version": "POSTGRES_15_18.R20260712.01_06",
            "master_instance_name": "",
            "name": "cdc-demo-pg-5767f555",
            "node_count": 0,
            "point_in_time_restore_context": [],
            "private_ip_address": "10.232.128.3",
            "project": "kafka-2-bq-streaming-demo",
            "psc_service_attachment_link": "",
            "public_ip_address": "",
            "region": "europe-west1",
            "replica_configuration": [],
            "replica_names": [],
            "replication_cluster": [
              {
                "dr_replica": false,
                "failover_dr_replica_name": "",
                "psa_write_endpoint": ""
              }
            ],
            "restore_backup_context": [],
            "root_password": null,
            "root_password_wo": null,
            "root_password_wo_version": null,
            "self_link": "https://sqladmin.googleapis.com/sql/v1beta4/projects/kafka-2-bq-streaming-demo/instances/cdc-demo-pg-5767f555",
            "server_ca_cert": [
              {
                "cert": "-----BEGIN CERTIFICATE-----\nMIIDcTCCAlmgAwIBAgIBADANBgkqhkiG9w0BAQsFADBwMS0wKwYDVQQuEyRlOGFi\nMzllMC1hZDU3LTQyNjAtODU1ZS1lMTMyZTAxOWJiOGIxHDAaBgNVBAMTE0Nsb3Vk\nIFNRTCBTZXJ2ZXIgQ0ExFDASBgNVBAoTC0dvb2dsZSwgSW5jMQswCQYDVQQGEwJV\nUzAeFw0yNjA4MjcwOTE1MDVaFw0zNjA4MjQwOTE2MDVaMHAxLTArBgNVBC4TJGU4\nYWIzOWUwLWFkNTctNDI2MC04NTVlLWUxMzJlMDE5YmI4YjEcMBoGA1UEAxMTQ2xv\ndWQgU1FMIFNlcnZlciBDQTEUMBIGA1UEChMLR29vZ2xlLCBJbmMxCzAJBgNVBAYT\nAlVTMIIBIjANBgkqhkiG9w0BAQEFAAOCAQ8AMIIBCgKCAQEA3/AxPxPx9IPLDqfK\niBeTxr07IWT8gj60qdmSNWZw/FwAk02JfkQMFlXkIGLnqo9/GkM/oU82y4BtAtvq\nhOOhLfDyA7TWeFa5luAS14SRQiTcYcarKg0h7n4FEZTGg2+iR+Bl+JuqwUxAazHV\nsrBjcVGIfJYLxqiUgvrQMZADpr8kHY0qpPTSnvGFH2wJFtvISa/vAJi6b/RtfOQo\nRPKSt08mrzE5PFJzxvE0F2lGgFAMv8rSEJhNQo9ylrhb8XFgztYZ69KQ7pJ0FTER\n+n4vtP+vIBHKoG1+Bv9JWnWNptzIIPyU/aAUyAbYWbOSc0F0gJG8MTi1XRiJrp2l\nbDjHywIDAQABoxYwFDASBgNVHRMBAf8ECDAGAQH/AgEAMA0GCSqGSIb3DQEBCwUA\nA4IBAQBkSy7lFIqu6VkOB/OZmuey/ly7UKSIzahFBl64C8vdWsOsV+ARCRDIIyWu\nnMgL4rBYBd7iUtcuWWH8NnSJjZ0qAzj4qo5GZGZ/8XWyB0nC88i3HTQxUEtmUd6a\nkciL+HZAvhMxebyG7n4ExfN3iZNNplC36+/65j9BO6VP/FF4ynK1TF7n5200IhKp\njtmOzNWVvn8XY9by8W8jVxHb8bjF9SPCefldoOTsaEoiWqRe1o+BXYqMFvRmsHxo\nGbbqM0bzeEpQ6nmvco8sbcWqX0uLNACnBs0+rnum0xFPoBX306b/PBWynmsWG+Qs\nnIGpT1DdB3BTqA8mnRGimxMQBVO7\n-----END CERTIFICATE-----",
                "common_name": "C=US,O=Google\\, Inc,CN=Cloud SQL Server CA,dnQualifier=e8ab39e0-ad57-4260-855e-e132e019bb8b",
                "create_time": "2026-08-27T09:15:05.034Z",
                "expiration_time": "2036-08-24T09:16:05.034Z",
                "sha1_fingerprint": "a93d7dfda9cf3d867500bcd1be823a90b9c549fd"
              }
            ],
            "service_account_email_address": "p853941188720-4xbevp@gcp-sa-cloud-sql.iam.gserviceaccount.com",
            "settings": [
              {
                "activation_policy": "ALWAYS",
                "active_directory_config": [],
                "advanced_machine_features": [],
                "auto_upgrade_enabled": false,
                "availability_type": "ZONAL",
                "backup_configuration": [
                  {
                    "backup_retention_settings": [
                      {
                        "retained_backups": 7,
                        "retention_unit": "COUNT"
                      }
                    ],
                    "backup_tier": "STANDARD",
                    "binary_log_enabled": false,
                    "enabled": false,
                    "location": "",
                    "point_in_time_recovery_enabled": false,
                    "start_time": "04:00",
                    "transaction_log_retention_days": 7
                  }
                ],
                "collation": "",
                "connection_pool_config": [],
                "connector_enforcement": "NOT_REQUIRED",
                "data_api_access": "",
                "data_cache_config": [
                  {
                    "data_cache_enabled": false
                  }
                ],
                "data_disk_provisioned_iops": 0,
                "data_disk_provisioned_throughput": 0,
                "database_flags": [
                  {
                    "name": "cloudsql.logical_decoding",
                    "value": "on"
                  },
                  {
                    "name": "max_replication_slots",
                    "value": "10"
                  }
                ],
                "deletion_protection_enabled": false,
                "deny_maintenance_period": [],
                "disk_autoresize": false,
                "disk_autoresize_limit": 0,
                "disk_size": 10,
                "disk_type": "PD_SSD",
                "edition": "ENTERPRISE",
                "effective_availability_type": "ZONAL",
                "enable_dataplex_integration": false,
                "enable_google_ml_integration": false,
                "entraid_config": [],
                "final_backup_config": [],
                "insights_config": [],
                "ip_configuration": [
                  {
                    "allocated_ip_range": "cdc-demo-psa-range",
                    "authorized_networks": [],
                    "custom_subject_alternative_names": [],
                    "enable_private_path_for_google_cloud_services": true,
                    "ipv4_enabled": false,
                    "private_network": "projects/kafka-2-bq-streaming-demo/global/networks/cdc-demo-vpc",
                    "psc_config": [],
                    "server_ca_mode": "GOOGLE_MANAGED_INTERNAL_CA",
                    "server_ca_pool": "",
                    "server_certificate_rotation_mode": "SERVER_CERTIFICATE_ROTATION_MODE_UNSPECIFIED",
                    "ssl_mode": "ALLOW_UNENCRYPTED_AND_ENCRYPTED"
                  }
                ],
                "location_preference": [
                  {
                    "follow_gae_application": "",
                    "secondary_zone": "",
                    "zone": "europe-west1-d"
                  }
                ],
                "maintenance_window": [],
                "password_validation_policy": [],
                "pricing_plan": "PER_USE",
                "read_pool_auto_scale_config": [
                  {
                    "disable_scale_in": false,
                    "enabled": false,
                    "max_node_count": 0,
                    "min_node_count": 0,
                    "scale_in_cooldown_seconds": 0,
                    "scale_out_cooldown_seconds": 0,
                    "target_metrics": []
                  }
                ],
                "replication_lag_max_seconds": 31536000,
                "retain_backups_on_delete": false,
                "sql_server_audit_config": [],
                "tier": "db-f1-micro",
                "time_zone": "",
                "user_labels": {
                  "env": "demo",
                  "managed_by": "terraform",
                  "project": "cdc-pipeline-demo"
                },
                "version": 4
              }
            ],
            "switch_transaction_logs_to_cloud_storage_enabled": null,
            "timeouts": null
          },
          "sensitive_attributes": [
            [
              {
                "type": "get_attr",
                "value": "root_password"
              }
            ],
            [
              {
                "type": "get_attr",
                "value": "server_ca_cert"
              }
            ]
          ],
          "identity_schema_version": 0,
          "private": "eyJlMmJmYjczMC1lY2FhLTExZTYtOGY4OC0zNDM2M2JjN2M0YzAiOnsiY3JlYXRlIjo1NDAwMDAwMDAwMDAwLCJkZWxldGUiOjU0MDAwMDAwMDAwMDAsInVwZGF0ZSI6NTQwMDAwMDAwMDAwMH19",
          "dependencies": [
            "google_compute_global_address.psa_range",
            "google_compute_network.vpc",
            "google_project_service.apis",
            "google_service_networking_connection.psa",
            "random_id.db_suffix"
          ]
        }
      ]
    },
    {
      "mode": "managed",
      "type": "google_sql_user",
      "name": "admin",
      "provider": "provider[\"registry.terraform.io/hashicorp/google\"]",
      "instances": [
        {
          "schema_version": 1,
          "attributes": {
            "database_roles": null,
            "deletion_policy": "ABANDON",
            "host": "",
            "iam_email": "",
            "id": "admin//cdc-demo-pg-5767f555",
            "instance": "cdc-demo-pg-5767f555",
            "name": "admin",
            "password": "F8DQWoN2FKYhIeJBBTpaumAc",
            "password_policy": [],
            "password_wo": null,
            "password_wo_version": null,
            "project": "kafka-2-bq-streaming-demo",
            "sql_server_user_details": [],
            "timeouts": null,
            "type": ""
          },
          "sensitive_attributes": [
            [
              {
                "type": "get_attr",
                "value": "password"
              }
            ]
          ],
          "identity_schema_version": 1,
          "identity": {
            "host": "",
            "instance": "cdc-demo-pg-5767f555",
            "name": "admin",
            "project": "kafka-2-bq-streaming-demo"
          },
          "private": "eyJlMmJmYjczMC1lY2FhLTExZTYtOGY4OC0zNDM2M2JjN2M0YzAiOnsiY3JlYXRlIjo2MDAwMDAwMDAwMDAsImRlbGV0ZSI6NjAwMDAwMDAwMDAwLCJ1cGRhdGUiOjYwMDAwMDAwMDAwMH0sInNjaGVtYV92ZXJzaW9uIjoiMSJ9",
          "dependencies": [
            "google_compute_global_address.psa_range",
            "google_compute_network.vpc",
            "google_project_service.apis",
            "google_service_networking_connection.psa",
            "google_sql_database_instance.postgres",
            "random_id.db_suffix",
            "random_password.db_admin_password"
          ]
        }
      ]
    },
    {
      "mode": "managed",
      "type": "google_storage_bucket",
      "name": "iceberg_data",
      "provider": "provider[\"registry.terraform.io/hashicorp/google\"]",
      "instances": [
        {
          "schema_version": 4,
          "attributes": {
            "autoclass": [],
            "cors": [],
            "custom_placement_config": [],
            "default_event_based_hold": false,
            "deletion_policy": "DELETE",
            "effective_labels": {
              "env": "demo",
              "goog-terraform-provisioned": "true",
              "managed_by": "terraform",
              "project": "cdc-pipeline-demo"
            },
            "enable_object_retention": false,
            "encryption": [],
            "force_destroy": true,
            "hierarchical_namespace": [
              {
                "enabled": false
              }
            ],
            "id": "kafka-2-bq-streaming-demo-iceberg-gold",
            "ip_filter": [],
            "labels": {
              "env": "demo",
              "managed_by": "terraform",
              "project": "cdc-pipeline-demo"
            },
            "lifecycle_rule": [],
            "location": "EUROPE-WEST1",
            "logging": [],
            "name": "kafka-2-bq-streaming-demo-iceberg-gold",
            "project": "kafka-2-bq-streaming-demo",
            "project_number": -757303184,
            "public_access_prevention": "inherited",
            "requester_pays": false,
            "retention_policy": [],
            "rpo": null,
            "self_link": "https://www.googleapis.com/storage/v1/b/kafka-2-bq-streaming-demo-iceberg-gold",
            "soft_delete_policy": [
              {
                "effective_time": "2026-08-27T11:35:52.388Z",
                "retention_duration_seconds": 604800
              }
            ],
            "storage_class": "STANDARD",
            "terraform_labels": {
              "env": "demo",
              "goog-terraform-provisioned": "true",
              "managed_by": "terraform",
              "project": "cdc-pipeline-demo"
            },
            "time_created": "2026-08-27T11:35:52.388Z",
            "timeouts": null,
            "uniform_bucket_level_access": true,
            "updated": "2026-08-27T11:35:53.556Z",
            "url": "gs://kafka-2-bq-streaming-demo-iceberg-gold",
            "versioning": [],
            "website": []
          },
          "sensitive_attributes": [],
          "identity_schema_version": 1,
          "identity": {
            "name": "kafka-2-bq-streaming-demo-iceberg-gold",
            "project": "kafka-2-bq-streaming-demo"
          },
          "private": "eyJlMmJmYjczMC1lY2FhLTExZTYtOGY4OC0zNDM2M2JjN2M0YzAiOnsiY3JlYXRlIjo2MDAwMDAwMDAwMDAsInJlYWQiOjI0MDAwMDAwMDAwMCwidXBkYXRlIjoyNDAwMDAwMDAwMDB9LCJzY2hlbWFfdmVyc2lvbiI6IjQifQ==",
          "dependencies": [
            "google_project_service.apis"
          ]
        }
      ]
    },
    {
      "mode": "managed",
      "type": "google_storage_bucket_iam_member",
      "name": "iceberg_connection",
      "provider": "provider[\"registry.terraform.io/hashicorp/google\"]",
      "instances": [
        {
          "schema_version": 0,
          "attributes": {
            "bucket": "b/kafka-2-bq-streaming-demo-iceberg-gold",
            "condition": [],
            "etag": "CAI=",
            "id": "b/kafka-2-bq-streaming-demo-iceberg-gold/roles/storage.objectAdmin/serviceAccount:bqcx-853941188720-y0cp@gcp-sa-bigquery-condel.iam.gserviceaccount.com",
            "member": "serviceAccount:bqcx-853941188720-y0cp@gcp-sa-bigquery-condel.iam.gserviceaccount.com",
            "role": "roles/storage.objectAdmin",
            "timeouts": null
          },
          "sensitive_attributes": [],
          "identity_schema_version": 0,
          "private": "eyJlMmJmYjczMC1lY2FhLTExZTYtOGY4OC0zNDM2M2JjN2M0YzAiOnsiY3JlYXRlIjoxMjAwMDAwMDAwMDAwfX0=",
          "dependencies": [
            "google_bigquery_connection.iceberg",
            "google_project_service.apis",
            "google_storage_bucket.iceberg_data"
          ]
        }
      ]
    },
    {
      "mode": "managed",
      "type": "google_vpc_access_connector",
      "name": "connector",
      "provider": "provider[\"registry.terraform.io/hashicorp/google\"]",
      "instances": [
        {
          "schema_version": 0,
          "attributes": {
            "connected_projects": [],
            "deletion_policy": "DELETE",
            "id": "projects/kafka-2-bq-streaming-demo/locations/europe-west1/connectors/cdc-demo-vpc-connector",
            "ip_cidr_range": "10.8.0.0/28",
            "machine_type": "e2-micro",
            "max_instances": 3,
            "max_throughput": 300,
            "min_instances": 2,
            "min_throughput": 200,
            "name": "cdc-demo-vpc-connector",
            "network": "cdc-demo-vpc",
            "project": "kafka-2-bq-streaming-demo",
            "region": "europe-west1",
            "self_link": "projects/kafka-2-bq-streaming-demo/locations/europe-west1/connectors/cdc-demo-vpc-connector",
            "state": "READY",
            "subnet": [],
            "timeouts": null
          },
          "sensitive_attributes": [],
          "identity_schema_version": 1,
          "identity": {
            "name": "cdc-demo-vpc-connector",
            "project": "kafka-2-bq-streaming-demo",
            "region": "europe-west1"
          },
          "private": "eyJlMmJmYjczMC1lY2FhLTExZTYtOGY4OC0zNDM2M2JjN2M0YzAiOnsiY3JlYXRlIjoxMjAwMDAwMDAwMDAwLCJkZWxldGUiOjEyMDAwMDAwMDAwMDAsInVwZGF0ZSI6MTIwMDAwMDAwMDAwMH19",
          "dependencies": [
            "google_compute_network.vpc",
            "google_project_service.apis"
          ]
        }
      ]
    },
    {
      "mode": "managed",
      "type": "random_id",
      "name": "db_suffix",
      "provider": "provider[\"registry.terraform.io/hashicorp/random\"]",
      "instances": [
        {
          "schema_version": 0,
          "attributes": {
            "b64_std": "V2f1VQ==",
            "b64_url": "V2f1VQ",
            "byte_length": 4,
            "dec": "1466430805",
            "hex": "5767f555",
            "id": "V2f1VQ",
            "keepers": null,
            "prefix": null
          },
          "sensitive_attributes": [],
          "identity_schema_version": 0
        }
      ]
    },
    {
      "mode": "managed",
      "type": "random_password",
      "name": "db_admin_password",
      "provider": "provider[\"registry.terraform.io/hashicorp/random\"]",
      "instances": [
        {
          "schema_version": 3,
          "attributes": {
            "bcrypt_hash": "$2a$10$0H1e.ts6.xyH6LfHrZD3jeGyR3o53VdI78O4jLgqm1V9.Z5NoETyC",
            "id": "none",
            "keepers": null,
            "length": 24,
            "lower": true,
            "min_lower": 0,
            "min_numeric": 0,
            "min_special": 0,
            "min_upper": 0,
            "number": true,
            "numeric": true,
            "override_special": null,
            "result": "F8DQWoN2FKYhIeJBBTpaumAc",
            "special": false,
            "upper": true
          },
          "sensitive_attributes": [
            [
              {
                "type": "get_attr",
                "value": "bcrypt_hash"
              }
            ],
            [
              {
                "type": "get_attr",
                "value": "result"
              }
            ]
          ],
          "identity_schema_version": 0
        }
      ]
    },
    {
      "mode": "managed",
      "type": "random_password",
      "name": "db_repl_password",
      "provider": "provider[\"registry.terraform.io/hashicorp/random\"]",
      "instances": [
        {
          "schema_version": 3,
          "attributes": {
            "bcrypt_hash": "$2a$10$3ZZ/IvY2nBx9O0r357Xp4OtLofUAEz6/8NulKXd63MKOMMs.oKkCu",
            "id": "none",
            "keepers": null,
            "length": 24,
            "lower": true,
            "min_lower": 0,
            "min_numeric": 0,
            "min_special": 0,
            "min_upper": 0,
            "number": true,
            "numeric": true,
            "override_special": null,
            "result": "YMRytsgz8i1NZurKpw75HJaD",
            "special": false,
            "upper": true
          },
          "sensitive_attributes": [
            [
              {
                "type": "get_attr",
                "value": "bcrypt_hash"
              }
            ],
            [
              {
                "type": "get_attr",
                "value": "result"
              }
            ]
          ],
          "identity_schema_version": 0
        }
      ]
    }
  ],
  "check_results": [
    {
      "object_kind": "var",
      "config_addr": "var.project_id",
      "status": "pass",
      "objects": [
        {
          "object_addr": "var.project_id",
          "status": "pass"
        }
      ]
    },
    {
      "object_kind": "var",
      "config_addr": "var.name_prefix",
      "status": "pass",
      "objects": [
        {
          "object_addr": "var.name_prefix",
          "status": "pass"
        }
      ]
    }
  ]
}
